// !$*UTF8*$!
{
	archiveVersion = 1;
	classes = {
	};
	objectVersion = 46;
	objects = {

/* Begin PBXBuildFile section */
		B40C723215A88072005A8EC7 /* DataModelCostumeTests.m in Sources */ = {isa = PBXBuildFile; fileRef = B40C723115A88072005A8EC7 /* DataModelCostumeTests.m */; };
		B40C723515A88687005A8EC7 /* CoreGraphics.framework in Frameworks */ = {isa = PBXBuildFile; fileRef = B4FDF32215A82C1000CBCF03 /* CoreGraphics.framework */; };
		B40C723A15A88AF6005A8EC7 /* DataModelSpriteTests.m in Sources */ = {isa = PBXBuildFile; fileRef = B40C723915A88AF6005A8EC7 /* DataModelSpriteTests.m */; };
		B40C723B15A88DFD005A8EC7 /* GLKit.framework in Frameworks */ = {isa = PBXBuildFile; fileRef = B4FDF32415A82C1000CBCF03 /* GLKit.framework */; };
		B40C723F15A88E9E005A8EC7 /* kittycat.png in Resources */ = {isa = PBXBuildFile; fileRef = B40C723E15A88E9E005A8EC7 /* kittycat.png */; };
		B412ACF416133D5C0056B146 /* PlaySoundBrick.m in Sources */ = {isa = PBXBuildFile; fileRef = B412ACF216133D5C0056B146 /* PlaySoundBrick.m */; };
		B412ACF516133D5C0056B146 /* PlaySoundBrick.m in Sources */ = {isa = PBXBuildFile; fileRef = B412ACF216133D5C0056B146 /* PlaySoundBrick.m */; };
		B412ACFA16133D7B0056B146 /* StopAllSoundsBrick.m in Sources */ = {isa = PBXBuildFile; fileRef = B412ACF916133D7B0056B146 /* StopAllSoundsBrick.m */; };
		B412ACFB16133D7B0056B146 /* StopAllSoundsBrick.m in Sources */ = {isa = PBXBuildFile; fileRef = B412ACF916133D7B0056B146 /* StopAllSoundsBrick.m */; };
		B412ACFE16133F2B0056B146 /* AVFoundation.framework in Frameworks */ = {isa = PBXBuildFile; fileRef = B412ACFD16133F2B0056B146 /* AVFoundation.framework */; settings = {ATTRIBUTES = (Required, ); }; };
		B412AD08161342240056B146 /* AVFoundation.framework in Frameworks */ = {isa = PBXBuildFile; fileRef = B412ACFD16133F2B0056B146 /* AVFoundation.framework */; };
		B415DC3915B9F8540076275E /* Util.m in Sources */ = {isa = PBXBuildFile; fileRef = B415DC3815B9F8540076275E /* Util.m */; };
		B415DC3B15BAB86B0076275E /* defaultProject.xml in Resources */ = {isa = PBXBuildFile; fileRef = B415DC3A15BAB86B0076275E /* defaultProject.xml */; };
		B415DC3C15BAB86B0076275E /* defaultProject.xml in Resources */ = {isa = PBXBuildFile; fileRef = B415DC3A15BAB86B0076275E /* defaultProject.xml */; };
		B415DC4515BAE3CF0076275E /* projectcode.xml in Resources */ = {isa = PBXBuildFile; fileRef = B415DC4415BAE3CF0076275E /* projectcode.xml */; };
		B415DC4615BAE3CF0076275E /* projectcode.xml in Resources */ = {isa = PBXBuildFile; fileRef = B415DC4415BAE3CF0076275E /* projectcode.xml */; };
		B419691A16144E8A00AFC8C8 /* DataModelBricksTest.m in Sources */ = {isa = PBXBuildFile; fileRef = B419691916144E8A00AFC8C8 /* DataModelBricksTest.m */; };
		B419691E1614530200AFC8C8 /* SetVolumeToBrick.m in Sources */ = {isa = PBXBuildFile; fileRef = B419691D1614530200AFC8C8 /* SetVolumeToBrick.m */; };
		B419691F1614530200AFC8C8 /* SetVolumeToBrick.m in Sources */ = {isa = PBXBuildFile; fileRef = B419691D1614530200AFC8C8 /* SetVolumeToBrick.m */; };
		B419692216147CD100AFC8C8 /* ChangeVolumeByBrick.m in Sources */ = {isa = PBXBuildFile; fileRef = B419692116147CD100AFC8C8 /* ChangeVolumeByBrick.m */; };
		B419692316147CD100AFC8C8 /* ChangeVolumeByBrick.m in Sources */ = {isa = PBXBuildFile; fileRef = B419692116147CD100AFC8C8 /* ChangeVolumeByBrick.m */; };
		B438FC8D16108E5200D6B911 /* FeaturedProjectsViewController.m in Sources */ = {isa = PBXBuildFile; fileRef = B438FC8C16108E5200D6B911 /* FeaturedProjectsViewController.m */; };
		B43CF2381608E0A000E19CF3 /* RecentProjectsViewController.m in Sources */ = {isa = PBXBuildFile; fileRef = B43CF2371608E0A000E19CF3 /* RecentProjectsViewController.m */; };
		B43CF23C1609926D00E19CF3 /* RootViewController.m in Sources */ = {isa = PBXBuildFile; fileRef = B43CF23B1609926D00E19CF3 /* RootViewController.m */; };
		B43CF2941609B4E700E19CF3 /* ioapi.c in Sources */ = {isa = PBXBuildFile; fileRef = B43CF28A1609B4E700E19CF3 /* ioapi.c */; };
		B43CF2951609B4E700E19CF3 /* mztools.c in Sources */ = {isa = PBXBuildFile; fileRef = B43CF28C1609B4E700E19CF3 /* mztools.c */; };
		B43CF2961609B4E700E19CF3 /* unzip.c in Sources */ = {isa = PBXBuildFile; fileRef = B43CF28E1609B4E700E19CF3 /* unzip.c */; };
		B43CF2971609B4E700E19CF3 /* zip.c in Sources */ = {isa = PBXBuildFile; fileRef = B43CF2901609B4E700E19CF3 /* zip.c */; };
		B43CF2981609B4E700E19CF3 /* SSZipArchive.m in Sources */ = {isa = PBXBuildFile; fileRef = B43CF2931609B4E700E19CF3 /* SSZipArchive.m */; };
		B43CF29B1609B5FC00E19CF3 /* libz.dylib in Frameworks */ = {isa = PBXBuildFile; fileRef = B43CF29A1609B5FC00E19CF3 /* libz.dylib */; };
		B43CF2A21609BD1400E19CF3 /* MyProjectsViewController.m in Sources */ = {isa = PBXBuildFile; fileRef = B43CF2A11609BD1400E19CF3 /* MyProjectsViewController.m */; };
		B43CF2A71609BE4D00E19CF3 /* LevelLoadingInfo.m in Sources */ = {isa = PBXBuildFile; fileRef = B43CF2A61609BE4D00E19CF3 /* LevelLoadingInfo.m */; };
		B43CF2AB1609C41300E19CF3 /* background.png in Resources */ = {isa = PBXBuildFile; fileRef = B43CF2A91609C41300E19CF3 /* background.png */; };
		B43CF2AC1609C41300E19CF3 /* background@2x.png in Resources */ = {isa = PBXBuildFile; fileRef = B43CF2AA1609C41300E19CF3 /* background@2x.png */; };
		B43CF2AF1609C6BC00E19CF3 /* container.png in Resources */ = {isa = PBXBuildFile; fileRef = B43CF2AD1609C6BC00E19CF3 /* container.png */; };
		B43CF2B01609C6BC00E19CF3 /* container@2x.png in Resources */ = {isa = PBXBuildFile; fileRef = B43CF2AE1609C6BC00E19CF3 /* container@2x.png */; };
		B43CF2D6160ADCE800E19CF3 /* StartScreenViewController.m in Sources */ = {isa = PBXBuildFile; fileRef = B43CF2D5160ADCE800E19CF3 /* StartScreenViewController.m */; };
		B43CF2DA160ADE5E00E19CF3 /* ImageSprite.m in Sources */ = {isa = PBXBuildFile; fileRef = B43CF2D9160ADE5E00E19CF3 /* ImageSprite.m */; };
		B43CF2DC160AE17B00E19CF3 /* cloud.png in Resources */ = {isa = PBXBuildFile; fileRef = B43CF2DB160AE17B00E19CF3 /* cloud.png */; };
		B43CF2DF160AE72600E19CF3 /* startBackground.png in Resources */ = {isa = PBXBuildFile; fileRef = B43CF2DD160AE72600E19CF3 /* startBackground.png */; };
		B43CF2E0160AE72600E19CF3 /* startBackground@2x.png in Resources */ = {isa = PBXBuildFile; fileRef = B43CF2DE160AE72600E19CF3 /* startBackground@2x.png */; };
		B468CDBE16078B59007300A0 /* ListProjectsViewController.m in Sources */ = {isa = PBXBuildFile; fileRef = B468CDBD16078B59007300A0 /* ListProjectsViewController.m */; };
		B468CDC3160790CF007300A0 /* CatrobatInformation.m in Sources */ = {isa = PBXBuildFile; fileRef = B468CDC2160790CF007300A0 /* CatrobatInformation.m */; };
		B468CDC816079438007300A0 /* CatrobatProject.m in Sources */ = {isa = PBXBuildFile; fileRef = B468CDC716079438007300A0 /* CatrobatProject.m */; };
		B479E9211611A3CB000B1DFA /* DefaultProject.catrobat in Resources */ = {isa = PBXBuildFile; fileRef = B479E9201611A3CB000B1DFA /* DefaultProject.catrobat */; };
		B479E9221611A3CB000B1DFA /* DefaultProject.catrobat in Resources */ = {isa = PBXBuildFile; fileRef = B479E9201611A3CB000B1DFA /* DefaultProject.catrobat */; };
		B479E9271611A3F1000B1DFA /* FileManager.m in Sources */ = {isa = PBXBuildFile; fileRef = B479E9261611A3F1000B1DFA /* FileManager.m */; };
		B479E9281611A3F1000B1DFA /* FileManager.m in Sources */ = {isa = PBXBuildFile; fileRef = B479E9261611A3F1000B1DFA /* FileManager.m */; };
		B479E9301611A7C5000B1DFA /* FileManagerTests.m in Sources */ = {isa = PBXBuildFile; fileRef = B479E92F1611A7C5000B1DFA /* FileManagerTests.m */; };
		B4A0C5461611B8B200A28F6A /* Testproject123.catrobat in Resources */ = {isa = PBXBuildFile; fileRef = B4A0C5451611B8B200A28F6A /* Testproject123.catrobat */; };
		B4A0C5471611B8B200A28F6A /* Testproject123.catrobat in Resources */ = {isa = PBXBuildFile; fileRef = B4A0C5451611B8B200A28F6A /* Testproject123.catrobat */; };
		B4A0C5531611CE4100A28F6A /* play.png in Resources */ = {isa = PBXBuildFile; fileRef = B4A0C5511611CE4100A28F6A /* play.png */; };
		B4A0C5541611CE4100A28F6A /* play@2x.png in Resources */ = {isa = PBXBuildFile; fileRef = B4A0C5521611CE4100A28F6A /* play@2x.png */; };
		B4A0C5581611CEE200A28F6A /* back.png in Resources */ = {isa = PBXBuildFile; fileRef = B4A0C5561611CEE200A28F6A /* back.png */; };
		B4A0C5591611CEE200A28F6A /* back@2x.png in Resources */ = {isa = PBXBuildFile; fileRef = B4A0C5571611CEE200A28F6A /* back@2x.png */; };
		B4A9ADC7160AF29300DFA55B /* QuartzCore.framework in Frameworks */ = {isa = PBXBuildFile; fileRef = B4A9ADC6160AF29300DFA55B /* QuartzCore.framework */; };
		B4A9ADCC160B02A200DFA55B /* CreateView.m in Sources */ = {isa = PBXBuildFile; fileRef = B4A9ADCB160B02A200DFA55B /* CreateView.m */; };
		B4A9ADD1160B05B800DFA55B /* ProjectBrowserBaseClassViewController.m in Sources */ = {isa = PBXBuildFile; fileRef = B4A9ADD0160B05B800DFA55B /* ProjectBrowserBaseClassViewController.m */; };
		B4B4093115B2E07900DCFAE5 /* XMLParser.m in Sources */ = {isa = PBXBuildFile; fileRef = B4B4093015B2E07900DCFAE5 /* XMLParser.m */; };
		B4B4093515B2E0FD00DCFAE5 /* XMLAppDelegate.m in Sources */ = {isa = PBXBuildFile; fileRef = B4B4093415B2E0FD00DCFAE5 /* XMLAppDelegate.m */; };
		B4B4093815B2E20700DCFAE5 /* RetailParser.m in Sources */ = {isa = PBXBuildFile; fileRef = B4B4093715B2E20700DCFAE5 /* RetailParser.m */; };
		B4B4094915B2E8BF00DCFAE5 /* ParserTests.m in Sources */ = {isa = PBXBuildFile; fileRef = B4B4094815B2E8BF00DCFAE5 /* ParserTests.m */; };
		B4C4D9DC160C490500E4FD19 /* CreateViewTests.m in Sources */ = {isa = PBXBuildFile; fileRef = B4C4D9DB160C490500E4FD19 /* CreateViewTests.m */; };
		B4C4D9E1160C4A0D00E4FD19 /* CatrobatProjectTests.m in Sources */ = {isa = PBXBuildFile; fileRef = B4C4D9E0160C4A0D00E4FD19 /* CatrobatProjectTests.m */; };
		B4F05A9B15B888EE00C90ED0 /* GDataXMLNode.m in Sources */ = {isa = PBXBuildFile; fileRef = B4F05A9A15B888EE00C90ED0 /* GDataXMLNode.m */; settings = {COMPILER_FLAGS = "-fno-objc-arc"; }; };
		B4F05A9E15B8898100C90ED0 /* LevelParser.m in Sources */ = {isa = PBXBuildFile; fileRef = B4F05A9D15B8898100C90ED0 /* LevelParser.m */; };
		B4FDF31F15A82C1000CBCF03 /* UIKit.framework in Frameworks */ = {isa = PBXBuildFile; fileRef = B4FDF31E15A82C1000CBCF03 /* UIKit.framework */; };
		B4FDF32115A82C1000CBCF03 /* Foundation.framework in Frameworks */ = {isa = PBXBuildFile; fileRef = B4FDF32015A82C1000CBCF03 /* Foundation.framework */; };
		B4FDF32315A82C1000CBCF03 /* CoreGraphics.framework in Frameworks */ = {isa = PBXBuildFile; fileRef = B4FDF32215A82C1000CBCF03 /* CoreGraphics.framework */; };
		B4FDF32515A82C1000CBCF03 /* GLKit.framework in Frameworks */ = {isa = PBXBuildFile; fileRef = B4FDF32415A82C1000CBCF03 /* GLKit.framework */; };
		B4FDF32715A82C1000CBCF03 /* OpenGLES.framework in Frameworks */ = {isa = PBXBuildFile; fileRef = B4FDF32615A82C1000CBCF03 /* OpenGLES.framework */; };
		B4FDF32D15A82C1000CBCF03 /* InfoPlist.strings in Resources */ = {isa = PBXBuildFile; fileRef = B4FDF32B15A82C1000CBCF03 /* InfoPlist.strings */; };
		B4FDF32F15A82C1000CBCF03 /* main.m in Sources */ = {isa = PBXBuildFile; fileRef = B4FDF32E15A82C1000CBCF03 /* main.m */; };
		B4FDF33315A82C1000CBCF03 /* CattyAppDelegate.m in Sources */ = {isa = PBXBuildFile; fileRef = B4FDF33215A82C1000CBCF03 /* CattyAppDelegate.m */; };
		B4FDF33615A82C1000CBCF03 /* MainStoryboard.storyboard in Resources */ = {isa = PBXBuildFile; fileRef = B4FDF33415A82C1000CBCF03 /* MainStoryboard.storyboard */; };
		B4FDF33D15A82C1000CBCF03 /* CattyViewController.m in Sources */ = {isa = PBXBuildFile; fileRef = B4FDF33C15A82C1000CBCF03 /* CattyViewController.m */; };
		B4FDF34515A82C1000CBCF03 /* SenTestingKit.framework in Frameworks */ = {isa = PBXBuildFile; fileRef = B4FDF34415A82C1000CBCF03 /* SenTestingKit.framework */; };
		B4FDF34615A82C1000CBCF03 /* UIKit.framework in Frameworks */ = {isa = PBXBuildFile; fileRef = B4FDF31E15A82C1000CBCF03 /* UIKit.framework */; };
		B4FDF34715A82C1000CBCF03 /* Foundation.framework in Frameworks */ = {isa = PBXBuildFile; fileRef = B4FDF32015A82C1000CBCF03 /* Foundation.framework */; };
		B4FDF34F15A82C1000CBCF03 /* InfoPlist.strings in Resources */ = {isa = PBXBuildFile; fileRef = B4FDF34D15A82C1000CBCF03 /* InfoPlist.strings */; };
		B4FDF35215A82C1000CBCF03 /* CattyTests.m in Sources */ = {isa = PBXBuildFile; fileRef = B4FDF35115A82C1000CBCF03 /* CattyTests.m */; };
		B4FDF36315A82E9800CBCF03 /* TestParser.m in Sources */ = {isa = PBXBuildFile; fileRef = B4FDF36215A82E9800CBCF03 /* TestParser.m */; };
		B4FDF36415A82E9800CBCF03 /* TestParser.m in Sources */ = {isa = PBXBuildFile; fileRef = B4FDF36215A82E9800CBCF03 /* TestParser.m */; };
		B4FDF36E15A82EC300CBCF03 /* Script.m in Sources */ = {isa = PBXBuildFile; fileRef = B4FDF36915A82EC300CBCF03 /* Script.m */; };
		B4FDF36F15A82EC300CBCF03 /* StartScript.m in Sources */ = {isa = PBXBuildFile; fileRef = B4FDF36B15A82EC300CBCF03 /* StartScript.m */; };
		B4FDF37015A82EC300CBCF03 /* WhenScript.m in Sources */ = {isa = PBXBuildFile; fileRef = B4FDF36D15A82EC300CBCF03 /* WhenScript.m */; };
		B4FDF37415A82EF100CBCF03 /* Sound.m in Sources */ = {isa = PBXBuildFile; fileRef = B4FDF37315A82EF100CBCF03 /* Sound.m */; };
		B4FDF37815A82F0700CBCF03 /* Costume.m in Sources */ = {isa = PBXBuildFile; fileRef = B4FDF37715A82F0700CBCF03 /* Costume.m */; };
		B4FDF37C15A82F1E00CBCF03 /* Sprite.m in Sources */ = {isa = PBXBuildFile; fileRef = B4FDF37B15A82F1E00CBCF03 /* Sprite.m */; };
		B4FDF38015A82F3100CBCF03 /* Level.m in Sources */ = {isa = PBXBuildFile; fileRef = B4FDF37F15A82F3100CBCF03 /* Level.m */; };
		B4FDF38815A82F4D00CBCF03 /* Brick.m in Sources */ = {isa = PBXBuildFile; fileRef = B4FDF38315A82F4D00CBCF03 /* Brick.m */; };
		B4FDF38915A82F4D00CBCF03 /* WaitBrick.m in Sources */ = {isa = PBXBuildFile; fileRef = B4FDF38515A82F4D00CBCF03 /* WaitBrick.m */; };
		B4FDF38A15A82F4D00CBCF03 /* SetCostumeBrick.m in Sources */ = {isa = PBXBuildFile; fileRef = B4FDF38715A82F4D00CBCF03 /* SetCostumeBrick.m */; };
		B4FDF39615A833DA00CBCF03 /* catty_icon_retina.png in Resources */ = {isa = PBXBuildFile; fileRef = B4FDF39515A833DA00CBCF03 /* catty_icon_retina.png */; };
		CD25FE1615B0642400719D12 /* PlaceAtBrick.m in Sources */ = {isa = PBXBuildFile; fileRef = CD25FE1515B0642400719D12 /* PlaceAtBrick.m */; };
		CD46F91B160A433200207178 /* ChangeXByBrick.m in Sources */ = {isa = PBXBuildFile; fileRef = CD46F91A160A433200207178 /* ChangeXByBrick.m */; };
		CD85F51416077C67007C38D1 /* SetXBrick.m in Sources */ = {isa = PBXBuildFile; fileRef = CD85F51316077C67007C38D1 /* SetXBrick.m */; };
		CD85F51716077C75007C38D1 /* SetYBrick.m in Sources */ = {isa = PBXBuildFile; fileRef = CD85F51616077C75007C38D1 /* SetYBrick.m */; };
		CD85F52C16083315007C38D1 /* BroadcastBrick.m in Sources */ = {isa = PBXBuildFile; fileRef = CD85F52B16083315007C38D1 /* BroadcastBrick.m */; };
		CD85F53F160864F3007C38D1 /* ComeToFrontBrick.m in Sources */ = {isa = PBXBuildFile; fileRef = CD85F53E160864F3007C38D1 /* ComeToFrontBrick.m */; };
		CD85F54C16099CBE007C38D1 /* ChangeSizeByNBrick.m in Sources */ = {isa = PBXBuildFile; fileRef = CD85F54B16099CBE007C38D1 /* ChangeSizeByNBrick.m */; };
		CD85F55E1609AED0007C38D1 /* rocket in Resources */ = {isa = PBXBuildFile; fileRef = CD85F55D1609AED0007C38D1 /* rocket */; };
		CD8B838A1609FC42003A3C9E /* StageViewController.m in Sources */ = {isa = PBXBuildFile; fileRef = CD8B83891609FC42003A3C9E /* StageViewController.m */; };
		CD8FA5AC1605D91300FC282F /* NextCostumeBrick.m in Sources */ = {isa = PBXBuildFile; fileRef = CD8FA5AB1605D91300FC282F /* NextCostumeBrick.m */; };
		CD8FA5B116063EA700FC282F /* HideBrick.m in Sources */ = {isa = PBXBuildFile; fileRef = CD8FA5B016063EA700FC282F /* HideBrick.m */; };
		CD8FA5B416063EBA00FC282F /* ShowBrick.m in Sources */ = {isa = PBXBuildFile; fileRef = CD8FA5B316063EBA00FC282F /* ShowBrick.m */; };
		CD922D6F16143BF50039C53A /* LoopBrick.m in Sources */ = {isa = PBXBuildFile; fileRef = CD922D6E16143BF50039C53A /* LoopBrick.m */; };
		CD922D7216144C870039C53A /* RepeatBrick.m in Sources */ = {isa = PBXBuildFile; fileRef = CD922D7116144C870039C53A /* RepeatBrick.m */; };
		CD922D87161454AD0039C53A /* GoNStepsBackBrick.m in Sources */ = {isa = PBXBuildFile; fileRef = CD922D86161454AD0039C53A /* GoNStepsBackBrick.m */; };
		CD922D8B16145CED0039C53A /* ChangeYByBrick.m in Sources */ = {isa = PBXBuildFile; fileRef = CD922D8A16145CED0039C53A /* ChangeYByBrick.m */; };
		CD9438AB15DBAFC7002E6375 /* defaultProject in Resources */ = {isa = PBXBuildFile; fileRef = CD9438AA15DBAFC7002E6375 /* defaultProject */; };
		CDBF7B8D1612F96900600B62 /* SetSizeToBrick.m in Sources */ = {isa = PBXBuildFile; fileRef = CDBF7B8C1612F96900600B62 /* SetSizeToBrick.m */; };
		CDE35DED15B4892D009A3524 /* GlideToBrick.m in Sources */ = {isa = PBXBuildFile; fileRef = CDE35DEC15B4892D009A3524 /* GlideToBrick.m */; };
/* End PBXBuildFile section */

/* Begin PBXContainerItemProxy section */
		B4FDF34815A82C1000CBCF03 /* PBXContainerItemProxy */ = {
			isa = PBXContainerItemProxy;
			containerPortal = B4FDF31115A82C0F00CBCF03 /* Project object */;
			proxyType = 1;
			remoteGlobalIDString = B4FDF31915A82C0F00CBCF03;
			remoteInfo = Catty;
		};
/* End PBXContainerItemProxy section */

/* Begin PBXFileReference section */
		B40C723015A88072005A8EC7 /* DataModelCostumeTests.h */ = {isa = PBXFileReference; fileEncoding = 4; lastKnownFileType = sourcecode.c.h; path = DataModelCostumeTests.h; sourceTree = "<group>"; };
		B40C723115A88072005A8EC7 /* DataModelCostumeTests.m */ = {isa = PBXFileReference; fileEncoding = 4; lastKnownFileType = sourcecode.c.objc; path = DataModelCostumeTests.m; sourceTree = "<group>"; };
		B40C723815A88AF6005A8EC7 /* DataModelSpriteTests.h */ = {isa = PBXFileReference; fileEncoding = 4; lastKnownFileType = sourcecode.c.h; path = DataModelSpriteTests.h; sourceTree = "<group>"; };
		B40C723915A88AF6005A8EC7 /* DataModelSpriteTests.m */ = {isa = PBXFileReference; fileEncoding = 4; lastKnownFileType = sourcecode.c.objc; path = DataModelSpriteTests.m; sourceTree = "<group>"; };
		B40C723E15A88E9E005A8EC7 /* kittycat.png */ = {isa = PBXFileReference; lastKnownFileType = image.png; path = kittycat.png; sourceTree = "<group>"; };
		B412ACF216133D5C0056B146 /* PlaySoundBrick.m */ = {isa = PBXFileReference; fileEncoding = 4; lastKnownFileType = sourcecode.c.objc; path = PlaySoundBrick.m; sourceTree = "<group>"; };
		B412ACF316133D5C0056B146 /* PlaySoundBrick.h */ = {isa = PBXFileReference; fileEncoding = 4; lastKnownFileType = sourcecode.c.h; path = PlaySoundBrick.h; sourceTree = "<group>"; };
		B412ACF816133D7B0056B146 /* StopAllSoundsBrick.h */ = {isa = PBXFileReference; fileEncoding = 4; lastKnownFileType = sourcecode.c.h; path = StopAllSoundsBrick.h; sourceTree = "<group>"; };
		B412ACF916133D7B0056B146 /* StopAllSoundsBrick.m */ = {isa = PBXFileReference; fileEncoding = 4; lastKnownFileType = sourcecode.c.objc; path = StopAllSoundsBrick.m; sourceTree = "<group>"; };
		B412ACFD16133F2B0056B146 /* AVFoundation.framework */ = {isa = PBXFileReference; lastKnownFileType = wrapper.framework; name = AVFoundation.framework; path = System/Library/Frameworks/AVFoundation.framework; sourceTree = SDKROOT; };
		B415DC3715B9F8540076275E /* Util.h */ = {isa = PBXFileReference; fileEncoding = 4; lastKnownFileType = sourcecode.c.h; path = Util.h; sourceTree = "<group>"; };
		B415DC3815B9F8540076275E /* Util.m */ = {isa = PBXFileReference; fileEncoding = 4; lastKnownFileType = sourcecode.c.objc; path = Util.m; sourceTree = "<group>"; };
		B415DC3A15BAB86B0076275E /* defaultProject.xml */ = {isa = PBXFileReference; fileEncoding = 4; lastKnownFileType = text.xml; path = defaultProject.xml; sourceTree = "<group>"; };
		B415DC3E15BABB4F0076275E /* enums.h */ = {isa = PBXFileReference; lastKnownFileType = sourcecode.c.h; path = enums.h; sourceTree = "<group>"; };
		B415DC4415BAE3CF0076275E /* projectcode.xml */ = {isa = PBXFileReference; fileEncoding = 4; lastKnownFileType = text.xml; path = projectcode.xml; sourceTree = "<group>"; };
		B419691816144E8A00AFC8C8 /* DataModelBricksTest.h */ = {isa = PBXFileReference; fileEncoding = 4; lastKnownFileType = sourcecode.c.h; path = DataModelBricksTest.h; sourceTree = "<group>"; };
		B419691916144E8A00AFC8C8 /* DataModelBricksTest.m */ = {isa = PBXFileReference; fileEncoding = 4; lastKnownFileType = sourcecode.c.objc; path = DataModelBricksTest.m; sourceTree = "<group>"; };
		B419691C1614530200AFC8C8 /* SetVolumeToBrick.h */ = {isa = PBXFileReference; fileEncoding = 4; lastKnownFileType = sourcecode.c.h; path = SetVolumeToBrick.h; sourceTree = "<group>"; };
		B419691D1614530200AFC8C8 /* SetVolumeToBrick.m */ = {isa = PBXFileReference; fileEncoding = 4; lastKnownFileType = sourcecode.c.objc; path = SetVolumeToBrick.m; sourceTree = "<group>"; };
		B419692016147CD100AFC8C8 /* ChangeVolumeByBrick.h */ = {isa = PBXFileReference; fileEncoding = 4; lastKnownFileType = sourcecode.c.h; path = ChangeVolumeByBrick.h; sourceTree = "<group>"; };
		B419692116147CD100AFC8C8 /* ChangeVolumeByBrick.m */ = {isa = PBXFileReference; fileEncoding = 4; lastKnownFileType = sourcecode.c.objc; path = ChangeVolumeByBrick.m; sourceTree = "<group>"; };
		B438FC8B16108E5200D6B911 /* FeaturedProjectsViewController.h */ = {isa = PBXFileReference; fileEncoding = 4; lastKnownFileType = sourcecode.c.h; path = FeaturedProjectsViewController.h; sourceTree = "<group>"; };
		B438FC8C16108E5200D6B911 /* FeaturedProjectsViewController.m */ = {isa = PBXFileReference; fileEncoding = 4; lastKnownFileType = sourcecode.c.objc; path = FeaturedProjectsViewController.m; sourceTree = "<group>"; };
		B43CF2361608E0A000E19CF3 /* RecentProjectsViewController.h */ = {isa = PBXFileReference; fileEncoding = 4; lastKnownFileType = sourcecode.c.h; path = RecentProjectsViewController.h; sourceTree = "<group>"; };
		B43CF2371608E0A000E19CF3 /* RecentProjectsViewController.m */ = {isa = PBXFileReference; fileEncoding = 4; lastKnownFileType = sourcecode.c.objc; path = RecentProjectsViewController.m; sourceTree = "<group>"; };
		B43CF23A1609926D00E19CF3 /* RootViewController.h */ = {isa = PBXFileReference; fileEncoding = 4; lastKnownFileType = sourcecode.c.h; path = RootViewController.h; sourceTree = "<group>"; };
		B43CF23B1609926D00E19CF3 /* RootViewController.m */ = {isa = PBXFileReference; fileEncoding = 4; lastKnownFileType = sourcecode.c.objc; path = RootViewController.m; sourceTree = "<group>"; };
		B43CF2891609B4E700E19CF3 /* crypt.h */ = {isa = PBXFileReference; fileEncoding = 4; lastKnownFileType = sourcecode.c.h; path = crypt.h; sourceTree = "<group>"; };
		B43CF28A1609B4E700E19CF3 /* ioapi.c */ = {isa = PBXFileReference; fileEncoding = 4; lastKnownFileType = sourcecode.c.c; path = ioapi.c; sourceTree = "<group>"; };
		B43CF28B1609B4E700E19CF3 /* ioapi.h */ = {isa = PBXFileReference; fileEncoding = 4; lastKnownFileType = sourcecode.c.h; path = ioapi.h; sourceTree = "<group>"; };
		B43CF28C1609B4E700E19CF3 /* mztools.c */ = {isa = PBXFileReference; fileEncoding = 4; lastKnownFileType = sourcecode.c.c; path = mztools.c; sourceTree = "<group>"; };
		B43CF28D1609B4E700E19CF3 /* mztools.h */ = {isa = PBXFileReference; fileEncoding = 4; lastKnownFileType = sourcecode.c.h; path = mztools.h; sourceTree = "<group>"; };
		B43CF28E1609B4E700E19CF3 /* unzip.c */ = {isa = PBXFileReference; fileEncoding = 4; lastKnownFileType = sourcecode.c.c; path = unzip.c; sourceTree = "<group>"; };
		B43CF28F1609B4E700E19CF3 /* unzip.h */ = {isa = PBXFileReference; fileEncoding = 4; lastKnownFileType = sourcecode.c.h; path = unzip.h; sourceTree = "<group>"; };
		B43CF2901609B4E700E19CF3 /* zip.c */ = {isa = PBXFileReference; fileEncoding = 4; lastKnownFileType = sourcecode.c.c; path = zip.c; sourceTree = "<group>"; };
		B43CF2911609B4E700E19CF3 /* zip.h */ = {isa = PBXFileReference; fileEncoding = 4; lastKnownFileType = sourcecode.c.h; path = zip.h; sourceTree = "<group>"; };
		B43CF2921609B4E700E19CF3 /* SSZipArchive.h */ = {isa = PBXFileReference; fileEncoding = 4; lastKnownFileType = sourcecode.c.h; path = SSZipArchive.h; sourceTree = "<group>"; };
		B43CF2931609B4E700E19CF3 /* SSZipArchive.m */ = {isa = PBXFileReference; fileEncoding = 4; lastKnownFileType = sourcecode.c.objc; path = SSZipArchive.m; sourceTree = "<group>"; };
		B43CF29A1609B5FC00E19CF3 /* libz.dylib */ = {isa = PBXFileReference; lastKnownFileType = "compiled.mach-o.dylib"; name = libz.dylib; path = usr/lib/libz.dylib; sourceTree = SDKROOT; };
		B43CF2A01609BD1400E19CF3 /* MyProjectsViewController.h */ = {isa = PBXFileReference; fileEncoding = 4; lastKnownFileType = sourcecode.c.h; path = MyProjectsViewController.h; sourceTree = "<group>"; };
		B43CF2A11609BD1400E19CF3 /* MyProjectsViewController.m */ = {isa = PBXFileReference; fileEncoding = 4; lastKnownFileType = sourcecode.c.objc; path = MyProjectsViewController.m; sourceTree = "<group>"; };
		B43CF2A51609BE4D00E19CF3 /* LevelLoadingInfo.h */ = {isa = PBXFileReference; fileEncoding = 4; lastKnownFileType = sourcecode.c.h; path = LevelLoadingInfo.h; sourceTree = "<group>"; };
		B43CF2A61609BE4D00E19CF3 /* LevelLoadingInfo.m */ = {isa = PBXFileReference; fileEncoding = 4; lastKnownFileType = sourcecode.c.objc; path = LevelLoadingInfo.m; sourceTree = "<group>"; };
		B43CF2A91609C41300E19CF3 /* background.png */ = {isa = PBXFileReference; lastKnownFileType = image.png; path = background.png; sourceTree = "<group>"; };
		B43CF2AA1609C41300E19CF3 /* background@2x.png */ = {isa = PBXFileReference; lastKnownFileType = image.png; path = "background@2x.png"; sourceTree = "<group>"; };
		B43CF2AD1609C6BC00E19CF3 /* container.png */ = {isa = PBXFileReference; lastKnownFileType = image.png; path = container.png; sourceTree = "<group>"; };
		B43CF2AE1609C6BC00E19CF3 /* container@2x.png */ = {isa = PBXFileReference; lastKnownFileType = image.png; path = "container@2x.png"; sourceTree = "<group>"; };
		B43CF2D4160ADCE800E19CF3 /* StartScreenViewController.h */ = {isa = PBXFileReference; fileEncoding = 4; lastKnownFileType = sourcecode.c.h; path = StartScreenViewController.h; sourceTree = "<group>"; };
		B43CF2D5160ADCE800E19CF3 /* StartScreenViewController.m */ = {isa = PBXFileReference; fileEncoding = 4; lastKnownFileType = sourcecode.c.objc; path = StartScreenViewController.m; sourceTree = "<group>"; };
		B43CF2D8160ADE5E00E19CF3 /* ImageSprite.h */ = {isa = PBXFileReference; fileEncoding = 4; lastKnownFileType = sourcecode.c.h; path = ImageSprite.h; sourceTree = "<group>"; };
		B43CF2D9160ADE5E00E19CF3 /* ImageSprite.m */ = {isa = PBXFileReference; fileEncoding = 4; lastKnownFileType = sourcecode.c.objc; path = ImageSprite.m; sourceTree = "<group>"; };
		B43CF2DB160AE17B00E19CF3 /* cloud.png */ = {isa = PBXFileReference; lastKnownFileType = image.png; path = cloud.png; sourceTree = "<group>"; };
		B43CF2DD160AE72600E19CF3 /* startBackground.png */ = {isa = PBXFileReference; lastKnownFileType = image.png; path = startBackground.png; sourceTree = "<group>"; };
		B43CF2DE160AE72600E19CF3 /* startBackground@2x.png */ = {isa = PBXFileReference; lastKnownFileType = image.png; path = "startBackground@2x.png"; sourceTree = "<group>"; };
		B468CDBC16078B59007300A0 /* ListProjectsViewController.h */ = {isa = PBXFileReference; fileEncoding = 4; lastKnownFileType = sourcecode.c.h; path = ListProjectsViewController.h; sourceTree = "<group>"; };
		B468CDBD16078B59007300A0 /* ListProjectsViewController.m */ = {isa = PBXFileReference; fileEncoding = 4; lastKnownFileType = sourcecode.c.objc; path = ListProjectsViewController.m; sourceTree = "<group>"; };
		B468CDC1160790CF007300A0 /* CatrobatInformation.h */ = {isa = PBXFileReference; fileEncoding = 4; lastKnownFileType = sourcecode.c.h; path = CatrobatInformation.h; sourceTree = "<group>"; };
		B468CDC2160790CF007300A0 /* CatrobatInformation.m */ = {isa = PBXFileReference; fileEncoding = 4; lastKnownFileType = sourcecode.c.objc; path = CatrobatInformation.m; sourceTree = "<group>"; };
		B468CDC616079438007300A0 /* CatrobatProject.h */ = {isa = PBXFileReference; fileEncoding = 4; lastKnownFileType = sourcecode.c.h; path = CatrobatProject.h; sourceTree = "<group>"; };
		B468CDC716079438007300A0 /* CatrobatProject.m */ = {isa = PBXFileReference; fileEncoding = 4; lastKnownFileType = sourcecode.c.objc; path = CatrobatProject.m; sourceTree = "<group>"; };
		B479E9201611A3CB000B1DFA /* DefaultProject.catrobat */ = {isa = PBXFileReference; lastKnownFileType = file; path = DefaultProject.catrobat; sourceTree = "<group>"; };
		B479E9251611A3F1000B1DFA /* FileManager.h */ = {isa = PBXFileReference; fileEncoding = 4; lastKnownFileType = sourcecode.c.h; path = FileManager.h; sourceTree = "<group>"; };
		B479E9261611A3F1000B1DFA /* FileManager.m */ = {isa = PBXFileReference; fileEncoding = 4; lastKnownFileType = sourcecode.c.objc; path = FileManager.m; sourceTree = "<group>"; };
		B479E92E1611A7C5000B1DFA /* FileManagerTests.h */ = {isa = PBXFileReference; fileEncoding = 4; lastKnownFileType = sourcecode.c.h; path = FileManagerTests.h; sourceTree = "<group>"; };
		B479E92F1611A7C5000B1DFA /* FileManagerTests.m */ = {isa = PBXFileReference; fileEncoding = 4; lastKnownFileType = sourcecode.c.objc; path = FileManagerTests.m; sourceTree = "<group>"; };
		B4A0C5451611B8B200A28F6A /* Testproject123.catrobat */ = {isa = PBXFileReference; lastKnownFileType = file; path = Testproject123.catrobat; sourceTree = "<group>"; };
		B4A0C5511611CE4100A28F6A /* play.png */ = {isa = PBXFileReference; lastKnownFileType = image.png; path = play.png; sourceTree = "<group>"; };
		B4A0C5521611CE4100A28F6A /* play@2x.png */ = {isa = PBXFileReference; lastKnownFileType = image.png; path = "play@2x.png"; sourceTree = "<group>"; };
		B4A0C5561611CEE200A28F6A /* back.png */ = {isa = PBXFileReference; lastKnownFileType = image.png; path = back.png; sourceTree = "<group>"; };
		B4A0C5571611CEE200A28F6A /* back@2x.png */ = {isa = PBXFileReference; lastKnownFileType = image.png; path = "back@2x.png"; sourceTree = "<group>"; };
		B4A9ADC6160AF29300DFA55B /* QuartzCore.framework */ = {isa = PBXFileReference; lastKnownFileType = wrapper.framework; name = QuartzCore.framework; path = System/Library/Frameworks/QuartzCore.framework; sourceTree = SDKROOT; };
		B4A9ADCA160B02A200DFA55B /* CreateView.h */ = {isa = PBXFileReference; fileEncoding = 4; lastKnownFileType = sourcecode.c.h; path = CreateView.h; sourceTree = "<group>"; };
		B4A9ADCB160B02A200DFA55B /* CreateView.m */ = {isa = PBXFileReference; fileEncoding = 4; lastKnownFileType = sourcecode.c.objc; path = CreateView.m; sourceTree = "<group>"; };
		B4A9ADCF160B05B800DFA55B /* ProjectBrowserBaseClassViewController.h */ = {isa = PBXFileReference; fileEncoding = 4; lastKnownFileType = sourcecode.c.h; path = ProjectBrowserBaseClassViewController.h; sourceTree = "<group>"; };
		B4A9ADD0160B05B800DFA55B /* ProjectBrowserBaseClassViewController.m */ = {isa = PBXFileReference; fileEncoding = 4; lastKnownFileType = sourcecode.c.objc; path = ProjectBrowserBaseClassViewController.m; sourceTree = "<group>"; };
		B4B4092F15B2E07900DCFAE5 /* XMLParser.h */ = {isa = PBXFileReference; fileEncoding = 4; lastKnownFileType = sourcecode.c.h; path = XMLParser.h; sourceTree = "<group>"; };
		B4B4093015B2E07900DCFAE5 /* XMLParser.m */ = {isa = PBXFileReference; fileEncoding = 4; lastKnownFileType = sourcecode.c.objc; path = XMLParser.m; sourceTree = "<group>"; };
		B4B4093315B2E0FD00DCFAE5 /* XMLAppDelegate.h */ = {isa = PBXFileReference; fileEncoding = 4; lastKnownFileType = sourcecode.c.h; path = XMLAppDelegate.h; sourceTree = "<group>"; };
		B4B4093415B2E0FD00DCFAE5 /* XMLAppDelegate.m */ = {isa = PBXFileReference; fileEncoding = 4; lastKnownFileType = sourcecode.c.objc; path = XMLAppDelegate.m; sourceTree = "<group>"; };
		B4B4093615B2E20700DCFAE5 /* RetailParser.h */ = {isa = PBXFileReference; fileEncoding = 4; lastKnownFileType = sourcecode.c.h; path = RetailParser.h; sourceTree = "<group>"; };
		B4B4093715B2E20700DCFAE5 /* RetailParser.m */ = {isa = PBXFileReference; fileEncoding = 4; lastKnownFileType = sourcecode.c.objc; path = RetailParser.m; sourceTree = "<group>"; };
		B4B4094715B2E8BF00DCFAE5 /* ParserTests.h */ = {isa = PBXFileReference; fileEncoding = 4; lastKnownFileType = sourcecode.c.h; path = ParserTests.h; sourceTree = "<group>"; };
		B4B4094815B2E8BF00DCFAE5 /* ParserTests.m */ = {isa = PBXFileReference; fileEncoding = 4; lastKnownFileType = sourcecode.c.objc; path = ParserTests.m; sourceTree = "<group>"; };
		B4B487B815B73107004AC99E /* XMLLevels.h */ = {isa = PBXFileReference; lastKnownFileType = sourcecode.c.h; path = XMLLevels.h; sourceTree = "<group>"; };
		B4C4D9DA160C490500E4FD19 /* CreateViewTests.h */ = {isa = PBXFileReference; fileEncoding = 4; lastKnownFileType = sourcecode.c.h; path = CreateViewTests.h; sourceTree = "<group>"; };
		B4C4D9DB160C490500E4FD19 /* CreateViewTests.m */ = {isa = PBXFileReference; fileEncoding = 4; lastKnownFileType = sourcecode.c.objc; path = CreateViewTests.m; sourceTree = "<group>"; };
		B4C4D9DF160C4A0D00E4FD19 /* CatrobatProjectTests.h */ = {isa = PBXFileReference; fileEncoding = 4; lastKnownFileType = sourcecode.c.h; path = CatrobatProjectTests.h; sourceTree = "<group>"; };
		B4C4D9E0160C4A0D00E4FD19 /* CatrobatProjectTests.m */ = {isa = PBXFileReference; fileEncoding = 4; lastKnownFileType = sourcecode.c.objc; path = CatrobatProjectTests.m; sourceTree = "<group>"; };
		B4F05A9915B888EE00C90ED0 /* GDataXMLNode.h */ = {isa = PBXFileReference; fileEncoding = 4; lastKnownFileType = sourcecode.c.h; path = GDataXMLNode.h; sourceTree = "<group>"; };
		B4F05A9A15B888EE00C90ED0 /* GDataXMLNode.m */ = {isa = PBXFileReference; fileEncoding = 4; lastKnownFileType = sourcecode.c.objc; path = GDataXMLNode.m; sourceTree = "<group>"; };
		B4F05A9C15B8898100C90ED0 /* LevelParser.h */ = {isa = PBXFileReference; fileEncoding = 4; lastKnownFileType = sourcecode.c.h; path = LevelParser.h; sourceTree = "<group>"; };
		B4F05A9D15B8898100C90ED0 /* LevelParser.m */ = {isa = PBXFileReference; fileEncoding = 4; lastKnownFileType = sourcecode.c.objc; path = LevelParser.m; sourceTree = "<group>"; };
		B4FDF31A15A82C1000CBCF03 /* Catty.app */ = {isa = PBXFileReference; explicitFileType = wrapper.application; includeInIndex = 0; path = Catty.app; sourceTree = BUILT_PRODUCTS_DIR; };
		B4FDF31E15A82C1000CBCF03 /* UIKit.framework */ = {isa = PBXFileReference; lastKnownFileType = wrapper.framework; name = UIKit.framework; path = System/Library/Frameworks/UIKit.framework; sourceTree = SDKROOT; };
		B4FDF32015A82C1000CBCF03 /* Foundation.framework */ = {isa = PBXFileReference; lastKnownFileType = wrapper.framework; name = Foundation.framework; path = System/Library/Frameworks/Foundation.framework; sourceTree = SDKROOT; };
		B4FDF32215A82C1000CBCF03 /* CoreGraphics.framework */ = {isa = PBXFileReference; lastKnownFileType = wrapper.framework; name = CoreGraphics.framework; path = System/Library/Frameworks/CoreGraphics.framework; sourceTree = SDKROOT; };
		B4FDF32415A82C1000CBCF03 /* GLKit.framework */ = {isa = PBXFileReference; lastKnownFileType = wrapper.framework; name = GLKit.framework; path = System/Library/Frameworks/GLKit.framework; sourceTree = SDKROOT; };
		B4FDF32615A82C1000CBCF03 /* OpenGLES.framework */ = {isa = PBXFileReference; lastKnownFileType = wrapper.framework; name = OpenGLES.framework; path = System/Library/Frameworks/OpenGLES.framework; sourceTree = SDKROOT; };
		B4FDF32A15A82C1000CBCF03 /* Catty-Info.plist */ = {isa = PBXFileReference; lastKnownFileType = text.plist.xml; path = "Catty-Info.plist"; sourceTree = "<group>"; };
		B4FDF32C15A82C1000CBCF03 /* en */ = {isa = PBXFileReference; lastKnownFileType = text.plist.strings; name = en; path = en.lproj/InfoPlist.strings; sourceTree = "<group>"; };
		B4FDF32E15A82C1000CBCF03 /* main.m */ = {isa = PBXFileReference; lastKnownFileType = sourcecode.c.objc; path = main.m; sourceTree = "<group>"; };
		B4FDF33015A82C1000CBCF03 /* Catty-Prefix.pch */ = {isa = PBXFileReference; lastKnownFileType = sourcecode.c.h; path = "Catty-Prefix.pch"; sourceTree = "<group>"; };
		B4FDF33115A82C1000CBCF03 /* CattyAppDelegate.h */ = {isa = PBXFileReference; lastKnownFileType = sourcecode.c.h; path = CattyAppDelegate.h; sourceTree = "<group>"; };
		B4FDF33215A82C1000CBCF03 /* CattyAppDelegate.m */ = {isa = PBXFileReference; lastKnownFileType = sourcecode.c.objc; path = CattyAppDelegate.m; sourceTree = "<group>"; };
		B4FDF33515A82C1000CBCF03 /* en */ = {isa = PBXFileReference; lastKnownFileType = file.storyboard; name = en; path = en.lproj/MainStoryboard.storyboard; sourceTree = "<group>"; };
		B4FDF33B15A82C1000CBCF03 /* CattyViewController.h */ = {isa = PBXFileReference; lastKnownFileType = sourcecode.c.h; path = CattyViewController.h; sourceTree = "<group>"; };
		B4FDF33C15A82C1000CBCF03 /* CattyViewController.m */ = {isa = PBXFileReference; lastKnownFileType = sourcecode.c.objc; path = CattyViewController.m; sourceTree = "<group>"; };
		B4FDF34315A82C1000CBCF03 /* CattyTests.octest */ = {isa = PBXFileReference; explicitFileType = wrapper.cfbundle; includeInIndex = 0; path = CattyTests.octest; sourceTree = BUILT_PRODUCTS_DIR; };
		B4FDF34415A82C1000CBCF03 /* SenTestingKit.framework */ = {isa = PBXFileReference; lastKnownFileType = wrapper.framework; name = SenTestingKit.framework; path = Library/Frameworks/SenTestingKit.framework; sourceTree = DEVELOPER_DIR; };
		B4FDF34C15A82C1000CBCF03 /* CattyTests-Info.plist */ = {isa = PBXFileReference; lastKnownFileType = text.plist.xml; path = "CattyTests-Info.plist"; sourceTree = "<group>"; };
		B4FDF34E15A82C1000CBCF03 /* en */ = {isa = PBXFileReference; lastKnownFileType = text.plist.strings; name = en; path = en.lproj/InfoPlist.strings; sourceTree = "<group>"; };
		B4FDF35015A82C1000CBCF03 /* CattyTests.h */ = {isa = PBXFileReference; lastKnownFileType = sourcecode.c.h; path = CattyTests.h; sourceTree = "<group>"; };
		B4FDF35115A82C1000CBCF03 /* CattyTests.m */ = {isa = PBXFileReference; lastKnownFileType = sourcecode.c.objc; path = CattyTests.m; sourceTree = "<group>"; };
		B4FDF36015A82E9800CBCF03 /* XMLParserProtocol.h */ = {isa = PBXFileReference; fileEncoding = 4; lastKnownFileType = sourcecode.c.h; path = XMLParserProtocol.h; sourceTree = "<group>"; };
		B4FDF36115A82E9800CBCF03 /* TestParser.h */ = {isa = PBXFileReference; fileEncoding = 4; lastKnownFileType = sourcecode.c.h; path = TestParser.h; sourceTree = "<group>"; };
		B4FDF36215A82E9800CBCF03 /* TestParser.m */ = {isa = PBXFileReference; fileEncoding = 4; lastKnownFileType = sourcecode.c.objc; path = TestParser.m; sourceTree = "<group>"; };
		B4FDF36815A82EC300CBCF03 /* Script.h */ = {isa = PBXFileReference; fileEncoding = 4; lastKnownFileType = sourcecode.c.h; path = Script.h; sourceTree = "<group>"; };
		B4FDF36915A82EC300CBCF03 /* Script.m */ = {isa = PBXFileReference; fileEncoding = 4; lastKnownFileType = sourcecode.c.objc; path = Script.m; sourceTree = "<group>"; };
		B4FDF36A15A82EC300CBCF03 /* StartScript.h */ = {isa = PBXFileReference; fileEncoding = 4; lastKnownFileType = sourcecode.c.h; path = StartScript.h; sourceTree = "<group>"; };
		B4FDF36B15A82EC300CBCF03 /* StartScript.m */ = {isa = PBXFileReference; fileEncoding = 4; lastKnownFileType = sourcecode.c.objc; path = StartScript.m; sourceTree = "<group>"; };
		B4FDF36C15A82EC300CBCF03 /* WhenScript.h */ = {isa = PBXFileReference; fileEncoding = 4; lastKnownFileType = sourcecode.c.h; path = WhenScript.h; sourceTree = "<group>"; };
		B4FDF36D15A82EC300CBCF03 /* WhenScript.m */ = {isa = PBXFileReference; fileEncoding = 4; lastKnownFileType = sourcecode.c.objc; path = WhenScript.m; sourceTree = "<group>"; };
		B4FDF37215A82EF100CBCF03 /* Sound.h */ = {isa = PBXFileReference; fileEncoding = 4; lastKnownFileType = sourcecode.c.h; path = Sound.h; sourceTree = "<group>"; };
		B4FDF37315A82EF100CBCF03 /* Sound.m */ = {isa = PBXFileReference; fileEncoding = 4; lastKnownFileType = sourcecode.c.objc; path = Sound.m; sourceTree = "<group>"; };
		B4FDF37615A82F0700CBCF03 /* Costume.h */ = {isa = PBXFileReference; fileEncoding = 4; lastKnownFileType = sourcecode.c.h; path = Costume.h; sourceTree = "<group>"; };
		B4FDF37715A82F0700CBCF03 /* Costume.m */ = {isa = PBXFileReference; fileEncoding = 4; lastKnownFileType = sourcecode.c.objc; path = Costume.m; sourceTree = "<group>"; };
		B4FDF37A15A82F1E00CBCF03 /* Sprite.h */ = {isa = PBXFileReference; fileEncoding = 4; lastKnownFileType = sourcecode.c.h; path = Sprite.h; sourceTree = "<group>"; };
		B4FDF37B15A82F1E00CBCF03 /* Sprite.m */ = {isa = PBXFileReference; fileEncoding = 4; lastKnownFileType = sourcecode.c.objc; path = Sprite.m; sourceTree = "<group>"; };
		B4FDF37E15A82F3100CBCF03 /* Level.h */ = {isa = PBXFileReference; fileEncoding = 4; lastKnownFileType = sourcecode.c.h; path = Level.h; sourceTree = "<group>"; };
		B4FDF37F15A82F3100CBCF03 /* Level.m */ = {isa = PBXFileReference; fileEncoding = 4; lastKnownFileType = sourcecode.c.objc; path = Level.m; sourceTree = "<group>"; };
		B4FDF38215A82F4D00CBCF03 /* Brick.h */ = {isa = PBXFileReference; fileEncoding = 4; lastKnownFileType = sourcecode.c.h; path = Brick.h; sourceTree = "<group>"; };
		B4FDF38315A82F4D00CBCF03 /* Brick.m */ = {isa = PBXFileReference; fileEncoding = 4; lastKnownFileType = sourcecode.c.objc; path = Brick.m; sourceTree = "<group>"; };
		B4FDF38415A82F4D00CBCF03 /* WaitBrick.h */ = {isa = PBXFileReference; fileEncoding = 4; lastKnownFileType = sourcecode.c.h; path = WaitBrick.h; sourceTree = "<group>"; };
		B4FDF38515A82F4D00CBCF03 /* WaitBrick.m */ = {isa = PBXFileReference; fileEncoding = 4; lastKnownFileType = sourcecode.c.objc; path = WaitBrick.m; sourceTree = "<group>"; };
		B4FDF38615A82F4D00CBCF03 /* SetCostumeBrick.h */ = {isa = PBXFileReference; fileEncoding = 4; lastKnownFileType = sourcecode.c.h; path = SetCostumeBrick.h; sourceTree = "<group>"; };
		B4FDF38715A82F4D00CBCF03 /* SetCostumeBrick.m */ = {isa = PBXFileReference; fileEncoding = 4; lastKnownFileType = sourcecode.c.objc; path = SetCostumeBrick.m; sourceTree = "<group>"; };
		B4FDF39515A833DA00CBCF03 /* catty_icon_retina.png */ = {isa = PBXFileReference; lastKnownFileType = image.png; name = catty_icon_retina.png; path = ../catty_icon_retina.png; sourceTree = "<group>"; };
		CD25FE1415B0642400719D12 /* PlaceAtBrick.h */ = {isa = PBXFileReference; fileEncoding = 4; lastKnownFileType = sourcecode.c.h; path = PlaceAtBrick.h; sourceTree = "<group>"; };
		CD25FE1515B0642400719D12 /* PlaceAtBrick.m */ = {isa = PBXFileReference; fileEncoding = 4; lastKnownFileType = sourcecode.c.objc; path = PlaceAtBrick.m; sourceTree = "<group>"; };
		CD46F919160A433200207178 /* ChangeXByBrick.h */ = {isa = PBXFileReference; fileEncoding = 4; lastKnownFileType = sourcecode.c.h; path = ChangeXByBrick.h; sourceTree = "<group>"; };
		CD46F91A160A433200207178 /* ChangeXByBrick.m */ = {isa = PBXFileReference; fileEncoding = 4; lastKnownFileType = sourcecode.c.objc; path = ChangeXByBrick.m; sourceTree = "<group>"; };
		CD85F51216077C67007C38D1 /* SetXBrick.h */ = {isa = PBXFileReference; fileEncoding = 4; lastKnownFileType = sourcecode.c.h; path = SetXBrick.h; sourceTree = "<group>"; };
		CD85F51316077C67007C38D1 /* SetXBrick.m */ = {isa = PBXFileReference; fileEncoding = 4; lastKnownFileType = sourcecode.c.objc; path = SetXBrick.m; sourceTree = "<group>"; };
		CD85F51516077C75007C38D1 /* SetYBrick.h */ = {isa = PBXFileReference; fileEncoding = 4; lastKnownFileType = sourcecode.c.h; path = SetYBrick.h; sourceTree = "<group>"; };
		CD85F51616077C75007C38D1 /* SetYBrick.m */ = {isa = PBXFileReference; fileEncoding = 4; lastKnownFileType = sourcecode.c.objc; path = SetYBrick.m; sourceTree = "<group>"; };
		CD85F52A16083315007C38D1 /* BroadcastBrick.h */ = {isa = PBXFileReference; fileEncoding = 4; lastKnownFileType = sourcecode.c.h; path = BroadcastBrick.h; sourceTree = "<group>"; };
		CD85F52B16083315007C38D1 /* BroadcastBrick.m */ = {isa = PBXFileReference; fileEncoding = 4; lastKnownFileType = sourcecode.c.objc; path = BroadcastBrick.m; sourceTree = "<group>"; };
		CD85F53B16085DD5007C38D1 /* SpriteManagerDelegate.h */ = {isa = PBXFileReference; lastKnownFileType = sourcecode.c.h; path = SpriteManagerDelegate.h; sourceTree = "<group>"; };
		CD85F53D160864F3007C38D1 /* ComeToFrontBrick.h */ = {isa = PBXFileReference; fileEncoding = 4; lastKnownFileType = sourcecode.c.h; path = ComeToFrontBrick.h; sourceTree = "<group>"; };
		CD85F53E160864F3007C38D1 /* ComeToFrontBrick.m */ = {isa = PBXFileReference; fileEncoding = 4; lastKnownFileType = sourcecode.c.objc; path = ComeToFrontBrick.m; sourceTree = "<group>"; };
		CD85F54A16099CBE007C38D1 /* ChangeSizeByNBrick.h */ = {isa = PBXFileReference; fileEncoding = 4; lastKnownFileType = sourcecode.c.h; path = ChangeSizeByNBrick.h; sourceTree = "<group>"; };
		CD85F54B16099CBE007C38D1 /* ChangeSizeByNBrick.m */ = {isa = PBXFileReference; fileEncoding = 4; lastKnownFileType = sourcecode.c.objc; path = ChangeSizeByNBrick.m; sourceTree = "<group>"; };
		CD85F55D1609AED0007C38D1 /* rocket */ = {isa = PBXFileReference; lastKnownFileType = folder; path = rocket; sourceTree = "<group>"; };
		CD8B83881609FC42003A3C9E /* StageViewController.h */ = {isa = PBXFileReference; fileEncoding = 4; lastKnownFileType = sourcecode.c.h; path = StageViewController.h; sourceTree = "<group>"; };
		CD8B83891609FC42003A3C9E /* StageViewController.m */ = {isa = PBXFileReference; fileEncoding = 4; lastKnownFileType = sourcecode.c.objc; path = StageViewController.m; sourceTree = "<group>"; };
		CD8FA5AA1605D91300FC282F /* NextCostumeBrick.h */ = {isa = PBXFileReference; fileEncoding = 4; lastKnownFileType = sourcecode.c.h; path = NextCostumeBrick.h; sourceTree = "<group>"; };
		CD8FA5AB1605D91300FC282F /* NextCostumeBrick.m */ = {isa = PBXFileReference; fileEncoding = 4; lastKnownFileType = sourcecode.c.objc; path = NextCostumeBrick.m; sourceTree = "<group>"; };
		CD8FA5AF16063EA700FC282F /* HideBrick.h */ = {isa = PBXFileReference; fileEncoding = 4; lastKnownFileType = sourcecode.c.h; path = HideBrick.h; sourceTree = "<group>"; };
		CD8FA5B016063EA700FC282F /* HideBrick.m */ = {isa = PBXFileReference; fileEncoding = 4; lastKnownFileType = sourcecode.c.objc; path = HideBrick.m; sourceTree = "<group>"; };
		CD8FA5B216063EBA00FC282F /* ShowBrick.h */ = {isa = PBXFileReference; fileEncoding = 4; lastKnownFileType = sourcecode.c.h; path = ShowBrick.h; sourceTree = "<group>"; };
		CD8FA5B316063EBA00FC282F /* ShowBrick.m */ = {isa = PBXFileReference; fileEncoding = 4; lastKnownFileType = sourcecode.c.objc; path = ShowBrick.m; sourceTree = "<group>"; };
		CD922D6D16143BF50039C53A /* LoopBrick.h */ = {isa = PBXFileReference; fileEncoding = 4; lastKnownFileType = sourcecode.c.h; path = LoopBrick.h; sourceTree = "<group>"; };
		CD922D6E16143BF50039C53A /* LoopBrick.m */ = {isa = PBXFileReference; fileEncoding = 4; lastKnownFileType = sourcecode.c.objc; path = LoopBrick.m; sourceTree = "<group>"; };
		CD922D7016144C870039C53A /* RepeatBrick.h */ = {isa = PBXFileReference; fileEncoding = 4; lastKnownFileType = sourcecode.c.h; path = RepeatBrick.h; sourceTree = "<group>"; };
		CD922D7116144C870039C53A /* RepeatBrick.m */ = {isa = PBXFileReference; fileEncoding = 4; lastKnownFileType = sourcecode.c.objc; path = RepeatBrick.m; sourceTree = "<group>"; };
		CD922D85161454AD0039C53A /* GoNStepsBackBrick.h */ = {isa = PBXFileReference; fileEncoding = 4; lastKnownFileType = sourcecode.c.h; path = GoNStepsBackBrick.h; sourceTree = "<group>"; };
		CD922D86161454AD0039C53A /* GoNStepsBackBrick.m */ = {isa = PBXFileReference; fileEncoding = 4; lastKnownFileType = sourcecode.c.objc; path = GoNStepsBackBrick.m; sourceTree = "<group>"; };
		CD922D8916145CED0039C53A /* ChangeYByBrick.h */ = {isa = PBXFileReference; fileEncoding = 4; lastKnownFileType = sourcecode.c.h; path = ChangeYByBrick.h; sourceTree = "<group>"; };
		CD922D8A16145CED0039C53A /* ChangeYByBrick.m */ = {isa = PBXFileReference; fileEncoding = 4; lastKnownFileType = sourcecode.c.objc; path = ChangeYByBrick.m; sourceTree = "<group>"; };
		CD9438AA15DBAFC7002E6375 /* defaultProject */ = {isa = PBXFileReference; lastKnownFileType = folder; name = defaultProject; path = Projects/defaultProject; sourceTree = SOURCE_ROOT; };
		CDBF7B8B1612F96900600B62 /* SetSizeToBrick.h */ = {isa = PBXFileReference; fileEncoding = 4; lastKnownFileType = sourcecode.c.h; path = SetSizeToBrick.h; sourceTree = "<group>"; };
		CDBF7B8C1612F96900600B62 /* SetSizeToBrick.m */ = {isa = PBXFileReference; fileEncoding = 4; lastKnownFileType = sourcecode.c.objc; path = SetSizeToBrick.m; sourceTree = "<group>"; };
		CDE35DEB15B4892C009A3524 /* GlideToBrick.h */ = {isa = PBXFileReference; fileEncoding = 4; lastKnownFileType = sourcecode.c.h; path = GlideToBrick.h; sourceTree = "<group>"; };
		CDE35DEC15B4892D009A3524 /* GlideToBrick.m */ = {isa = PBXFileReference; fileEncoding = 4; lastKnownFileType = sourcecode.c.objc; path = GlideToBrick.m; sourceTree = "<group>"; };
/* End PBXFileReference section */

/* Begin PBXFrameworksBuildPhase section */
		B4FDF31715A82C0F00CBCF03 /* Frameworks */ = {
			isa = PBXFrameworksBuildPhase;
			buildActionMask = 2147483647;
			files = (
				B412ACFE16133F2B0056B146 /* AVFoundation.framework in Frameworks */,
				B4A9ADC7160AF29300DFA55B /* QuartzCore.framework in Frameworks */,
				B43CF29B1609B5FC00E19CF3 /* libz.dylib in Frameworks */,
				B4FDF31F15A82C1000CBCF03 /* UIKit.framework in Frameworks */,
				B4FDF32115A82C1000CBCF03 /* Foundation.framework in Frameworks */,
				B4FDF32315A82C1000CBCF03 /* CoreGraphics.framework in Frameworks */,
				B4FDF32515A82C1000CBCF03 /* GLKit.framework in Frameworks */,
				B4FDF32715A82C1000CBCF03 /* OpenGLES.framework in Frameworks */,
			);
			runOnlyForDeploymentPostprocessing = 0;
		};
		B4FDF33F15A82C1000CBCF03 /* Frameworks */ = {
			isa = PBXFrameworksBuildPhase;
			buildActionMask = 2147483647;
			files = (
				B412AD08161342240056B146 /* AVFoundation.framework in Frameworks */,
				B40C723B15A88DFD005A8EC7 /* GLKit.framework in Frameworks */,
				B40C723515A88687005A8EC7 /* CoreGraphics.framework in Frameworks */,
				B4FDF34515A82C1000CBCF03 /* SenTestingKit.framework in Frameworks */,
				B4FDF34615A82C1000CBCF03 /* UIKit.framework in Frameworks */,
				B4FDF34715A82C1000CBCF03 /* Foundation.framework in Frameworks */,
			);
			runOnlyForDeploymentPostprocessing = 0;
		};
/* End PBXFrameworksBuildPhase section */

/* Begin PBXGroup section */
		B40C723415A88076005A8EC7 /* DataModelTests */ = {
			isa = PBXGroup;
			children = (
				B419691616144E0A00AFC8C8 /* DataModelBricksTests */,
				B40C723715A88AD8005A8EC7 /* DataModelSpriteTests */,
				B40C723615A88949005A8EC7 /* DataModelCostumeTests */,
			);
			name = DataModelTests;
			sourceTree = "<group>";
		};
		B40C723615A88949005A8EC7 /* DataModelCostumeTests */ = {
			isa = PBXGroup;
			children = (
				B40C723015A88072005A8EC7 /* DataModelCostumeTests.h */,
				B40C723115A88072005A8EC7 /* DataModelCostumeTests.m */,
			);
			name = DataModelCostumeTests;
			sourceTree = "<group>";
		};
		B40C723715A88AD8005A8EC7 /* DataModelSpriteTests */ = {
			isa = PBXGroup;
			children = (
				B40C723815A88AF6005A8EC7 /* DataModelSpriteTests.h */,
				B40C723915A88AF6005A8EC7 /* DataModelSpriteTests.m */,
			);
			name = DataModelSpriteTests;
			sourceTree = "<group>";
		};
		B40C723C15A88E72005A8EC7 /* TestResources */ = {
			isa = PBXGroup;
			children = (
				B415DC4415BAE3CF0076275E /* projectcode.xml */,
				B415DC3A15BAB86B0076275E /* defaultProject.xml */,
				B40C723D15A88E7B005A8EC7 /* Images */,
			);
			name = TestResources;
			sourceTree = "<group>";
		};
		B40C723D15A88E7B005A8EC7 /* Images */ = {
			isa = PBXGroup;
			children = (
				B40C723E15A88E9E005A8EC7 /* kittycat.png */,
			);
			name = Images;
			sourceTree = "<group>";
		};
		B412ACF716133D680056B146 /* PlaySoundBrick */ = {
			isa = PBXGroup;
			children = (
				B412ACF316133D5C0056B146 /* PlaySoundBrick.h */,
				B412ACF216133D5C0056B146 /* PlaySoundBrick.m */,
			);
			name = PlaySoundBrick;
			sourceTree = "<group>";
		};
		B412ACFC16133D840056B146 /* StopAllSoundsBrick */ = {
			isa = PBXGroup;
			children = (
				B412ACF816133D7B0056B146 /* StopAllSoundsBrick.h */,
				B412ACF916133D7B0056B146 /* StopAllSoundsBrick.m */,
			);
			name = StopAllSoundsBrick;
			sourceTree = "<group>";
		};
		B415DC3615B9F8450076275E /* Util */ = {
			isa = PBXGroup;
			children = (
				B415DC3715B9F8540076275E /* Util.h */,
				B415DC3815B9F8540076275E /* Util.m */,
			);
			name = Util;
			sourceTree = "<group>";
		};
		B415DC3D15BABB420076275E /* Enums */ = {
			isa = PBXGroup;
			children = (
				B415DC3E15BABB4F0076275E /* enums.h */,
			);
			name = Enums;
			sourceTree = "<group>";
		};
		B415DC3F15BAC5A20076275E /* Brick */ = {
			isa = PBXGroup;
			children = (
				B4FDF38215A82F4D00CBCF03 /* Brick.h */,
				B4FDF38315A82F4D00CBCF03 /* Brick.m */,
			);
			name = Brick;
			sourceTree = "<group>";
		};
		B415DC4015BAC5AE0076275E /* WaitBrick */ = {
			isa = PBXGroup;
			children = (
				B4FDF38415A82F4D00CBCF03 /* WaitBrick.h */,
				B4FDF38515A82F4D00CBCF03 /* WaitBrick.m */,
			);
			name = WaitBrick;
			sourceTree = "<group>";
		};
		B415DC4115BAC5B70076275E /* SetCostumeBrick */ = {
			isa = PBXGroup;
			children = (
				B4FDF38615A82F4D00CBCF03 /* SetCostumeBrick.h */,
				B4FDF38715A82F4D00CBCF03 /* SetCostumeBrick.m */,
			);
			name = SetCostumeBrick;
			sourceTree = "<group>";
		};
		B415DC4215BAC5C00076275E /* PlaceAtBrick */ = {
			isa = PBXGroup;
			children = (
				CD25FE1415B0642400719D12 /* PlaceAtBrick.h */,
				CD25FE1515B0642400719D12 /* PlaceAtBrick.m */,
			);
			name = PlaceAtBrick;
			sourceTree = "<group>";
		};
		B415DC4315BAC5C80076275E /* GlideToBrick */ = {
			isa = PBXGroup;
			children = (
				CDE35DEB15B4892C009A3524 /* GlideToBrick.h */,
				CDE35DEC15B4892D009A3524 /* GlideToBrick.m */,
			);
			name = GlideToBrick;
			sourceTree = "<group>";
		};
		B419691616144E0A00AFC8C8 /* DataModelBricksTests */ = {
			isa = PBXGroup;
			children = (
				B419691816144E8A00AFC8C8 /* DataModelBricksTest.h */,
				B419691916144E8A00AFC8C8 /* DataModelBricksTest.m */,
			);
			name = DataModelBricksTests;
			sourceTree = "<group>";
		};
		B419691B161452D000AFC8C8 /* SetVolumeToBrick */ = {
			isa = PBXGroup;
			children = (
				B419691C1614530200AFC8C8 /* SetVolumeToBrick.h */,
				B419691D1614530200AFC8C8 /* SetVolumeToBrick.m */,
			);
			name = SetVolumeToBrick;
			sourceTree = "<group>";
		};
		B419692416147CD700AFC8C8 /* ChangeVolumeByBrick */ = {
			isa = PBXGroup;
			children = (
				B419692016147CD100AFC8C8 /* ChangeVolumeByBrick.h */,
				B419692116147CD100AFC8C8 /* ChangeVolumeByBrick.m */,
			);
			name = ChangeVolumeByBrick;
			sourceTree = "<group>";
		};
		B438FC8916108E2F00D6B911 /* FeaturedProjectsViewController */ = {
			isa = PBXGroup;
			children = (
				B438FC8B16108E5200D6B911 /* FeaturedProjectsViewController.h */,
				B438FC8C16108E5200D6B911 /* FeaturedProjectsViewController.m */,
			);
			name = FeaturedProjectsViewController;
			sourceTree = "<group>";
		};
		B43CF2341608E08500E19CF3 /* RecentProjectsViewController */ = {
			isa = PBXGroup;
			children = (
				B43CF2361608E0A000E19CF3 /* RecentProjectsViewController.h */,
				B43CF2371608E0A000E19CF3 /* RecentProjectsViewController.m */,
			);
			name = RecentProjectsViewController;
			sourceTree = "<group>";
		};
		B43CF2391609925500E19CF3 /* RootViewController */ = {
			isa = PBXGroup;
			children = (
				B43CF23A1609926D00E19CF3 /* RootViewController.h */,
				B43CF23B1609926D00E19CF3 /* RootViewController.m */,
			);
			name = RootViewController;
			sourceTree = "<group>";
		};
		B43CF2411609A5C300E19CF3 /* Helper */ = {
			isa = PBXGroup;
			children = (
				B479E9231611A3DA000B1DFA /* FileManager */,
				B4A9ADC9160B018100DFA55B /* CustomViews */,
				B43CF2D7160ADE4B00E19CF3 /* ImageSprite (not in use) */,
				B43CF2B21609C8FC00E19CF3 /* Zip */,
			);
			name = Helper;
			sourceTree = "<group>";
		};
		B43CF2881609B4E700E19CF3 /* minizip */ = {
			isa = PBXGroup;
			children = (
				B43CF2891609B4E700E19CF3 /* crypt.h */,
				B43CF28A1609B4E700E19CF3 /* ioapi.c */,
				B43CF28B1609B4E700E19CF3 /* ioapi.h */,
				B43CF28C1609B4E700E19CF3 /* mztools.c */,
				B43CF28D1609B4E700E19CF3 /* mztools.h */,
				B43CF28E1609B4E700E19CF3 /* unzip.c */,
				B43CF28F1609B4E700E19CF3 /* unzip.h */,
				B43CF2901609B4E700E19CF3 /* zip.c */,
				B43CF2911609B4E700E19CF3 /* zip.h */,
			);
			path = minizip;
			sourceTree = "<group>";
		};
		B43CF29C1609BCE600E19CF3 /* MyProjectsViewController */ = {
			isa = PBXGroup;
			children = (
				B43CF2A01609BD1400E19CF3 /* MyProjectsViewController.h */,
				B43CF2A11609BD1400E19CF3 /* MyProjectsViewController.m */,
			);
			name = MyProjectsViewController;
			sourceTree = "<group>";
		};
		B43CF2A31609BE2800E19CF3 /* LevelLoadingInfo */ = {
			isa = PBXGroup;
			children = (
				B43CF2A51609BE4D00E19CF3 /* LevelLoadingInfo.h */,
				B43CF2A61609BE4D00E19CF3 /* LevelLoadingInfo.m */,
			);
			name = LevelLoadingInfo;
			sourceTree = "<group>";
		};
		B43CF2A81609C3D900E19CF3 /* UI */ = {
			isa = PBXGroup;
			children = (
				B4A0C5561611CEE200A28F6A /* back.png */,
				B4A0C5571611CEE200A28F6A /* back@2x.png */,
				B4A0C5511611CE4100A28F6A /* play.png */,
				B4A0C5521611CE4100A28F6A /* play@2x.png */,
				B43CF2DD160AE72600E19CF3 /* startBackground.png */,
				B43CF2DE160AE72600E19CF3 /* startBackground@2x.png */,
				B43CF2AD1609C6BC00E19CF3 /* container.png */,
				B43CF2AE1609C6BC00E19CF3 /* container@2x.png */,
				B43CF2A91609C41300E19CF3 /* background.png */,
				B43CF2AA1609C41300E19CF3 /* background@2x.png */,
			);
			name = UI;
			sourceTree = "<group>";
		};
		B43CF2B21609C8FC00E19CF3 /* Zip */ = {
			isa = PBXGroup;
			children = (
				B43CF2881609B4E700E19CF3 /* minizip */,
				B43CF2921609B4E700E19CF3 /* SSZipArchive.h */,
				B43CF2931609B4E700E19CF3 /* SSZipArchive.m */,
			);
			name = Zip;
			sourceTree = "<group>";
		};
		B43CF2D2160ADCC200E19CF3 /* StartScreenViewController */ = {
			isa = PBXGroup;
			children = (
				B43CF2D4160ADCE800E19CF3 /* StartScreenViewController.h */,
				B43CF2D5160ADCE800E19CF3 /* StartScreenViewController.m */,
			);
			name = StartScreenViewController;
			sourceTree = "<group>";
		};
		B43CF2D7160ADE4B00E19CF3 /* ImageSprite (not in use) */ = {
			isa = PBXGroup;
			children = (
				B43CF2D8160ADE5E00E19CF3 /* ImageSprite.h */,
				B43CF2D9160ADE5E00E19CF3 /* ImageSprite.m */,
			);
			name = "ImageSprite (not in use)";
			sourceTree = "<group>";
		};
		B468CDBA16078AFB007300A0 /* ListProjectsViewController */ = {
			isa = PBXGroup;
			children = (
				B468CDBC16078B59007300A0 /* ListProjectsViewController.h */,
				B468CDBD16078B59007300A0 /* ListProjectsViewController.m */,
			);
			name = ListProjectsViewController;
			sourceTree = "<group>";
		};
		B468CDBF160790AD007300A0 /* JSON */ = {
			isa = PBXGroup;
			children = (
				B468CDC416079423007300A0 /* CatrobatProject */,
				B468CDC0160790B4007300A0 /* CatrobatInformation */,
			);
			name = JSON;
			sourceTree = "<group>";
		};
		B468CDC0160790B4007300A0 /* CatrobatInformation */ = {
			isa = PBXGroup;
			children = (
				B468CDC1160790CF007300A0 /* CatrobatInformation.h */,
				B468CDC2160790CF007300A0 /* CatrobatInformation.m */,
			);
			name = CatrobatInformation;
			sourceTree = "<group>";
		};
		B468CDC416079423007300A0 /* CatrobatProject */ = {
			isa = PBXGroup;
			children = (
				B468CDC616079438007300A0 /* CatrobatProject.h */,
				B468CDC716079438007300A0 /* CatrobatProject.m */,
			);
			name = CatrobatProject;
			sourceTree = "<group>";
		};
		B479E91E1611A3BF000B1DFA /* Resources */ = {
			isa = PBXGroup;
			children = (
				B479E9201611A3CB000B1DFA /* DefaultProject.catrobat */,
				B4A0C5451611B8B200A28F6A /* Testproject123.catrobat */,
			);
			name = Resources;
			sourceTree = "<group>";
		};
		B479E9231611A3DA000B1DFA /* FileManager */ = {
			isa = PBXGroup;
			children = (
				B479E9251611A3F1000B1DFA /* FileManager.h */,
				B479E9261611A3F1000B1DFA /* FileManager.m */,
			);
			name = FileManager;
			sourceTree = "<group>";
		};
		B479E9291611A6FD000B1DFA /* FileManagerTests */ = {
			isa = PBXGroup;
			children = (
				B479E92E1611A7C5000B1DFA /* FileManagerTests.h */,
				B479E92F1611A7C5000B1DFA /* FileManagerTests.m */,
			);
			name = FileManagerTests;
			sourceTree = "<group>";
		};
		B4A9ADC9160B018100DFA55B /* CustomViews */ = {
			isa = PBXGroup;
			children = (
				B4A9ADCA160B02A200DFA55B /* CreateView.h */,
				B4A9ADCB160B02A200DFA55B /* CreateView.m */,
			);
			name = CustomViews;
			sourceTree = "<group>";
		};
		B4A9ADCD160B059700DFA55B /* BaseClasses */ = {
			isa = PBXGroup;
			children = (
				B4A9ADCE160B05A100DFA55B /* ProjectBrowserBaseClass */,
			);
			name = BaseClasses;
			sourceTree = "<group>";
		};
		B4A9ADCE160B05A100DFA55B /* ProjectBrowserBaseClass */ = {
			isa = PBXGroup;
			children = (
				B4A9ADCF160B05B800DFA55B /* ProjectBrowserBaseClassViewController.h */,
				B4A9ADD0160B05B800DFA55B /* ProjectBrowserBaseClassViewController.m */,
			);
			name = ProjectBrowserBaseClass;
			sourceTree = "<group>";
		};
		B4B4094315B2E87700DCFAE5 /* ParserTests */ = {
			isa = PBXGroup;
			children = (
				B4B4094715B2E8BF00DCFAE5 /* ParserTests.h */,
				B4B4094815B2E8BF00DCFAE5 /* ParserTests.m */,
			);
			name = ParserTests;
			sourceTree = "<group>";
		};
		B4B487B315B730C2004AC99E /* XMLParser */ = {
			isa = PBXGroup;
			children = (
				B4B4092F15B2E07900DCFAE5 /* XMLParser.h */,
				B4B4093015B2E07900DCFAE5 /* XMLParser.m */,
			);
			name = XMLParser;
			sourceTree = "<group>";
		};
		B4B487B515B730CA004AC99E /* TestParser */ = {
			isa = PBXGroup;
			children = (
				B4FDF36115A82E9800CBCF03 /* TestParser.h */,
				B4FDF36215A82E9800CBCF03 /* TestParser.m */,
			);
			name = TestParser;
			sourceTree = "<group>";
		};
		B4B487B615B730D2004AC99E /* XMLAppDelegate */ = {
			isa = PBXGroup;
			children = (
				B4B4093315B2E0FD00DCFAE5 /* XMLAppDelegate.h */,
				B4B4093415B2E0FD00DCFAE5 /* XMLAppDelegate.m */,
			);
			name = XMLAppDelegate;
			sourceTree = "<group>";
		};
		B4B487B715B730E0004AC99E /* RetailParser */ = {
			isa = PBXGroup;
			children = (
				B4B4093615B2E20700DCFAE5 /* RetailParser.h */,
				B4B4093715B2E20700DCFAE5 /* RetailParser.m */,
			);
			name = RetailParser;
			sourceTree = "<group>";
		};
		B4C4D9D8160C48E700E4FD19 /* ViewTests */ = {
			isa = PBXGroup;
			children = (
				B4C4D9D9160C48EE00E4FD19 /* CreateViewTests */,
			);
			name = ViewTests;
			sourceTree = "<group>";
		};
		B4C4D9D9160C48EE00E4FD19 /* CreateViewTests */ = {
			isa = PBXGroup;
			children = (
				B4C4D9DA160C490500E4FD19 /* CreateViewTests.h */,
				B4C4D9DB160C490500E4FD19 /* CreateViewTests.m */,
			);
			name = CreateViewTests;
			sourceTree = "<group>";
		};
		B4C4D9DD160C49EB00E4FD19 /* JSONTests */ = {
			isa = PBXGroup;
			children = (
				B4C4D9DE160C49F400E4FD19 /* CatrobatProjectTests */,
			);
			name = JSONTests;
			sourceTree = "<group>";
		};
		B4C4D9DE160C49F400E4FD19 /* CatrobatProjectTests */ = {
			isa = PBXGroup;
			children = (
				B4C4D9DF160C4A0D00E4FD19 /* CatrobatProjectTests.h */,
				B4C4D9E0160C4A0D00E4FD19 /* CatrobatProjectTests.m */,
			);
			name = CatrobatProjectTests;
			sourceTree = "<group>";
		};
		B4F05A9715B888E400C90ED0 /* gdata */ = {
			isa = PBXGroup;
			children = (
				B4F05A9915B888EE00C90ED0 /* GDataXMLNode.h */,
				B4F05A9A15B888EE00C90ED0 /* GDataXMLNode.m */,
			);
			name = gdata;
			sourceTree = "<group>";
		};
		B4FDF30F15A82C0F00CBCF03 = {
			isa = PBXGroup;
			children = (
				B4FDF32815A82C1000CBCF03 /* Catty */,
				B4FDF34A15A82C1000CBCF03 /* CattyTests */,
				B4FDF31D15A82C1000CBCF03 /* Frameworks */,
				B4FDF31B15A82C1000CBCF03 /* Products */,
			);
			sourceTree = "<group>";
		};
		B4FDF31B15A82C1000CBCF03 /* Products */ = {
			isa = PBXGroup;
			children = (
				B4FDF31A15A82C1000CBCF03 /* Catty.app */,
				B4FDF34315A82C1000CBCF03 /* CattyTests.octest */,
			);
			name = Products;
			sourceTree = "<group>";
		};
		B4FDF31D15A82C1000CBCF03 /* Frameworks */ = {
			isa = PBXGroup;
			children = (
				B412ACFD16133F2B0056B146 /* AVFoundation.framework */,
				B4A9ADC6160AF29300DFA55B /* QuartzCore.framework */,
				B43CF29A1609B5FC00E19CF3 /* libz.dylib */,
				B4FDF31E15A82C1000CBCF03 /* UIKit.framework */,
				B4FDF32015A82C1000CBCF03 /* Foundation.framework */,
				B4FDF32215A82C1000CBCF03 /* CoreGraphics.framework */,
				B4FDF32415A82C1000CBCF03 /* GLKit.framework */,
				B4FDF32615A82C1000CBCF03 /* OpenGLES.framework */,
				B4FDF34415A82C1000CBCF03 /* SenTestingKit.framework */,
			);
			name = Frameworks;
			sourceTree = "<group>";
		};
		B4FDF32815A82C1000CBCF03 /* Catty */ = {
			isa = PBXGroup;
			children = (
				B479E91E1611A3BF000B1DFA /* Resources */,
				B4A9ADCD160B059700DFA55B /* BaseClasses */,
				CD85F53516085D07007C38D1 /* Delegates */,
				B43CF2411609A5C300E19CF3 /* Helper */,
				B415DC3D15BABB420076275E /* Enums */,
				B415DC3615B9F8450076275E /* Util */,
				B4FDF39915A8349900CBCF03 /* ViewController */,
				B4FDF35F15A82CBF00CBCF03 /* XMLParser */,
				B4FDF38C15A82FB200CBCF03 /* TEMP */,
				B4FDF36615A82EB100CBCF03 /* DataModel */,
				B4FDF36515A82EA000CBCF03 /* EventHandler */,
				B4FDF33115A82C1000CBCF03 /* CattyAppDelegate.h */,
				B4FDF33215A82C1000CBCF03 /* CattyAppDelegate.m */,
				B4FDF33415A82C1000CBCF03 /* MainStoryboard.storyboard */,
				B4FDF39715A833EA00CBCF03 /* Images */,
				B4FDF32915A82C1000CBCF03 /* Supporting Files */,
			);
			path = Catty;
			sourceTree = "<group>";
		};
		B4FDF32915A82C1000CBCF03 /* Supporting Files */ = {
			isa = PBXGroup;
			children = (
				B4FDF32A15A82C1000CBCF03 /* Catty-Info.plist */,
				B4FDF32B15A82C1000CBCF03 /* InfoPlist.strings */,
				B4FDF32E15A82C1000CBCF03 /* main.m */,
				B4FDF33015A82C1000CBCF03 /* Catty-Prefix.pch */,
			);
			name = "Supporting Files";
			sourceTree = "<group>";
		};
		B4FDF34A15A82C1000CBCF03 /* CattyTests */ = {
			isa = PBXGroup;
			children = (
				B479E9291611A6FD000B1DFA /* FileManagerTests */,
				B4C4D9DD160C49EB00E4FD19 /* JSONTests */,
				B4C4D9D8160C48E700E4FD19 /* ViewTests */,
				B4B4094315B2E87700DCFAE5 /* ParserTests */,
				B40C723C15A88E72005A8EC7 /* TestResources */,
				B40C723415A88076005A8EC7 /* DataModelTests */,
				B4FDF35015A82C1000CBCF03 /* CattyTests.h */,
				B4FDF35115A82C1000CBCF03 /* CattyTests.m */,
				B4FDF34B15A82C1000CBCF03 /* Supporting Files */,
			);
			path = CattyTests;
			sourceTree = "<group>";
		};
		B4FDF34B15A82C1000CBCF03 /* Supporting Files */ = {
			isa = PBXGroup;
			children = (
				B4FDF34C15A82C1000CBCF03 /* CattyTests-Info.plist */,
				B4FDF34D15A82C1000CBCF03 /* InfoPlist.strings */,
			);
			name = "Supporting Files";
			sourceTree = "<group>";
		};
		B4FDF35F15A82CBF00CBCF03 /* XMLParser */ = {
			isa = PBXGroup;
			children = (
				B4F05A9715B888E400C90ED0 /* gdata */,
				B4FDF36015A82E9800CBCF03 /* XMLParserProtocol.h */,
				B4B487B515B730CA004AC99E /* TestParser */,
				B4B487B315B730C2004AC99E /* XMLParser */,
				B4B487B615B730D2004AC99E /* XMLAppDelegate */,
				B4B487B715B730E0004AC99E /* RetailParser */,
				B4B487B815B73107004AC99E /* XMLLevels.h */,
				B4F05A9C15B8898100C90ED0 /* LevelParser.h */,
				B4F05A9D15B8898100C90ED0 /* LevelParser.m */,
			);
			name = XMLParser;
			sourceTree = "<group>";
		};
		B4FDF36515A82EA000CBCF03 /* EventHandler */ = {
			isa = PBXGroup;
			children = (
			);
			name = EventHandler;
			sourceTree = "<group>";
		};
		B4FDF36615A82EB100CBCF03 /* DataModel */ = {
			isa = PBXGroup;
			children = (
				B43CF2A31609BE2800E19CF3 /* LevelLoadingInfo */,
				B468CDBF160790AD007300A0 /* JSON */,
				B4FDF38115A82F3F00CBCF03 /* Bricks */,
				B4FDF37D15A82F2200CBCF03 /* Level */,
				B4FDF37915A82F0C00CBCF03 /* Sprite */,
				B4FDF37515A82EF500CBCF03 /* Costume */,
				B4FDF37115A82EC700CBCF03 /* Sound */,
				B4FDF36715A82EB800CBCF03 /* Scripts */,
			);
			name = DataModel;
			sourceTree = "<group>";
		};
		B4FDF36715A82EB800CBCF03 /* Scripts */ = {
			isa = PBXGroup;
			children = (
				B4FDF36815A82EC300CBCF03 /* Script.h */,
				B4FDF36915A82EC300CBCF03 /* Script.m */,
				B4FDF36A15A82EC300CBCF03 /* StartScript.h */,
				B4FDF36B15A82EC300CBCF03 /* StartScript.m */,
				B4FDF36C15A82EC300CBCF03 /* WhenScript.h */,
				B4FDF36D15A82EC300CBCF03 /* WhenScript.m */,
			);
			name = Scripts;
			sourceTree = "<group>";
		};
		B4FDF37115A82EC700CBCF03 /* Sound */ = {
			isa = PBXGroup;
			children = (
				B4FDF37215A82EF100CBCF03 /* Sound.h */,
				B4FDF37315A82EF100CBCF03 /* Sound.m */,
			);
			name = Sound;
			sourceTree = "<group>";
		};
		B4FDF37515A82EF500CBCF03 /* Costume */ = {
			isa = PBXGroup;
			children = (
				B4FDF37615A82F0700CBCF03 /* Costume.h */,
				B4FDF37715A82F0700CBCF03 /* Costume.m */,
			);
			name = Costume;
			sourceTree = "<group>";
		};
		B4FDF37915A82F0C00CBCF03 /* Sprite */ = {
			isa = PBXGroup;
			children = (
				B4FDF37A15A82F1E00CBCF03 /* Sprite.h */,
				B4FDF37B15A82F1E00CBCF03 /* Sprite.m */,
			);
			name = Sprite;
			sourceTree = "<group>";
		};
		B4FDF37D15A82F2200CBCF03 /* Level */ = {
			isa = PBXGroup;
			children = (
				B4FDF37E15A82F3100CBCF03 /* Level.h */,
				B4FDF37F15A82F3100CBCF03 /* Level.m */,
			);
			name = Level;
			sourceTree = "<group>";
		};
		B4FDF38115A82F3F00CBCF03 /* Bricks */ = {
			isa = PBXGroup;
			children = (
				B415DC3F15BAC5A20076275E /* Brick */,
				CD85F528160832FC007C38D1 /* BroadcastBrick */,
				CD85F54816099C3D007C38D1 /* ChangeSizeByN */,
				B419692416147CD700AFC8C8 /* ChangeVolumeByBrick */,
				CD46F918160A431000207178 /* ChangeXBy */,
				CD922D8816145CCC0039C53A /* ChangeYBy */,
				CD85F53C160864DF007C38D1 /* ComeToFront */,
				B415DC4315BAC5C80076275E /* GlideToBrick */,
				CD922D83161454970039C53A /* GoNStepsBack */,
				CD8FA5AD16063E8C00FC282F /* Hide */,
				CD922D6B16143BA80039C53A /* LoopBricks */,
				CD8FA5A81605D8B700FC282F /* NextCostumeBrick */,
				B415DC4215BAC5C00076275E /* PlaceAtBrick */,
				B412ACF716133D680056B146 /* PlaySoundBrick */,
				B415DC4115BAC5B70076275E /* SetCostumeBrick */,
				CDBF7B891612F94D00600B62 /* SetSizeTo */,
				B419691B161452D000AFC8C8 /* SetVolumeToBrick */,
				CD85F50F16077C42007C38D1 /* SetX */,
				CD85F51116077C4E007C38D1 /* SetY */,
				CD8FA5AE16063E9800FC282F /* Show */,
				B412ACFC16133D840056B146 /* StopAllSoundsBrick */,
				B415DC4015BAC5AE0076275E /* WaitBrick */,
				CD46F918160A431000207178 /* ChangeXBy */,
			);
			name = Bricks;
			sourceTree = "<group>";
		};
		B4FDF38C15A82FB200CBCF03 /* TEMP */ = {
			isa = PBXGroup;
			children = (
				CD85F55D1609AED0007C38D1 /* rocket */,
				CD9438AA15DBAFC7002E6375 /* defaultProject */,
			);
			name = TEMP;
			sourceTree = "<group>";
		};
		B4FDF39715A833EA00CBCF03 /* Images */ = {
			isa = PBXGroup;
			children = (
				B43CF2DB160AE17B00E19CF3 /* cloud.png */,
				B43CF2A81609C3D900E19CF3 /* UI */,
				B4FDF39815A833EF00CBCF03 /* Icons */,
			);
			name = Images;
			sourceTree = "<group>";
		};
		B4FDF39815A833EF00CBCF03 /* Icons */ = {
			isa = PBXGroup;
			children = (
				B4FDF39515A833DA00CBCF03 /* catty_icon_retina.png */,
			);
			name = Icons;
			sourceTree = "<group>";
		};
		B4FDF39915A8349900CBCF03 /* ViewController */ = {
			isa = PBXGroup;
			children = (
				B438FC8916108E2F00D6B911 /* FeaturedProjectsViewController */,
				B43CF2D2160ADCC200E19CF3 /* StartScreenViewController */,
				CD8B83861609FC06003A3C9E /* StageViewController */,
				B43CF29C1609BCE600E19CF3 /* MyProjectsViewController */,
				B43CF2391609925500E19CF3 /* RootViewController */,
				B43CF2341608E08500E19CF3 /* RecentProjectsViewController */,
				B468CDBA16078AFB007300A0 /* ListProjectsViewController */,
				B4FDF39A15A8349F00CBCF03 /* CattyViewController */,
			);
			name = ViewController;
			sourceTree = "<group>";
		};
		B4FDF39A15A8349F00CBCF03 /* CattyViewController */ = {
			isa = PBXGroup;
			children = (
				B4FDF33B15A82C1000CBCF03 /* CattyViewController.h */,
				B4FDF33C15A82C1000CBCF03 /* CattyViewController.m */,
			);
			name = CattyViewController;
			sourceTree = "<group>";
		};
		CD46F918160A431000207178 /* ChangeXBy */ = {
			isa = PBXGroup;
			children = (
				CD46F919160A433200207178 /* ChangeXByBrick.h */,
				CD46F91A160A433200207178 /* ChangeXByBrick.m */,
			);
			name = ChangeXBy;
			sourceTree = "<group>";
		};
		CD85F50F16077C42007C38D1 /* SetX */ = {
			isa = PBXGroup;
			children = (
				CD85F51216077C67007C38D1 /* SetXBrick.h */,
				CD85F51316077C67007C38D1 /* SetXBrick.m */,
			);
			name = SetX;
			sourceTree = "<group>";
		};
		CD85F51116077C4E007C38D1 /* SetY */ = {
			isa = PBXGroup;
			children = (
				CD85F51516077C75007C38D1 /* SetYBrick.h */,
				CD85F51616077C75007C38D1 /* SetYBrick.m */,
			);
			name = SetY;
			sourceTree = "<group>";
		};
		CD85F528160832FC007C38D1 /* BroadcastBrick */ = {
			isa = PBXGroup;
			children = (
				CD85F52A16083315007C38D1 /* BroadcastBrick.h */,
				CD85F52B16083315007C38D1 /* BroadcastBrick.m */,
			);
			name = BroadcastBrick;
			sourceTree = "<group>";
		};
		CD85F53516085D07007C38D1 /* Delegates */ = {
			isa = PBXGroup;
			children = (
				CD85F53B16085DD5007C38D1 /* SpriteManagerDelegate.h */,
			);
			name = Delegates;
			sourceTree = "<group>";
		};
		CD85F53C160864DF007C38D1 /* ComeToFront */ = {
			isa = PBXGroup;
			children = (
				CD85F53D160864F3007C38D1 /* ComeToFrontBrick.h */,
				CD85F53E160864F3007C38D1 /* ComeToFrontBrick.m */,
			);
			name = ComeToFront;
			sourceTree = "<group>";
		};
		CD85F54816099C3D007C38D1 /* ChangeSizeByN */ = {
			isa = PBXGroup;
			children = (
				CD85F54A16099CBE007C38D1 /* ChangeSizeByNBrick.h */,
				CD85F54B16099CBE007C38D1 /* ChangeSizeByNBrick.m */,
			);
			name = ChangeSizeByN;
			sourceTree = "<group>";
		};
		CD8B83861609FC06003A3C9E /* StageViewController */ = {
			isa = PBXGroup;
			children = (
				CD8B83881609FC42003A3C9E /* StageViewController.h */,
				CD8B83891609FC42003A3C9E /* StageViewController.m */,
			);
			name = StageViewController;
			sourceTree = "<group>";
		};
		CD8FA5A81605D8B700FC282F /* NextCostumeBrick */ = {
			isa = PBXGroup;
			children = (
				CD8FA5AA1605D91300FC282F /* NextCostumeBrick.h */,
				CD8FA5AB1605D91300FC282F /* NextCostumeBrick.m */,
			);
			name = NextCostumeBrick;
			sourceTree = "<group>";
		};
		CD8FA5AD16063E8C00FC282F /* Hide */ = {
			isa = PBXGroup;
			children = (
				CD8FA5AF16063EA700FC282F /* HideBrick.h */,
				CD8FA5B016063EA700FC282F /* HideBrick.m */,
			);
			name = Hide;
			sourceTree = "<group>";
		};
		CD8FA5AE16063E9800FC282F /* Show */ = {
			isa = PBXGroup;
			children = (
				CD8FA5B216063EBA00FC282F /* ShowBrick.h */,
				CD8FA5B316063EBA00FC282F /* ShowBrick.m */,
			);
			name = Show;
			sourceTree = "<group>";
		};
		CD922D6B16143BA80039C53A /* LoopBricks */ = {
			isa = PBXGroup;
			children = (
				CD922D6D16143BF50039C53A /* LoopBrick.h */,
				CD922D6E16143BF50039C53A /* LoopBrick.m */,
				CD922D7016144C870039C53A /* RepeatBrick.h */,
				CD922D7116144C870039C53A /* RepeatBrick.m */,
			);
			name = LoopBricks;
			sourceTree = "<group>";
		};
		CD922D83161454970039C53A /* GoNStepsBack */ = {
			isa = PBXGroup;
			children = (
				CD922D85161454AD0039C53A /* GoNStepsBackBrick.h */,
				CD922D86161454AD0039C53A /* GoNStepsBackBrick.m */,
			);
			name = GoNStepsBack;
			sourceTree = "<group>";
		};
		CD922D8816145CCC0039C53A /* ChangeYBy */ = {
			isa = PBXGroup;
			children = (
				CD922D8916145CED0039C53A /* ChangeYByBrick.h */,
				CD922D8A16145CED0039C53A /* ChangeYByBrick.m */,
			);
			name = ChangeYBy;
			sourceTree = "<group>";
		};
		CDBF7B891612F94D00600B62 /* SetSizeTo */ = {
			isa = PBXGroup;
			children = (
				CDBF7B8B1612F96900600B62 /* SetSizeToBrick.h */,
				CDBF7B8C1612F96900600B62 /* SetSizeToBrick.m */,
			);
			name = SetSizeTo;
			sourceTree = "<group>";
		};
/* End PBXGroup section */

/* Begin PBXNativeTarget section */
		B4FDF31915A82C0F00CBCF03 /* Catty */ = {
			isa = PBXNativeTarget;
			buildConfigurationList = B4FDF35515A82C1000CBCF03 /* Build configuration list for PBXNativeTarget "Catty" */;
			buildPhases = (
				B4FDF31615A82C0F00CBCF03 /* Sources */,
				B4FDF31715A82C0F00CBCF03 /* Frameworks */,
				B4FDF31815A82C0F00CBCF03 /* Resources */,
			);
			buildRules = (
			);
			dependencies = (
			);
			name = Catty;
			productName = Catty;
			productReference = B4FDF31A15A82C1000CBCF03 /* Catty.app */;
			productType = "com.apple.product-type.application";
		};
		B4FDF34215A82C1000CBCF03 /* CattyTests */ = {
			isa = PBXNativeTarget;
			buildConfigurationList = B4FDF35815A82C1000CBCF03 /* Build configuration list for PBXNativeTarget "CattyTests" */;
			buildPhases = (
				B4FDF33E15A82C1000CBCF03 /* Sources */,
				B4FDF33F15A82C1000CBCF03 /* Frameworks */,
				B4FDF34015A82C1000CBCF03 /* Resources */,
				B4FDF34115A82C1000CBCF03 /* ShellScript */,
			);
			buildRules = (
			);
			dependencies = (
				B4FDF34915A82C1000CBCF03 /* PBXTargetDependency */,
			);
			name = CattyTests;
			productName = CattyTests;
			productReference = B4FDF34315A82C1000CBCF03 /* CattyTests.octest */;
			productType = "com.apple.product-type.bundle";
		};
/* End PBXNativeTarget section */

/* Begin PBXProject section */
		B4FDF31115A82C0F00CBCF03 /* Project object */ = {
			isa = PBXProject;
			attributes = {
				CLASSPREFIX = Catty;
				LastUpgradeCheck = 0430;
				ORGANIZATIONNAME = "Graz University of Technology";
			};
			buildConfigurationList = B4FDF31415A82C0F00CBCF03 /* Build configuration list for PBXProject "Catty" */;
			compatibilityVersion = "Xcode 3.2";
			developmentRegion = English;
			hasScannedForEncodings = 0;
			knownRegions = (
				en,
			);
			mainGroup = B4FDF30F15A82C0F00CBCF03;
			productRefGroup = B4FDF31B15A82C1000CBCF03 /* Products */;
			projectDirPath = "";
			projectRoot = "";
			targets = (
				B4FDF31915A82C0F00CBCF03 /* Catty */,
				B4FDF34215A82C1000CBCF03 /* CattyTests */,
			);
		};
/* End PBXProject section */

/* Begin PBXResourcesBuildPhase section */
		B4FDF31815A82C0F00CBCF03 /* Resources */ = {
			isa = PBXResourcesBuildPhase;
			buildActionMask = 2147483647;
			files = (
				B4FDF32D15A82C1000CBCF03 /* InfoPlist.strings in Resources */,
				B4FDF33615A82C1000CBCF03 /* MainStoryboard.storyboard in Resources */,
				B4FDF39615A833DA00CBCF03 /* catty_icon_retina.png in Resources */,
				B415DC3B15BAB86B0076275E /* defaultProject.xml in Resources */,
				B415DC4515BAE3CF0076275E /* projectcode.xml in Resources */,
				CD9438AB15DBAFC7002E6375 /* defaultProject in Resources */,
				CD85F55E1609AED0007C38D1 /* rocket in Resources */,
				B43CF2AB1609C41300E19CF3 /* background.png in Resources */,
				B43CF2AC1609C41300E19CF3 /* background@2x.png in Resources */,
				B43CF2AF1609C6BC00E19CF3 /* container.png in Resources */,
				B43CF2B01609C6BC00E19CF3 /* container@2x.png in Resources */,
				B43CF2DC160AE17B00E19CF3 /* cloud.png in Resources */,
				B43CF2DF160AE72600E19CF3 /* startBackground.png in Resources */,
				B43CF2E0160AE72600E19CF3 /* startBackground@2x.png in Resources */,
				B479E9211611A3CB000B1DFA /* DefaultProject.catrobat in Resources */,
				B4A0C5461611B8B200A28F6A /* Testproject123.catrobat in Resources */,
				B4A0C5531611CE4100A28F6A /* play.png in Resources */,
				B4A0C5541611CE4100A28F6A /* play@2x.png in Resources */,
				B4A0C5581611CEE200A28F6A /* back.png in Resources */,
				B4A0C5591611CEE200A28F6A /* back@2x.png in Resources */,
			);
			runOnlyForDeploymentPostprocessing = 0;
		};
		B4FDF34015A82C1000CBCF03 /* Resources */ = {
			isa = PBXResourcesBuildPhase;
			buildActionMask = 2147483647;
			files = (
				B4FDF34F15A82C1000CBCF03 /* InfoPlist.strings in Resources */,
				B40C723F15A88E9E005A8EC7 /* kittycat.png in Resources */,
				B415DC3C15BAB86B0076275E /* defaultProject.xml in Resources */,
				B415DC4615BAE3CF0076275E /* projectcode.xml in Resources */,
				B479E9221611A3CB000B1DFA /* DefaultProject.catrobat in Resources */,
				B4A0C5471611B8B200A28F6A /* Testproject123.catrobat in Resources */,
			);
			runOnlyForDeploymentPostprocessing = 0;
		};
/* End PBXResourcesBuildPhase section */

/* Begin PBXShellScriptBuildPhase section */
		B4FDF34115A82C1000CBCF03 /* ShellScript */ = {
			isa = PBXShellScriptBuildPhase;
			buildActionMask = 2147483647;
			files = (
			);
			inputPaths = (
			);
			outputPaths = (
			);
			runOnlyForDeploymentPostprocessing = 0;
			shellPath = /bin/sh;
			shellScript = "# Run the unit tests in this test bundle.\n\"${SYSTEM_DEVELOPER_DIR}/Tools/RunUnitTests\"\n";
		};
/* End PBXShellScriptBuildPhase section */

/* Begin PBXSourcesBuildPhase section */
		B4FDF31615A82C0F00CBCF03 /* Sources */ = {
			isa = PBXSourcesBuildPhase;
			buildActionMask = 2147483647;
			files = (
				B4FDF32F15A82C1000CBCF03 /* main.m in Sources */,
				B4FDF33315A82C1000CBCF03 /* CattyAppDelegate.m in Sources */,
				B4FDF33D15A82C1000CBCF03 /* CattyViewController.m in Sources */,
				B4FDF36315A82E9800CBCF03 /* TestParser.m in Sources */,
				B4FDF36E15A82EC300CBCF03 /* Script.m in Sources */,
				B4FDF36F15A82EC300CBCF03 /* StartScript.m in Sources */,
				B4FDF37015A82EC300CBCF03 /* WhenScript.m in Sources */,
				B4FDF37415A82EF100CBCF03 /* Sound.m in Sources */,
				B4FDF37815A82F0700CBCF03 /* Costume.m in Sources */,
				B4FDF37C15A82F1E00CBCF03 /* Sprite.m in Sources */,
				B4FDF38015A82F3100CBCF03 /* Level.m in Sources */,
				B4FDF38815A82F4D00CBCF03 /* Brick.m in Sources */,
				B4FDF38915A82F4D00CBCF03 /* WaitBrick.m in Sources */,
				B4FDF38A15A82F4D00CBCF03 /* SetCostumeBrick.m in Sources */,
				B4B4093115B2E07900DCFAE5 /* XMLParser.m in Sources */,
				B4B4093515B2E0FD00DCFAE5 /* XMLAppDelegate.m in Sources */,
				CD25FE1615B0642400719D12 /* PlaceAtBrick.m in Sources */,
				CDE35DED15B4892D009A3524 /* GlideToBrick.m in Sources */,
				B4B4093815B2E20700DCFAE5 /* RetailParser.m in Sources */,
				B4F05A9B15B888EE00C90ED0 /* GDataXMLNode.m in Sources */,
				B4F05A9E15B8898100C90ED0 /* LevelParser.m in Sources */,
				B415DC3915B9F8540076275E /* Util.m in Sources */,
				CD8FA5AC1605D91300FC282F /* NextCostumeBrick.m in Sources */,
				CD8FA5B116063EA700FC282F /* HideBrick.m in Sources */,
				CD8FA5B416063EBA00FC282F /* ShowBrick.m in Sources */,
				CD85F51416077C67007C38D1 /* SetXBrick.m in Sources */,
				CD85F51716077C75007C38D1 /* SetYBrick.m in Sources */,
				CD85F52C16083315007C38D1 /* BroadcastBrick.m in Sources */,
				CD85F53F160864F3007C38D1 /* ComeToFrontBrick.m in Sources */,
				CD85F54C16099CBE007C38D1 /* ChangeSizeByNBrick.m in Sources */,
				B468CDBE16078B59007300A0 /* ListProjectsViewController.m in Sources */,
				B468CDC3160790CF007300A0 /* CatrobatInformation.m in Sources */,
				B468CDC816079438007300A0 /* CatrobatProject.m in Sources */,
				B43CF2381608E0A000E19CF3 /* RecentProjectsViewController.m in Sources */,
				B43CF23C1609926D00E19CF3 /* RootViewController.m in Sources */,
				B43CF2941609B4E700E19CF3 /* ioapi.c in Sources */,
				B43CF2951609B4E700E19CF3 /* mztools.c in Sources */,
				B43CF2961609B4E700E19CF3 /* unzip.c in Sources */,
				B43CF2971609B4E700E19CF3 /* zip.c in Sources */,
				B43CF2981609B4E700E19CF3 /* SSZipArchive.m in Sources */,
				B43CF2A21609BD1400E19CF3 /* MyProjectsViewController.m in Sources */,
				B43CF2A71609BE4D00E19CF3 /* LevelLoadingInfo.m in Sources */,
				CD8B838A1609FC42003A3C9E /* StageViewController.m in Sources */,
				CD46F91B160A433200207178 /* ChangeXByBrick.m in Sources */,
				B43CF2D6160ADCE800E19CF3 /* StartScreenViewController.m in Sources */,
				B43CF2DA160ADE5E00E19CF3 /* ImageSprite.m in Sources */,
				B4A9ADCC160B02A200DFA55B /* CreateView.m in Sources */,
				B4A9ADD1160B05B800DFA55B /* ProjectBrowserBaseClassViewController.m in Sources */,
				B438FC8D16108E5200D6B911 /* FeaturedProjectsViewController.m in Sources */,
				B479E9271611A3F1000B1DFA /* FileManager.m in Sources */,
				B412ACF416133D5C0056B146 /* PlaySoundBrick.m in Sources */,
				B412ACFA16133D7B0056B146 /* StopAllSoundsBrick.m in Sources */,
				CDBF7B8D1612F96900600B62 /* SetSizeToBrick.m in Sources */,
				CD922D6F16143BF50039C53A /* LoopBrick.m in Sources */,
				CD922D7216144C870039C53A /* RepeatBrick.m in Sources */,
				CD922D87161454AD0039C53A /* GoNStepsBackBrick.m in Sources */,
				CD922D8B16145CED0039C53A /* ChangeYByBrick.m in Sources */,
				B419691E1614530200AFC8C8 /* SetVolumeToBrick.m in Sources */,
				B419692216147CD100AFC8C8 /* ChangeVolumeByBrick.m in Sources */,
			);
			runOnlyForDeploymentPostprocessing = 0;
		};
		B4FDF33E15A82C1000CBCF03 /* Sources */ = {
			isa = PBXSourcesBuildPhase;
			buildActionMask = 2147483647;
			files = (
				B4FDF35215A82C1000CBCF03 /* CattyTests.m in Sources */,
				B4FDF36415A82E9800CBCF03 /* TestParser.m in Sources */,
				B40C723215A88072005A8EC7 /* DataModelCostumeTests.m in Sources */,
				B40C723A15A88AF6005A8EC7 /* DataModelSpriteTests.m in Sources */,
				B4B4094915B2E8BF00DCFAE5 /* ParserTests.m in Sources */,
				B4C4D9DC160C490500E4FD19 /* CreateViewTests.m in Sources */,
				B4C4D9E1160C4A0D00E4FD19 /* CatrobatProjectTests.m in Sources */,
				B479E9281611A3F1000B1DFA /* FileManager.m in Sources */,
				B479E9301611A7C5000B1DFA /* FileManagerTests.m in Sources */,
				B412ACF516133D5C0056B146 /* PlaySoundBrick.m in Sources */,
				B412ACFB16133D7B0056B146 /* StopAllSoundsBrick.m in Sources */,
				B419691A16144E8A00AFC8C8 /* DataModelBricksTest.m in Sources */,
				B419691F1614530200AFC8C8 /* SetVolumeToBrick.m in Sources */,
				B419692316147CD100AFC8C8 /* ChangeVolumeByBrick.m in Sources */,
			);
			runOnlyForDeploymentPostprocessing = 0;
		};
/* End PBXSourcesBuildPhase section */

/* Begin PBXTargetDependency section */
		B4FDF34915A82C1000CBCF03 /* PBXTargetDependency */ = {
			isa = PBXTargetDependency;
			target = B4FDF31915A82C0F00CBCF03 /* Catty */;
			targetProxy = B4FDF34815A82C1000CBCF03 /* PBXContainerItemProxy */;
		};
/* End PBXTargetDependency section */

/* Begin PBXVariantGroup section */
		B4FDF32B15A82C1000CBCF03 /* InfoPlist.strings */ = {
			isa = PBXVariantGroup;
			children = (
				B4FDF32C15A82C1000CBCF03 /* en */,
			);
			name = InfoPlist.strings;
			sourceTree = "<group>";
		};
		B4FDF33415A82C1000CBCF03 /* MainStoryboard.storyboard */ = {
			isa = PBXVariantGroup;
			children = (
				B4FDF33515A82C1000CBCF03 /* en */,
			);
			name = MainStoryboard.storyboard;
			sourceTree = "<group>";
		};
		B4FDF34D15A82C1000CBCF03 /* InfoPlist.strings */ = {
			isa = PBXVariantGroup;
			children = (
				B4FDF34E15A82C1000CBCF03 /* en */,
			);
			name = InfoPlist.strings;
			sourceTree = "<group>";
		};
/* End PBXVariantGroup section */

/* Begin XCBuildConfiguration section */
		B4FDF35315A82C1000CBCF03 /* Debug */ = {
			isa = XCBuildConfiguration;
			buildSettings = {
				ALWAYS_SEARCH_USER_PATHS = NO;
				ARCHS = "$(ARCHS_STANDARD_32_BIT)";
				CLANG_ENABLE_OBJC_ARC = YES;
				"CODE_SIGN_IDENTITY[sdk=iphoneos*]" = "iPhone Developer";
				COPY_PHASE_STRIP = NO;
				GCC_C_LANGUAGE_STANDARD = gnu99;
				GCC_DYNAMIC_NO_PIC = NO;
				GCC_OPTIMIZATION_LEVEL = 0;
				GCC_PREPROCESSOR_DEFINITIONS = (
					"DEBUG=1",
					"$(inherited)",
				);
				GCC_SYMBOLS_PRIVATE_EXTERN = NO;
				GCC_VERSION = com.apple.compilers.llvm.clang.1_0;
				GCC_WARN_ABOUT_RETURN_TYPE = YES;
				GCC_WARN_UNINITIALIZED_AUTOS = YES;
				GCC_WARN_UNUSED_VARIABLE = YES;
				IPHONEOS_DEPLOYMENT_TARGET = 5.1;
				SDKROOT = iphoneos;
			};
			name = Debug;
		};
		B4FDF35415A82C1000CBCF03 /* Release */ = {
			isa = XCBuildConfiguration;
			buildSettings = {
				ALWAYS_SEARCH_USER_PATHS = NO;
				ARCHS = "$(ARCHS_STANDARD_32_BIT)";
				CLANG_ENABLE_OBJC_ARC = YES;
				"CODE_SIGN_IDENTITY[sdk=iphoneos*]" = "iPhone Developer";
				COPY_PHASE_STRIP = YES;
				GCC_C_LANGUAGE_STANDARD = gnu99;
				GCC_VERSION = com.apple.compilers.llvm.clang.1_0;
				GCC_WARN_ABOUT_RETURN_TYPE = YES;
				GCC_WARN_UNINITIALIZED_AUTOS = YES;
				GCC_WARN_UNUSED_VARIABLE = YES;
				IPHONEOS_DEPLOYMENT_TARGET = 5.1;
				OTHER_CFLAGS = "-DNS_BLOCK_ASSERTIONS=1";
				SDKROOT = iphoneos;
				VALIDATE_PRODUCT = YES;
			};
			name = Release;
		};
		B4FDF35615A82C1000CBCF03 /* Debug */ = {
			isa = XCBuildConfiguration;
			buildSettings = {
				ALWAYS_SEARCH_USER_PATHS = YES;
				CODE_SIGN_IDENTITY = "iPhone Developer";
				"CODE_SIGN_IDENTITY[sdk=iphoneos*]" = "iPhone Developer";
				GCC_PRECOMPILE_PREFIX_HEADER = YES;
				GCC_PREFIX_HEADER = "Catty/Catty-Prefix.pch";
				"GCC_THUMB_SUPPORT[arch=armv6]" = "";
				HEADER_SEARCH_PATHS = /usr/include/libxml2;
				INFOPLIST_FILE = "Catty/Catty-Info.plist";
				OTHER_LDFLAGS = "-lxml2";
				PRODUCT_NAME = "$(TARGET_NAME)";
				PROVISIONING_PROFILE = "";
				"PROVISIONING_PROFILE[sdk=iphoneos*]" = "";
				USER_HEADER_SEARCH_PATHS = "$(SRCROOT)";
				WRAPPER_EXTENSION = app;
			};
			name = Debug;
		};
		B4FDF35715A82C1000CBCF03 /* Release */ = {
			isa = XCBuildConfiguration;
			buildSettings = {
				ALWAYS_SEARCH_USER_PATHS = YES;
				CODE_SIGN_IDENTITY = "iPhone Developer";
				"CODE_SIGN_IDENTITY[sdk=iphoneos*]" = "iPhone Developer";
				GCC_PRECOMPILE_PREFIX_HEADER = YES;
				GCC_PREFIX_HEADER = "Catty/Catty-Prefix.pch";
				"GCC_THUMB_SUPPORT[arch=armv6]" = "";
				HEADER_SEARCH_PATHS = /usr/include/libxml2;
				INFOPLIST_FILE = "Catty/Catty-Info.plist";
				OTHER_LDFLAGS = "-lxml2";
				PRODUCT_NAME = "$(TARGET_NAME)";
				PROVISIONING_PROFILE = "";
				"PROVISIONING_PROFILE[sdk=iphoneos*]" = "";
				USER_HEADER_SEARCH_PATHS = "$(SRCROOT)";
				WRAPPER_EXTENSION = app;
			};
			name = Release;
		};
		B4FDF35915A82C1000CBCF03 /* Debug */ = {
			isa = XCBuildConfiguration;
			buildSettings = {
				BUNDLE_LOADER = "$(BUILT_PRODUCTS_DIR)/Catty.app/Catty";
				FRAMEWORK_SEARCH_PATHS = (
					"$(SDKROOT)/Developer/Library/Frameworks",
					"$(DEVELOPER_LIBRARY_DIR)/Frameworks",
				);
				GCC_PRECOMPILE_PREFIX_HEADER = YES;
				GCC_PREFIX_HEADER = "Catty/Catty-Prefix.pch";
				HEADER_SEARCH_PATHS = /usr/include/libxml2;
				INFOPLIST_FILE = "CattyTests/CattyTests-Info.plist";
				OTHER_LDFLAGS = "";
				PRODUCT_NAME = "$(TARGET_NAME)";
				TEST_HOST = "$(BUNDLE_LOADER)";
				WRAPPER_EXTENSION = octest;
			};
			name = Debug;
		};
		B4FDF35A15A82C1000CBCF03 /* Release */ = {
			isa = XCBuildConfiguration;
			buildSettings = {
				BUNDLE_LOADER = "$(BUILT_PRODUCTS_DIR)/Catty.app/Catty";
				FRAMEWORK_SEARCH_PATHS = (
					"$(SDKROOT)/Developer/Library/Frameworks",
					"$(DEVELOPER_LIBRARY_DIR)/Frameworks",
				);
				GCC_PRECOMPILE_PREFIX_HEADER = YES;
				GCC_PREFIX_HEADER = "Catty/Catty-Prefix.pch";
				HEADER_SEARCH_PATHS = /usr/include/libxml2;
				INFOPLIST_FILE = "CattyTests/CattyTests-Info.plist";
				OTHER_LDFLAGS = "";
				PRODUCT_NAME = "$(TARGET_NAME)";
				TEST_HOST = "$(BUNDLE_LOADER)";
				WRAPPER_EXTENSION = octest;
			};
			name = Release;
		};
/* End XCBuildConfiguration section */

/* Begin XCConfigurationList section */
		B4FDF31415A82C0F00CBCF03 /* Build configuration list for PBXProject "Catty" */ = {
			isa = XCConfigurationList;
			buildConfigurations = (
				B4FDF35315A82C1000CBCF03 /* Debug */,
				B4FDF35415A82C1000CBCF03 /* Release */,
			);
			defaultConfigurationIsVisible = 0;
			defaultConfigurationName = Release;
		};
		B4FDF35515A82C1000CBCF03 /* Build configuration list for PBXNativeTarget "Catty" */ = {
			isa = XCConfigurationList;
			buildConfigurations = (
				B4FDF35615A82C1000CBCF03 /* Debug */,
				B4FDF35715A82C1000CBCF03 /* Release */,
			);
			defaultConfigurationIsVisible = 0;
			defaultConfigurationName = Release;
		};
		B4FDF35815A82C1000CBCF03 /* Build configuration list for PBXNativeTarget "CattyTests" */ = {
			isa = XCConfigurationList;
			buildConfigurations = (
				B4FDF35915A82C1000CBCF03 /* Debug */,
				B4FDF35A15A82C1000CBCF03 /* Release */,
			);
			defaultConfigurationIsVisible = 0;
			defaultConfigurationName = Release;
		};
/* End XCConfigurationList section */
	};
	rootObject = B4FDF31115A82C0F00CBCF03 /* Project object */;
}
