{
  "object": {
    "pins": [
      {
        "package": "ActiveLabel",
        "repositoryURL": "https://github.com/optonaut/ActiveLabel.swift",
        "state": {
          "branch": null,
          "revision": "36949c1a69ef8b40574da20c9e24b115f387b1cf",
          "version": "1.1.5"
        }
      },
      {
        "package": "CwlCatchException",
        "repositoryURL": "https://github.com/mattgallagher/CwlCatchException.git",
        "state": {
          "branch": null,
          "revision": "f809deb30dc5c9d9b78c872e553261a61177721a",
          "version": "2.0.0"
        }
      },
      {
        "package": "CwlPreconditionTesting",
        "repositoryURL": "https://github.com/mattgallagher/CwlPreconditionTesting.git",
        "state": {
          "branch": null,
          "revision": "02b7a39a99c4da27abe03cab2053a9034379639f",
          "version": "2.0.0"
        }
      },
      {
        "package": "DVR",
        "repositoryURL": "https://github.com/venmo/DVR",
        "state": {
          "branch": null,
          "revision": "d13f7135d1993053580efe13c9ecc43200852d09",
          "version": "2.1.0"
        }
      },
      {
        "package": "Kingfisher",
        "repositoryURL": "https://github.com/onevcat/Kingfisher",
        "state": {
          "branch": null,
          "revision": "0be276f6a7fd54af4c3eb03f2d12e12d8c8a1a1d",
          "version": "6.0.1"
        }
      },
      {
        "package": "Nimble",
        "repositoryURL": "https://github.com/Quick/Nimble",
        "state": {
          "branch": null,
          "revision": "e491a6731307bb23783bf664d003be9b2fa59ab5",
          "version": "9.0.0"
        }
      },
      {
        "package": "Quick",
        "repositoryURL": "https://github.com/Quick/Quick",
        "state": {
          "branch": null,
          "revision": "8cce6acd38f965f5baa3167b939f86500314022b",
          "version": "3.1.2"
        }
      },
      {
        "package": "Siren",
        "repositoryURL": "https://github.com/ArtSabintsev/Siren",
        "state": {
          "branch": null,
          "revision": "1f6ae4635d92c5926bc51d26ab756b4c06121b9f",
          "version": "5.5.1"
        }
      },
      {
        "package": "ZipArchive",
        "repositoryURL": "https://github.com/ZipArchive/ZipArchive.git",
        "state": {
          "branch": null,
          "revision": "825ff12a74a94c54e737e279604c27e6740e8a2c",
          "version": "2.4.2"
        }
      }
    ]
  },
  "version": 1
}
