PODS:
  - AHKActionSheet (0.5.2)
  - Bohr (3.0.0)
  - HMSegmentedControl (1.5.2)
  - IBActionSheet (0.0.4)
  - M13ProgressSuite (1.2.7)
  - MXSegmentedPager (2.0.0):
    - HMSegmentedControl (~> 1.5.2)
    - VGParallaxHeader (~> 0.0.6)
  - MYBlurIntroductionView (1.0.3)
  - PureLayout (3.0.1)
  - Shimmer (1.0.2)
  - TTTAttributedLabel (1.13.4)
  - VGParallaxHeader (0.0.6):
    - PureLayout

DEPENDENCIES:
  - AHKActionSheet
  - Bohr
  - IBActionSheet
  - M13ProgressSuite (~> 1.2.7)
  - MXSegmentedPager
  - MYBlurIntroductionView
  - Shimmer
  - TTTAttributedLabel
  - VGParallaxHeader (from `https://github.com/stoprocent/VGParallaxHeader.git`)

EXTERNAL SOURCES:
  VGParallaxHeader:
    :git: https://github.com/stoprocent/VGParallaxHeader.git

CHECKOUT OPTIONS:
  VGParallaxHeader:
    :commit: b90168b1c959da91176b02a246faee20c6383f3f
    :git: https://github.com/stoprocent/VGParallaxHeader.git

SPEC CHECKSUMS:
  AHKActionSheet: cf463df49fb173ecdf85a7eb1f78da3913b558c7
  Bohr: 17b150766e54e1fb8ff417d85b830c7caafa8b4a
  HMSegmentedControl: 83b9686022d2176fb6457d2bdb61e5d6393fed7d
  IBActionSheet: 14aac81ebfe94c98c9f072106200c2137453c070
  M13ProgressSuite: 03d194af6359da440641ba758aed5a18b0386a86
  MXSegmentedPager: bc6b5555d618f2be3e8da0472739d883d64b5796
  MYBlurIntroductionView: b12651c25574580472ff34989a4c5b81c157009f
  PureLayout: f35f5384c9c4e4479df041dbe33ad7577b71ddfb
  Shimmer: c5374be1c2b0c9e292fb05b339a513cf291cac86
  TTTAttributedLabel: 0a2ac7b2dd726d32a070dafb01446026b11e624f
  VGParallaxHeader: 1213aba58c9b0aea84f9e81ad526fde57aa4fe48

COCOAPODS: 0.39.0
