// !$*UTF8*$!
{
	archiveVersion = 1;
	classes = {
	};
	objectVersion = 46;
	objects = {

/* Begin PBXBuildFile section */
		1D3623260D0F684500981E51 /* AppDelegate.m in Sources */ = {isa = PBXBuildFile; fileRef = 1D3623250D0F684500981E51 /* AppDelegate.m */; };
		1D60589B0D05DD56006BFB54 /* main.m in Sources */ = {isa = PBXBuildFile; fileRef = 29B97316FDCFA39411CA2CEA /* main.m */; };
		1D60589F0D05DD5A006BFB54 /* Foundation.framework in Frameworks */ = {isa = PBXBuildFile; fileRef = 1D30AB110D05D00D00671497 /* Foundation.framework */; };
		1DF5F4E00D08C38300B7A737 /* UIKit.framework in Frameworks */ = {isa = PBXBuildFile; fileRef = 1DF5F4DF0D08C38300B7A737 /* UIKit.framework */; };
		288765FD0DF74451002DB57D /* CoreGraphics.framework in Frameworks */ = {isa = PBXBuildFile; fileRef = 288765FC0DF74451002DB57D /* CoreGraphics.framework */; };
		CD0CCE3A170C9FD900B70036 /* iPhone.storyboard in Resources */ = {isa = PBXBuildFile; fileRef = CD0CCE39170C9FD900B70036 /* iPhone.storyboard */; };
		CD0CCE3E170CA07F00B70036 /* StageViewController.m in Sources */ = {isa = PBXBuildFile; fileRef = CD0CCE3D170CA07F00B70036 /* StageViewController.m */; };
		CD0CCF51170CB39700B70036 /* BaseSprite.m in Sources */ = {isa = PBXBuildFile; fileRef = CD0CCE5E170CB39600B70036 /* BaseSprite.m */; };
		CD0CCF52170CB39700B70036 /* Brick.m in Sources */ = {isa = PBXBuildFile; fileRef = CD0CCE60170CB39600B70036 /* Brick.m */; };
		CD0CCF53170CB39700B70036 /* BroadcastBrick.m in Sources */ = {isa = PBXBuildFile; fileRef = CD0CCE62170CB39600B70036 /* BroadcastBrick.m */; };
		CD0CCF54170CB39700B70036 /* BroadcastScript.m in Sources */ = {isa = PBXBuildFile; fileRef = CD0CCE64170CB39600B70036 /* BroadcastScript.m */; };
		CD0CCF55170CB39700B70036 /* BroadcastWaitBrick.m in Sources */ = {isa = PBXBuildFile; fileRef = CD0CCE66170CB39600B70036 /* BroadcastWaitBrick.m */; };
		CD0CCF56170CB39700B70036 /* BroadcastWaitHandler.m in Sources */ = {isa = PBXBuildFile; fileRef = CD0CCE69170CB39600B70036 /* BroadcastWaitHandler.m */; };
		CD0CCF59170CB39700B70036 /* CatrobatProject.m in Sources */ = {isa = PBXBuildFile; fileRef = CD0CCE70170CB39600B70036 /* CatrobatProject.m */; };
		CD0CCF5B170CB39700B70036 /* CattyAppDelegateOLD.m in Sources */ = {isa = PBXBuildFile; fileRef = CD0CCE74170CB39600B70036 /* CattyAppDelegateOLD.m */; };
		CD0CCF5E170CB39700B70036 /* ChangeGhostEffectByNBrick.m in Sources */ = {isa = PBXBuildFile; fileRef = CD0CCE7B170CB39600B70036 /* ChangeGhostEffectByNBrick.m */; };
		CD0CCF5F170CB39700B70036 /* ChangeSizeByNBrick.m in Sources */ = {isa = PBXBuildFile; fileRef = CD0CCE7D170CB39600B70036 /* ChangeSizeByNBrick.m */; };
		CD0CCF60170CB39700B70036 /* ChangeVolumeByBrick.m in Sources */ = {isa = PBXBuildFile; fileRef = CD0CCE7F170CB39600B70036 /* ChangeVolumeByBrick.m */; };
		CD0CCF61170CB39700B70036 /* ChangeXByNBrick.m in Sources */ = {isa = PBXBuildFile; fileRef = CD0CCE81170CB39600B70036 /* ChangeXByNBrick.m */; };
		CD0CCF62170CB39700B70036 /* ChangeYByNBrick.m in Sources */ = {isa = PBXBuildFile; fileRef = CD0CCE83170CB39600B70036 /* ChangeYByNBrick.m */; };
		CD0CCF64170CB39700B70036 /* ComeToFrontBrick.m in Sources */ = {isa = PBXBuildFile; fileRef = CD0CCE86170CB39600B70036 /* ComeToFrontBrick.m */; };
		CD0CCF71170CB39700B70036 /* FileManager.m in Sources */ = {isa = PBXBuildFile; fileRef = CD0CCE9E170CB39600B70036 /* FileManager.m */; };
		CD0CCF72170CB39700B70036 /* ForeverBrick.m in Sources */ = {isa = PBXBuildFile; fileRef = CD0CCEA0170CB39600B70036 /* ForeverBrick.m */; };
		CD0CCF73170CB39700B70036 /* GDataXMLNode.m in Sources */ = {isa = PBXBuildFile; fileRef = CD0CCEA2170CB39600B70036 /* GDataXMLNode.m */; settings = {COMPILER_FLAGS = "-fno-objc-arc"; }; };
		CD0CCF74170CB39700B70036 /* GlideToBrick.m in Sources */ = {isa = PBXBuildFile; fileRef = CD0CCEA4170CB39600B70036 /* GlideToBrick.m */; };
		CD0CCF75170CB39700B70036 /* GoNStepsBackBrick.m in Sources */ = {isa = PBXBuildFile; fileRef = CD0CCEA6170CB39600B70036 /* GoNStepsBackBrick.m */; };
		CD0CCF76170CB39700B70036 /* Header.m in Sources */ = {isa = PBXBuildFile; fileRef = CD0CCEA8170CB39600B70036 /* Header.m */; };
		CD0CCF78170CB39700B70036 /* HideBrick.m in Sources */ = {isa = PBXBuildFile; fileRef = CD0CCEAB170CB39600B70036 /* HideBrick.m */; };
		CD0CCF9A170CB39700B70036 /* Look.m in Sources */ = {isa = PBXBuildFile; fileRef = CD0CCED4170CB39700B70036 /* Look.m */; };
		CD0CCF9B170CB39700B70036 /* LoopEndBrick.m in Sources */ = {isa = PBXBuildFile; fileRef = CD0CCED6170CB39700B70036 /* LoopEndBrick.m */; };
		CD0CCFA4170CB39700B70036 /* NextLookBrick.m in Sources */ = {isa = PBXBuildFile; fileRef = CD0CCEE7170CB39700B70036 /* NextLookBrick.m */; };
		CD0CCFA5170CB39700B70036 /* Objectvariablelist.m in Sources */ = {isa = PBXBuildFile; fileRef = CD0CCEE9170CB39700B70036 /* Objectvariablelist.m */; };
		CD0CCFA6170CB39700B70036 /* Parser.m in Sources */ = {isa = PBXBuildFile; fileRef = CD0CCEEB170CB39700B70036 /* Parser.m */; };
		CD0CCFA7170CB39700B70036 /* PlaceAtBrick.m in Sources */ = {isa = PBXBuildFile; fileRef = CD0CCEED170CB39700B70036 /* PlaceAtBrick.m */; };
		CD0CCFAA170CB39700B70036 /* PlaySoundBrick.m in Sources */ = {isa = PBXBuildFile; fileRef = CD0CCEF1170CB39700B70036 /* PlaySoundBrick.m */; };
		CD0CCFAB170CB39700B70036 /* Program.m in Sources */ = {isa = PBXBuildFile; fileRef = CD0CCEF3170CB39700B70036 /* Program.m */; };
		CD0CCFAC170CB39700B70036 /* Programvariablelist.m in Sources */ = {isa = PBXBuildFile; fileRef = CD0CCEF5170CB39700B70036 /* Programvariablelist.m */; };
		CD0CCFAE170CB39700B70036 /* ProjectParser.m in Sources */ = {isa = PBXBuildFile; fileRef = CD0CCEF9170CB39700B70036 /* ProjectParser.m */; };
		CD0CCFB0170CB39700B70036 /* RepeatBrick.m in Sources */ = {isa = PBXBuildFile; fileRef = CD0CCEFD170CB39700B70036 /* RepeatBrick.m */; };
		CD0CCFBC170CB39700B70036 /* Script.m in Sources */ = {isa = PBXBuildFile; fileRef = CD0CCF0E170CB39700B70036 /* Script.m */; };
		CD0CCFBD170CB39700B70036 /* SetBrightnessBrick.m in Sources */ = {isa = PBXBuildFile; fileRef = CD0CCF10170CB39700B70036 /* SetBrightnessBrick.m */; };
		CD0CCFBE170CB39700B70036 /* SetGhostEffectBrick.m in Sources */ = {isa = PBXBuildFile; fileRef = CD0CCF12170CB39700B70036 /* SetGhostEffectBrick.m */; };
		CD0CCFBF170CB39700B70036 /* SetLookBrick.m in Sources */ = {isa = PBXBuildFile; fileRef = CD0CCF14170CB39700B70036 /* SetLookBrick.m */; };
		CD0CCFC0170CB39700B70036 /* SetSizeToBrick.m in Sources */ = {isa = PBXBuildFile; fileRef = CD0CCF16170CB39700B70036 /* SetSizeToBrick.m */; };
		CD0CCFC3170CB39700B70036 /* SetVolumeToBrick.m in Sources */ = {isa = PBXBuildFile; fileRef = CD0CCF1A170CB39700B70036 /* SetVolumeToBrick.m */; };
		CD0CCFC4170CB39700B70036 /* SetXBrick.m in Sources */ = {isa = PBXBuildFile; fileRef = CD0CCF1C170CB39700B70036 /* SetXBrick.m */; };
		CD0CCFC5170CB39700B70036 /* SetYBrick.m in Sources */ = {isa = PBXBuildFile; fileRef = CD0CCF1E170CB39700B70036 /* SetYBrick.m */; };
		CD0CCFC6170CB39700B70036 /* ShowBrick.m in Sources */ = {isa = PBXBuildFile; fileRef = CD0CCF20170CB39700B70036 /* ShowBrick.m */; };
		CD0CCFC7170CB39700B70036 /* Sound.m in Sources */ = {isa = PBXBuildFile; fileRef = CD0CCF22170CB39700B70036 /* Sound.m */; };
		CD0CCFC8170CB39700B70036 /* SoundInfo.m in Sources */ = {isa = PBXBuildFile; fileRef = CD0CCF24170CB39700B70036 /* SoundInfo.m */; };
		CD0CCFC9170CB39700B70036 /* SpeakBrick.m in Sources */ = {isa = PBXBuildFile; fileRef = CD0CCF26170CB39700B70036 /* SpeakBrick.m */; };
		CD0CCFCA170CB39700B70036 /* SpriteObjectOLD.m in Sources */ = {isa = PBXBuildFile; fileRef = CD0CCF29170CB39700B70036 /* SpriteObjectOLD.m */; };
		CD0CCFCB170CB39700B70036 /* SSZipArchive.m in Sources */ = {isa = PBXBuildFile; fileRef = CD0CCF2B170CB39700B70036 /* SSZipArchive.m */; };
		CD0CCFCC170CB39700B70036 /* StageViewControllerOLD.m in Sources */ = {isa = PBXBuildFile; fileRef = CD0CCF2D170CB39700B70036 /* StageViewControllerOLD.m */; };
		CD0CCFD0170CB39700B70036 /* StartScript.m in Sources */ = {isa = PBXBuildFile; fileRef = CD0CCF33170CB39700B70036 /* StartScript.m */; };
		CD0CCFD1170CB39700B70036 /* StopAllSoundsBrick.m in Sources */ = {isa = PBXBuildFile; fileRef = CD0CCF35170CB39700B70036 /* StopAllSoundsBrick.m */; };
		CD0CCFD7170CB39700B70036 /* TurnLeftBrick.m in Sources */ = {isa = PBXBuildFile; fileRef = CD0CCF3D170CB39700B70036 /* TurnLeftBrick.m */; };
		CD0CCFD8170CB39700B70036 /* TurnRightBrick.m in Sources */ = {isa = PBXBuildFile; fileRef = CD0CCF3F170CB39700B70036 /* TurnRightBrick.m */; };
		CD0CCFDA170CB39700B70036 /* Util.m in Sources */ = {isa = PBXBuildFile; fileRef = CD0CCF43170CB39700B70036 /* Util.m */; };
		CD0CCFDB170CB39700B70036 /* WaitBrick.m in Sources */ = {isa = PBXBuildFile; fileRef = CD0CCF45170CB39700B70036 /* WaitBrick.m */; };
		CD0CCFDC170CB39700B70036 /* WhenScript.m in Sources */ = {isa = PBXBuildFile; fileRef = CD0CCF47170CB39700B70036 /* WhenScript.m */; };
		CD0CD003170CBD9100B70036 /* CustomExtensions.m in Sources */ = {isa = PBXBuildFile; fileRef = CD0CD002170CBD9100B70036 /* CustomExtensions.m */; };
		CD0CD00E170CBFEE00B70036 /* ioapi.c in Sources */ = {isa = PBXBuildFile; fileRef = CD0CD006170CBFEE00B70036 /* ioapi.c */; };
		CD0CD00F170CBFEE00B70036 /* mztools.c in Sources */ = {isa = PBXBuildFile; fileRef = CD0CD008170CBFEE00B70036 /* mztools.c */; };
		CD0CD010170CBFEE00B70036 /* unzip.c in Sources */ = {isa = PBXBuildFile; fileRef = CD0CD00A170CBFEE00B70036 /* unzip.c */; };
		CD0CD011170CBFEE00B70036 /* zip.c in Sources */ = {isa = PBXBuildFile; fileRef = CD0CD00C170CBFEE00B70036 /* zip.c */; };
		CD639C7B170DF52600FA67DA /* SpriteObject.m in Sources */ = {isa = PBXBuildFile; fileRef = CD639C7A170DF52600FA67DA /* SpriteObject.m */; };
		DE0C71011624177000357F6E /* Default.png in Resources */ = {isa = PBXBuildFile; fileRef = DE0C71001624177000357F6E /* Default.png */; };
		DE0C71031624177500357F6E /* Default@2x.png in Resources */ = {isa = PBXBuildFile; fileRef = DE0C71021624177500357F6E /* Default@2x.png */; };
		DE0C71051624177800357F6E /* Default-568h@2x.png in Resources */ = {isa = PBXBuildFile; fileRef = DE0C71041624177800357F6E /* Default-568h@2x.png */; };
		DE0C71071624178400357F6E /* Default-Portrait~ipad.png in Resources */ = {isa = PBXBuildFile; fileRef = DE0C71061624178400357F6E /* Default-Portrait~ipad.png */; };
		DE0C71091624179300357F6E /* Default-Landscape~ipad.png in Resources */ = {isa = PBXBuildFile; fileRef = DE0C71081624179300357F6E /* Default-Landscape~ipad.png */; };
		DE0C710B162417A600357F6E /* Icon.png in Resources */ = {isa = PBXBuildFile; fileRef = DE0C710A162417A600357F6E /* Icon.png */; };
		DE0C710D162417AC00357F6E /* Icon~ipad.png in Resources */ = {isa = PBXBuildFile; fileRef = DE0C710C162417AC00357F6E /* Icon~ipad.png */; };
		DE0C710F162417B400357F6E /* Icon@2x.png in Resources */ = {isa = PBXBuildFile; fileRef = DE0C710E162417B400357F6E /* Icon@2x.png */; };
		DE0C7111162417B800357F6E /* Icon@2x~ipad.png in Resources */ = {isa = PBXBuildFile; fileRef = DE0C7110162417B800357F6E /* Icon@2x~ipad.png */; };
		DE115961162320F100A25086 /* background.jpg in Resources */ = {isa = PBXBuildFile; fileRef = DE115960162320F100A25086 /* background.jpg */; };
		DE115963162320F800A25086 /* background@2x.jpg in Resources */ = {isa = PBXBuildFile; fileRef = DE115962162320F800A25086 /* background@2x.jpg */; };
		DE3F093811B7B9DC009D4DB0 /* AVFoundation.framework in Frameworks */ = {isa = PBXBuildFile; fileRef = DE3F093711B7B9DC009D4DB0 /* AVFoundation.framework */; };
		DE3F093A11B7B9DC009D4DB0 /* AudioToolbox.framework in Frameworks */ = {isa = PBXBuildFile; fileRef = DE3F093911B7B9DC009D4DB0 /* AudioToolbox.framework */; };
		DE3F097811B7BABD009D4DB0 /* OpenAL.framework in Frameworks */ = {isa = PBXBuildFile; fileRef = DE3F097711B7BABD009D4DB0 /* OpenAL.framework */; };
		DE4A3D7A10FFB08200FDA492 /* OpenGLES.framework in Frameworks */ = {isa = PBXBuildFile; fileRef = DE4A3D7910FFB08200FDA492 /* OpenGLES.framework */; };
		DE4A3D7F10FFB08B00FDA492 /* QuartzCore.framework in Frameworks */ = {isa = PBXBuildFile; fileRef = DE4A3D7E10FFB08B00FDA492 /* QuartzCore.framework */; };
		DE4A3DB910FFB0FE00FDA492 /* libSparrow.a in Frameworks */ = {isa = PBXBuildFile; fileRef = DE4A3DB010FFB0DB00FDA492 /* libSparrow.a */; };
		DE4A3DE510FFB2AF00FDA492 /* Stage.m in Sources */ = {isa = PBXBuildFile; fileRef = DE4A3DE410FFB2AF00FDA492 /* Stage.m */; };
		DE4F80D614E153E600655D44 /* Media.m in Sources */ = {isa = PBXBuildFile; fileRef = DE4F80D514E153E600655D44 /* Media.m */; };
		DE4F80E814E1541400655D44 /* sound.caf in Resources */ = {isa = PBXBuildFile; fileRef = DE4F80DB14E1541400655D44 /* sound.caf */; };
		DE4F80E914E1541400655D44 /* atlas.png in Resources */ = {isa = PBXBuildFile; fileRef = DE4F80DE14E1541400655D44 /* atlas.png */; };
		DE4F80EA14E1541400655D44 /* atlas.xml in Resources */ = {isa = PBXBuildFile; fileRef = DE4F80DF14E1541400655D44 /* atlas.xml */; };
		DE4F80ED14E1541400655D44 /* atlas@2x.png in Resources */ = {isa = PBXBuildFile; fileRef = DE4F80E314E1541400655D44 /* atlas@2x.png */; };
		DE4F80EE14E1541400655D44 /* atlas@2x.xml in Resources */ = {isa = PBXBuildFile; fileRef = DE4F80E414E1541400655D44 /* atlas@2x.xml */; };
		DE5C4E6E138ED109004892CA /* libz.dylib in Frameworks */ = {isa = PBXBuildFile; fileRef = DE5C4E6D138ED109004892CA /* libz.dylib */; };
		DEAAF3DF16BC114D004EB9D5 /* GLKit.framework in Frameworks */ = {isa = PBXBuildFile; fileRef = DEAAF3DE16BC114D004EB9D5 /* GLKit.framework */; };
/* End PBXBuildFile section */

/* Begin PBXContainerItemProxy section */
		DE4A3DAF10FFB0DB00FDA492 /* PBXContainerItemProxy */ = {
			isa = PBXContainerItemProxy;
			containerPortal = DE4A3DA210FFB0D400FDA492 /* Sparrow.xcodeproj */;
			proxyType = 2;
			remoteGlobalIDString = DEFE4BC2101B317600E22471;
			remoteInfo = Sparrow;
		};
		DE4A3DB110FFB0DB00FDA492 /* PBXContainerItemProxy */ = {
			isa = PBXContainerItemProxy;
			containerPortal = DE4A3DA210FFB0D400FDA492 /* Sparrow.xcodeproj */;
			proxyType = 2;
			remoteGlobalIDString = DEEA9335101E32A30071DD21;
			remoteInfo = UnitTests;
		};
		DE4A3DB710FFB0F500FDA492 /* PBXContainerItemProxy */ = {
			isa = PBXContainerItemProxy;
			containerPortal = DE4A3DA210FFB0D400FDA492 /* Sparrow.xcodeproj */;
			proxyType = 1;
			remoteGlobalIDString = DEFE4BC1101B317600E22471;
			remoteInfo = Sparrow;
		};
/* End PBXContainerItemProxy section */

/* Begin PBXFileReference section */
		1D30AB110D05D00D00671497 /* Foundation.framework */ = {isa = PBXFileReference; lastKnownFileType = wrapper.framework; name = Foundation.framework; path = System/Library/Frameworks/Foundation.framework; sourceTree = SDKROOT; };
		1D3623240D0F684500981E51 /* AppDelegate.h */ = {isa = PBXFileReference; fileEncoding = 4; lastKnownFileType = sourcecode.c.h; name = AppDelegate.h; path = Classes/AppDelegate.h; sourceTree = "<group>"; };
		1D3623250D0F684500981E51 /* AppDelegate.m */ = {isa = PBXFileReference; fileEncoding = 4; lastKnownFileType = sourcecode.c.objc; name = AppDelegate.m; path = Classes/AppDelegate.m; sourceTree = "<group>"; };
		1D6058910D05DD3D006BFB54 /* Catty.app */ = {isa = PBXFileReference; explicitFileType = wrapper.application; includeInIndex = 0; path = Catty.app; sourceTree = BUILT_PRODUCTS_DIR; };
		1DF5F4DF0D08C38300B7A737 /* UIKit.framework */ = {isa = PBXFileReference; lastKnownFileType = wrapper.framework; name = UIKit.framework; path = System/Library/Frameworks/UIKit.framework; sourceTree = SDKROOT; };
		288765FC0DF74451002DB57D /* CoreGraphics.framework */ = {isa = PBXFileReference; lastKnownFileType = wrapper.framework; name = CoreGraphics.framework; path = System/Library/Frameworks/CoreGraphics.framework; sourceTree = SDKROOT; };
		29B97316FDCFA39411CA2CEA /* main.m */ = {isa = PBXFileReference; fileEncoding = 4; lastKnownFileType = sourcecode.c.objc; path = main.m; sourceTree = "<group>"; };
		32CA4F630368D1EE00C91783 /* App-Prefix.pch */ = {isa = PBXFileReference; fileEncoding = 4; lastKnownFileType = sourcecode.c.h; path = "App-Prefix.pch"; sourceTree = "<group>"; };
		8D1107310486CEB800E47090 /* App-Info.plist */ = {isa = PBXFileReference; fileEncoding = 4; lastKnownFileType = text.plist.xml; path = "App-Info.plist"; plistStructureDefinitionIdentifier = "com.apple.xcode.plist.structure-definition.iphone.info-plist"; sourceTree = "<group>"; };
		CD0CCE39170C9FD900B70036 /* iPhone.storyboard */ = {isa = PBXFileReference; fileEncoding = 4; lastKnownFileType = file.storyboard; path = iPhone.storyboard; sourceTree = SOURCE_ROOT; };
		CD0CCE3C170CA07F00B70036 /* StageViewController.h */ = {isa = PBXFileReference; fileEncoding = 4; lastKnownFileType = sourcecode.c.h; name = StageViewController.h; path = Classes/StageViewController.h; sourceTree = "<group>"; };
		CD0CCE3D170CA07F00B70036 /* StageViewController.m */ = {isa = PBXFileReference; fileEncoding = 4; lastKnownFileType = sourcecode.c.objc; name = StageViewController.m; path = Classes/StageViewController.m; sourceTree = "<group>"; };
		CD0CCE5D170CB39600B70036 /* BaseSprite.h */ = {isa = PBXFileReference; fileEncoding = 4; lastKnownFileType = sourcecode.c.h; path = BaseSprite.h; sourceTree = "<group>"; };
		CD0CCE5E170CB39600B70036 /* BaseSprite.m */ = {isa = PBXFileReference; fileEncoding = 4; lastKnownFileType = sourcecode.c.objc; path = BaseSprite.m; sourceTree = "<group>"; };
		CD0CCE5F170CB39600B70036 /* Brick.h */ = {isa = PBXFileReference; fileEncoding = 4; lastKnownFileType = sourcecode.c.h; path = Brick.h; sourceTree = "<group>"; };
		CD0CCE60170CB39600B70036 /* Brick.m */ = {isa = PBXFileReference; fileEncoding = 4; lastKnownFileType = sourcecode.c.objc; path = Brick.m; sourceTree = "<group>"; };
		CD0CCE61170CB39600B70036 /* BroadcastBrick.h */ = {isa = PBXFileReference; fileEncoding = 4; lastKnownFileType = sourcecode.c.h; path = BroadcastBrick.h; sourceTree = "<group>"; };
		CD0CCE62170CB39600B70036 /* BroadcastBrick.m */ = {isa = PBXFileReference; fileEncoding = 4; lastKnownFileType = sourcecode.c.objc; path = BroadcastBrick.m; sourceTree = "<group>"; };
		CD0CCE63170CB39600B70036 /* BroadcastScript.h */ = {isa = PBXFileReference; fileEncoding = 4; lastKnownFileType = sourcecode.c.h; path = BroadcastScript.h; sourceTree = "<group>"; };
		CD0CCE64170CB39600B70036 /* BroadcastScript.m */ = {isa = PBXFileReference; fileEncoding = 4; lastKnownFileType = sourcecode.c.objc; path = BroadcastScript.m; sourceTree = "<group>"; };
		CD0CCE65170CB39600B70036 /* BroadcastWaitBrick.h */ = {isa = PBXFileReference; fileEncoding = 4; lastKnownFileType = sourcecode.c.h; path = BroadcastWaitBrick.h; sourceTree = "<group>"; };
		CD0CCE66170CB39600B70036 /* BroadcastWaitBrick.m */ = {isa = PBXFileReference; fileEncoding = 4; lastKnownFileType = sourcecode.c.objc; path = BroadcastWaitBrick.m; sourceTree = "<group>"; };
		CD0CCE67170CB39600B70036 /* BroadcastWaitDelegate.h */ = {isa = PBXFileReference; fileEncoding = 4; lastKnownFileType = sourcecode.c.h; path = BroadcastWaitDelegate.h; sourceTree = "<group>"; };
		CD0CCE68170CB39600B70036 /* BroadcastWaitHandler.h */ = {isa = PBXFileReference; fileEncoding = 4; lastKnownFileType = sourcecode.c.h; path = BroadcastWaitHandler.h; sourceTree = "<group>"; };
		CD0CCE69170CB39600B70036 /* BroadcastWaitHandler.m */ = {isa = PBXFileReference; fileEncoding = 4; lastKnownFileType = sourcecode.c.objc; path = BroadcastWaitHandler.m; sourceTree = "<group>"; };
		CD0CCE6F170CB39600B70036 /* CatrobatProject.h */ = {isa = PBXFileReference; fileEncoding = 4; lastKnownFileType = sourcecode.c.h; path = CatrobatProject.h; sourceTree = "<group>"; };
		CD0CCE70170CB39600B70036 /* CatrobatProject.m */ = {isa = PBXFileReference; fileEncoding = 4; lastKnownFileType = sourcecode.c.objc; path = CatrobatProject.m; sourceTree = "<group>"; };
		CD0CCE73170CB39600B70036 /* CattyAppDelegateOLD.h */ = {isa = PBXFileReference; fileEncoding = 4; lastKnownFileType = sourcecode.c.h; name = CattyAppDelegateOLD.h; path = Catty/CattyAppDelegateOLD.h; sourceTree = "<group>"; };
		CD0CCE74170CB39600B70036 /* CattyAppDelegateOLD.m */ = {isa = PBXFileReference; fileEncoding = 4; lastKnownFileType = sourcecode.c.objc; name = CattyAppDelegateOLD.m; path = Catty/CattyAppDelegateOLD.m; sourceTree = "<group>"; };
		CD0CCE7A170CB39600B70036 /* ChangeGhostEffectByNBrick.h */ = {isa = PBXFileReference; fileEncoding = 4; lastKnownFileType = sourcecode.c.h; path = ChangeGhostEffectByNBrick.h; sourceTree = "<group>"; };
		CD0CCE7B170CB39600B70036 /* ChangeGhostEffectByNBrick.m */ = {isa = PBXFileReference; fileEncoding = 4; lastKnownFileType = sourcecode.c.objc; path = ChangeGhostEffectByNBrick.m; sourceTree = "<group>"; };
		CD0CCE7C170CB39600B70036 /* ChangeSizeByNBrick.h */ = {isa = PBXFileReference; fileEncoding = 4; lastKnownFileType = sourcecode.c.h; path = ChangeSizeByNBrick.h; sourceTree = "<group>"; };
		CD0CCE7D170CB39600B70036 /* ChangeSizeByNBrick.m */ = {isa = PBXFileReference; fileEncoding = 4; lastKnownFileType = sourcecode.c.objc; path = ChangeSizeByNBrick.m; sourceTree = "<group>"; };
		CD0CCE7E170CB39600B70036 /* ChangeVolumeByBrick.h */ = {isa = PBXFileReference; fileEncoding = 4; lastKnownFileType = sourcecode.c.h; path = ChangeVolumeByBrick.h; sourceTree = "<group>"; };
		CD0CCE7F170CB39600B70036 /* ChangeVolumeByBrick.m */ = {isa = PBXFileReference; fileEncoding = 4; lastKnownFileType = sourcecode.c.objc; path = ChangeVolumeByBrick.m; sourceTree = "<group>"; };
		CD0CCE80170CB39600B70036 /* ChangeXByNBrick.h */ = {isa = PBXFileReference; fileEncoding = 4; lastKnownFileType = sourcecode.c.h; path = ChangeXByNBrick.h; sourceTree = "<group>"; };
		CD0CCE81170CB39600B70036 /* ChangeXByNBrick.m */ = {isa = PBXFileReference; fileEncoding = 4; lastKnownFileType = sourcecode.c.objc; path = ChangeXByNBrick.m; sourceTree = "<group>"; };
		CD0CCE82170CB39600B70036 /* ChangeYByNBrick.h */ = {isa = PBXFileReference; fileEncoding = 4; lastKnownFileType = sourcecode.c.h; path = ChangeYByNBrick.h; sourceTree = "<group>"; };
		CD0CCE83170CB39600B70036 /* ChangeYByNBrick.m */ = {isa = PBXFileReference; fileEncoding = 4; lastKnownFileType = sourcecode.c.objc; path = ChangeYByNBrick.m; sourceTree = "<group>"; };
		CD0CCE85170CB39600B70036 /* ComeToFrontBrick.h */ = {isa = PBXFileReference; fileEncoding = 4; lastKnownFileType = sourcecode.c.h; path = ComeToFrontBrick.h; sourceTree = "<group>"; };
		CD0CCE86170CB39600B70036 /* ComeToFrontBrick.m */ = {isa = PBXFileReference; fileEncoding = 4; lastKnownFileType = sourcecode.c.objc; path = ComeToFrontBrick.m; sourceTree = "<group>"; };
		CD0CCE9A170CB39600B70036 /* enums.h */ = {isa = PBXFileReference; fileEncoding = 4; lastKnownFileType = sourcecode.c.h; path = enums.h; sourceTree = "<group>"; };
		CD0CCE9D170CB39600B70036 /* FileManager.h */ = {isa = PBXFileReference; fileEncoding = 4; lastKnownFileType = sourcecode.c.h; path = FileManager.h; sourceTree = "<group>"; };
		CD0CCE9E170CB39600B70036 /* FileManager.m */ = {isa = PBXFileReference; fileEncoding = 4; lastKnownFileType = sourcecode.c.objc; path = FileManager.m; sourceTree = "<group>"; };
		CD0CCE9F170CB39600B70036 /* ForeverBrick.h */ = {isa = PBXFileReference; fileEncoding = 4; lastKnownFileType = sourcecode.c.h; path = ForeverBrick.h; sourceTree = "<group>"; };
		CD0CCEA0170CB39600B70036 /* ForeverBrick.m */ = {isa = PBXFileReference; fileEncoding = 4; lastKnownFileType = sourcecode.c.objc; path = ForeverBrick.m; sourceTree = "<group>"; };
		CD0CCEA1170CB39600B70036 /* GDataXMLNode.h */ = {isa = PBXFileReference; fileEncoding = 4; lastKnownFileType = sourcecode.c.h; path = GDataXMLNode.h; sourceTree = "<group>"; };
		CD0CCEA2170CB39600B70036 /* GDataXMLNode.m */ = {isa = PBXFileReference; fileEncoding = 4; lastKnownFileType = sourcecode.c.objc; path = GDataXMLNode.m; sourceTree = "<group>"; };
		CD0CCEA3170CB39600B70036 /* GlideToBrick.h */ = {isa = PBXFileReference; fileEncoding = 4; lastKnownFileType = sourcecode.c.h; path = GlideToBrick.h; sourceTree = "<group>"; };
		CD0CCEA4170CB39600B70036 /* GlideToBrick.m */ = {isa = PBXFileReference; fileEncoding = 4; lastKnownFileType = sourcecode.c.objc; path = GlideToBrick.m; sourceTree = "<group>"; };
		CD0CCEA5170CB39600B70036 /* GoNStepsBackBrick.h */ = {isa = PBXFileReference; fileEncoding = 4; lastKnownFileType = sourcecode.c.h; path = GoNStepsBackBrick.h; sourceTree = "<group>"; };
		CD0CCEA6170CB39600B70036 /* GoNStepsBackBrick.m */ = {isa = PBXFileReference; fileEncoding = 4; lastKnownFileType = sourcecode.c.objc; path = GoNStepsBackBrick.m; sourceTree = "<group>"; };
		CD0CCEA7170CB39600B70036 /* Header.h */ = {isa = PBXFileReference; fileEncoding = 4; lastKnownFileType = sourcecode.c.h; path = Header.h; sourceTree = "<group>"; };
		CD0CCEA8170CB39600B70036 /* Header.m */ = {isa = PBXFileReference; fileEncoding = 4; lastKnownFileType = sourcecode.c.objc; path = Header.m; sourceTree = "<group>"; };
		CD0CCEAA170CB39600B70036 /* HideBrick.h */ = {isa = PBXFileReference; fileEncoding = 4; lastKnownFileType = sourcecode.c.h; path = HideBrick.h; sourceTree = "<group>"; };
		CD0CCEAB170CB39600B70036 /* HideBrick.m */ = {isa = PBXFileReference; fileEncoding = 4; lastKnownFileType = sourcecode.c.objc; path = HideBrick.m; sourceTree = "<group>"; };
		CD0CCED3170CB39700B70036 /* Look.h */ = {isa = PBXFileReference; fileEncoding = 4; lastKnownFileType = sourcecode.c.h; path = Look.h; sourceTree = "<group>"; };
		CD0CCED4170CB39700B70036 /* Look.m */ = {isa = PBXFileReference; fileEncoding = 4; lastKnownFileType = sourcecode.c.objc; path = Look.m; sourceTree = "<group>"; };
		CD0CCED5170CB39700B70036 /* LoopEndBrick.h */ = {isa = PBXFileReference; fileEncoding = 4; lastKnownFileType = sourcecode.c.h; path = LoopEndBrick.h; sourceTree = "<group>"; };
		CD0CCED6170CB39700B70036 /* LoopEndBrick.m */ = {isa = PBXFileReference; fileEncoding = 4; lastKnownFileType = sourcecode.c.objc; path = LoopEndBrick.m; sourceTree = "<group>"; };
		CD0CCEE6170CB39700B70036 /* NextLookBrick.h */ = {isa = PBXFileReference; fileEncoding = 4; lastKnownFileType = sourcecode.c.h; path = NextLookBrick.h; sourceTree = "<group>"; };
		CD0CCEE7170CB39700B70036 /* NextLookBrick.m */ = {isa = PBXFileReference; fileEncoding = 4; lastKnownFileType = sourcecode.c.objc; path = NextLookBrick.m; sourceTree = "<group>"; };
		CD0CCEE8170CB39700B70036 /* Objectvariablelist.h */ = {isa = PBXFileReference; fileEncoding = 4; lastKnownFileType = sourcecode.c.h; path = Objectvariablelist.h; sourceTree = "<group>"; };
		CD0CCEE9170CB39700B70036 /* Objectvariablelist.m */ = {isa = PBXFileReference; fileEncoding = 4; lastKnownFileType = sourcecode.c.objc; path = Objectvariablelist.m; sourceTree = "<group>"; };
		CD0CCEEA170CB39700B70036 /* Parser.h */ = {isa = PBXFileReference; fileEncoding = 4; lastKnownFileType = sourcecode.c.h; path = Parser.h; sourceTree = "<group>"; };
		CD0CCEEB170CB39700B70036 /* Parser.m */ = {isa = PBXFileReference; fileEncoding = 4; lastKnownFileType = sourcecode.c.objc; path = Parser.m; sourceTree = "<group>"; };
		CD0CCEEC170CB39700B70036 /* PlaceAtBrick.h */ = {isa = PBXFileReference; fileEncoding = 4; lastKnownFileType = sourcecode.c.h; path = PlaceAtBrick.h; sourceTree = "<group>"; };
		CD0CCEED170CB39700B70036 /* PlaceAtBrick.m */ = {isa = PBXFileReference; fileEncoding = 4; lastKnownFileType = sourcecode.c.objc; path = PlaceAtBrick.m; sourceTree = "<group>"; };
		CD0CCEF0170CB39700B70036 /* PlaySoundBrick.h */ = {isa = PBXFileReference; fileEncoding = 4; lastKnownFileType = sourcecode.c.h; path = PlaySoundBrick.h; sourceTree = "<group>"; };
		CD0CCEF1170CB39700B70036 /* PlaySoundBrick.m */ = {isa = PBXFileReference; fileEncoding = 4; lastKnownFileType = sourcecode.c.objc; path = PlaySoundBrick.m; sourceTree = "<group>"; };
		CD0CCEF2170CB39700B70036 /* Program.h */ = {isa = PBXFileReference; fileEncoding = 4; lastKnownFileType = sourcecode.c.h; path = Program.h; sourceTree = "<group>"; };
		CD0CCEF3170CB39700B70036 /* Program.m */ = {isa = PBXFileReference; fileEncoding = 4; lastKnownFileType = sourcecode.c.objc; path = Program.m; sourceTree = "<group>"; };
		CD0CCEF4170CB39700B70036 /* Programvariablelist.h */ = {isa = PBXFileReference; fileEncoding = 4; lastKnownFileType = sourcecode.c.h; path = Programvariablelist.h; sourceTree = "<group>"; };
		CD0CCEF5170CB39700B70036 /* Programvariablelist.m */ = {isa = PBXFileReference; fileEncoding = 4; lastKnownFileType = sourcecode.c.objc; path = Programvariablelist.m; sourceTree = "<group>"; };
		CD0CCEF8170CB39700B70036 /* ProjectParser.h */ = {isa = PBXFileReference; fileEncoding = 4; lastKnownFileType = sourcecode.c.h; path = ProjectParser.h; sourceTree = "<group>"; };
		CD0CCEF9170CB39700B70036 /* ProjectParser.m */ = {isa = PBXFileReference; fileEncoding = 4; lastKnownFileType = sourcecode.c.objc; path = ProjectParser.m; sourceTree = "<group>"; };
		CD0CCEFC170CB39700B70036 /* RepeatBrick.h */ = {isa = PBXFileReference; fileEncoding = 4; lastKnownFileType = sourcecode.c.h; path = RepeatBrick.h; sourceTree = "<group>"; };
		CD0CCEFD170CB39700B70036 /* RepeatBrick.m */ = {isa = PBXFileReference; fileEncoding = 4; lastKnownFileType = sourcecode.c.objc; path = RepeatBrick.m; sourceTree = "<group>"; };
		CD0CCF0D170CB39700B70036 /* Script.h */ = {isa = PBXFileReference; fileEncoding = 4; lastKnownFileType = sourcecode.c.h; path = Script.h; sourceTree = "<group>"; };
		CD0CCF0E170CB39700B70036 /* Script.m */ = {isa = PBXFileReference; fileEncoding = 4; lastKnownFileType = sourcecode.c.objc; path = Script.m; sourceTree = "<group>"; };
		CD0CCF0F170CB39700B70036 /* SetBrightnessBrick.h */ = {isa = PBXFileReference; fileEncoding = 4; lastKnownFileType = sourcecode.c.h; path = SetBrightnessBrick.h; sourceTree = "<group>"; };
		CD0CCF10170CB39700B70036 /* SetBrightnessBrick.m */ = {isa = PBXFileReference; fileEncoding = 4; lastKnownFileType = sourcecode.c.objc; path = SetBrightnessBrick.m; sourceTree = "<group>"; };
		CD0CCF11170CB39700B70036 /* SetGhostEffectBrick.h */ = {isa = PBXFileReference; fileEncoding = 4; lastKnownFileType = sourcecode.c.h; path = SetGhostEffectBrick.h; sourceTree = "<group>"; };
		CD0CCF12170CB39700B70036 /* SetGhostEffectBrick.m */ = {isa = PBXFileReference; fileEncoding = 4; lastKnownFileType = sourcecode.c.objc; path = SetGhostEffectBrick.m; sourceTree = "<group>"; };
		CD0CCF13170CB39700B70036 /* SetLookBrick.h */ = {isa = PBXFileReference; fileEncoding = 4; lastKnownFileType = sourcecode.c.h; path = SetLookBrick.h; sourceTree = "<group>"; };
		CD0CCF14170CB39700B70036 /* SetLookBrick.m */ = {isa = PBXFileReference; fileEncoding = 4; lastKnownFileType = sourcecode.c.objc; path = SetLookBrick.m; sourceTree = "<group>"; };
		CD0CCF15170CB39700B70036 /* SetSizeToBrick.h */ = {isa = PBXFileReference; fileEncoding = 4; lastKnownFileType = sourcecode.c.h; path = SetSizeToBrick.h; sourceTree = "<group>"; };
		CD0CCF16170CB39700B70036 /* SetSizeToBrick.m */ = {isa = PBXFileReference; fileEncoding = 4; lastKnownFileType = sourcecode.c.objc; path = SetSizeToBrick.m; sourceTree = "<group>"; };
		CD0CCF19170CB39700B70036 /* SetVolumeToBrick.h */ = {isa = PBXFileReference; fileEncoding = 4; lastKnownFileType = sourcecode.c.h; path = SetVolumeToBrick.h; sourceTree = "<group>"; };
		CD0CCF1A170CB39700B70036 /* SetVolumeToBrick.m */ = {isa = PBXFileReference; fileEncoding = 4; lastKnownFileType = sourcecode.c.objc; path = SetVolumeToBrick.m; sourceTree = "<group>"; };
		CD0CCF1B170CB39700B70036 /* SetXBrick.h */ = {isa = PBXFileReference; fileEncoding = 4; lastKnownFileType = sourcecode.c.h; path = SetXBrick.h; sourceTree = "<group>"; };
		CD0CCF1C170CB39700B70036 /* SetXBrick.m */ = {isa = PBXFileReference; fileEncoding = 4; lastKnownFileType = sourcecode.c.objc; path = SetXBrick.m; sourceTree = "<group>"; };
		CD0CCF1D170CB39700B70036 /* SetYBrick.h */ = {isa = PBXFileReference; fileEncoding = 4; lastKnownFileType = sourcecode.c.h; path = SetYBrick.h; sourceTree = "<group>"; };
		CD0CCF1E170CB39700B70036 /* SetYBrick.m */ = {isa = PBXFileReference; fileEncoding = 4; lastKnownFileType = sourcecode.c.objc; path = SetYBrick.m; sourceTree = "<group>"; };
		CD0CCF1F170CB39700B70036 /* ShowBrick.h */ = {isa = PBXFileReference; fileEncoding = 4; lastKnownFileType = sourcecode.c.h; path = ShowBrick.h; sourceTree = "<group>"; };
		CD0CCF20170CB39700B70036 /* ShowBrick.m */ = {isa = PBXFileReference; fileEncoding = 4; lastKnownFileType = sourcecode.c.objc; path = ShowBrick.m; sourceTree = "<group>"; };
		CD0CCF21170CB39700B70036 /* Sound.h */ = {isa = PBXFileReference; fileEncoding = 4; lastKnownFileType = sourcecode.c.h; path = Sound.h; sourceTree = "<group>"; };
		CD0CCF22170CB39700B70036 /* Sound.m */ = {isa = PBXFileReference; fileEncoding = 4; lastKnownFileType = sourcecode.c.objc; path = Sound.m; sourceTree = "<group>"; };
		CD0CCF23170CB39700B70036 /* SoundInfo.h */ = {isa = PBXFileReference; fileEncoding = 4; lastKnownFileType = sourcecode.c.h; path = SoundInfo.h; sourceTree = "<group>"; };
		CD0CCF24170CB39700B70036 /* SoundInfo.m */ = {isa = PBXFileReference; fileEncoding = 4; lastKnownFileType = sourcecode.c.objc; path = SoundInfo.m; sourceTree = "<group>"; };
		CD0CCF25170CB39700B70036 /* SpeakBrick.h */ = {isa = PBXFileReference; fileEncoding = 4; lastKnownFileType = sourcecode.c.h; path = SpeakBrick.h; sourceTree = "<group>"; };
		CD0CCF26170CB39700B70036 /* SpeakBrick.m */ = {isa = PBXFileReference; fileEncoding = 4; lastKnownFileType = sourcecode.c.objc; path = SpeakBrick.m; sourceTree = "<group>"; };
		CD0CCF27170CB39700B70036 /* SpriteManagerDelegate.h */ = {isa = PBXFileReference; fileEncoding = 4; lastKnownFileType = sourcecode.c.h; path = SpriteManagerDelegate.h; sourceTree = "<group>"; };
		CD0CCF28170CB39700B70036 /* SpriteObjectOLD.h */ = {isa = PBXFileReference; fileEncoding = 4; lastKnownFileType = sourcecode.c.h; path = SpriteObjectOLD.h; sourceTree = "<group>"; };
		CD0CCF29170CB39700B70036 /* SpriteObjectOLD.m */ = {isa = PBXFileReference; fileEncoding = 4; lastKnownFileType = sourcecode.c.objc; path = SpriteObjectOLD.m; sourceTree = "<group>"; };
		CD0CCF2A170CB39700B70036 /* SSZipArchive.h */ = {isa = PBXFileReference; fileEncoding = 4; lastKnownFileType = sourcecode.c.h; path = SSZipArchive.h; sourceTree = "<group>"; };
		CD0CCF2B170CB39700B70036 /* SSZipArchive.m */ = {isa = PBXFileReference; fileEncoding = 4; lastKnownFileType = sourcecode.c.objc; path = SSZipArchive.m; sourceTree = "<group>"; };
		CD0CCF2C170CB39700B70036 /* StageViewControllerOLD.h */ = {isa = PBXFileReference; fileEncoding = 4; lastKnownFileType = sourcecode.c.h; name = StageViewControllerOLD.h; path = Catty/StageViewControllerOLD.h; sourceTree = "<group>"; };
		CD0CCF2D170CB39700B70036 /* StageViewControllerOLD.m */ = {isa = PBXFileReference; fileEncoding = 4; lastKnownFileType = sourcecode.c.objc; name = StageViewControllerOLD.m; path = Catty/StageViewControllerOLD.m; sourceTree = "<group>"; };
		CD0CCF32170CB39700B70036 /* StartScript.h */ = {isa = PBXFileReference; fileEncoding = 4; lastKnownFileType = sourcecode.c.h; path = StartScript.h; sourceTree = "<group>"; };
		CD0CCF33170CB39700B70036 /* StartScript.m */ = {isa = PBXFileReference; fileEncoding = 4; lastKnownFileType = sourcecode.c.objc; path = StartScript.m; sourceTree = "<group>"; };
		CD0CCF34170CB39700B70036 /* StopAllSoundsBrick.h */ = {isa = PBXFileReference; fileEncoding = 4; lastKnownFileType = sourcecode.c.h; path = StopAllSoundsBrick.h; sourceTree = "<group>"; };
		CD0CCF35170CB39700B70036 /* StopAllSoundsBrick.m */ = {isa = PBXFileReference; fileEncoding = 4; lastKnownFileType = sourcecode.c.objc; path = StopAllSoundsBrick.m; sourceTree = "<group>"; };
		CD0CCF3C170CB39700B70036 /* TurnLeftBrick.h */ = {isa = PBXFileReference; fileEncoding = 4; lastKnownFileType = sourcecode.c.h; path = TurnLeftBrick.h; sourceTree = "<group>"; };
		CD0CCF3D170CB39700B70036 /* TurnLeftBrick.m */ = {isa = PBXFileReference; fileEncoding = 4; lastKnownFileType = sourcecode.c.objc; path = TurnLeftBrick.m; sourceTree = "<group>"; };
		CD0CCF3E170CB39700B70036 /* TurnRightBrick.h */ = {isa = PBXFileReference; fileEncoding = 4; lastKnownFileType = sourcecode.c.h; path = TurnRightBrick.h; sourceTree = "<group>"; };
		CD0CCF3F170CB39700B70036 /* TurnRightBrick.m */ = {isa = PBXFileReference; fileEncoding = 4; lastKnownFileType = sourcecode.c.objc; path = TurnRightBrick.m; sourceTree = "<group>"; };
		CD0CCF42170CB39700B70036 /* Util.h */ = {isa = PBXFileReference; fileEncoding = 4; lastKnownFileType = sourcecode.c.h; path = Util.h; sourceTree = "<group>"; };
		CD0CCF43170CB39700B70036 /* Util.m */ = {isa = PBXFileReference; fileEncoding = 4; lastKnownFileType = sourcecode.c.objc; path = Util.m; sourceTree = "<group>"; };
		CD0CCF44170CB39700B70036 /* WaitBrick.h */ = {isa = PBXFileReference; fileEncoding = 4; lastKnownFileType = sourcecode.c.h; path = WaitBrick.h; sourceTree = "<group>"; };
		CD0CCF45170CB39700B70036 /* WaitBrick.m */ = {isa = PBXFileReference; fileEncoding = 4; lastKnownFileType = sourcecode.c.objc; path = WaitBrick.m; sourceTree = "<group>"; };
		CD0CCF46170CB39700B70036 /* WhenScript.h */ = {isa = PBXFileReference; fileEncoding = 4; lastKnownFileType = sourcecode.c.h; path = WhenScript.h; sourceTree = "<group>"; };
		CD0CCF47170CB39700B70036 /* WhenScript.m */ = {isa = PBXFileReference; fileEncoding = 4; lastKnownFileType = sourcecode.c.objc; path = WhenScript.m; sourceTree = "<group>"; };
		CD0CCF48170CB39700B70036 /* XMLParserProtocol.h */ = {isa = PBXFileReference; fileEncoding = 4; lastKnownFileType = sourcecode.c.h; path = XMLParserProtocol.h; sourceTree = "<group>"; };
		CD0CD001170CBD9100B70036 /* CustomExtensions.h */ = {isa = PBXFileReference; fileEncoding = 4; lastKnownFileType = sourcecode.c.h; path = CustomExtensions.h; sourceTree = "<group>"; };
		CD0CD002170CBD9100B70036 /* CustomExtensions.m */ = {isa = PBXFileReference; fileEncoding = 4; lastKnownFileType = sourcecode.c.objc; path = CustomExtensions.m; sourceTree = "<group>"; };
		CD0CD005170CBFEE00B70036 /* crypt.h */ = {isa = PBXFileReference; fileEncoding = 4; lastKnownFileType = sourcecode.c.h; path = crypt.h; sourceTree = "<group>"; };
		CD0CD006170CBFEE00B70036 /* ioapi.c */ = {isa = PBXFileReference; fileEncoding = 4; lastKnownFileType = sourcecode.c.c; path = ioapi.c; sourceTree = "<group>"; };
		CD0CD007170CBFEE00B70036 /* ioapi.h */ = {isa = PBXFileReference; fileEncoding = 4; lastKnownFileType = sourcecode.c.h; path = ioapi.h; sourceTree = "<group>"; };
		CD0CD008170CBFEE00B70036 /* mztools.c */ = {isa = PBXFileReference; fileEncoding = 4; lastKnownFileType = sourcecode.c.c; path = mztools.c; sourceTree = "<group>"; };
		CD0CD009170CBFEE00B70036 /* mztools.h */ = {isa = PBXFileReference; fileEncoding = 4; lastKnownFileType = sourcecode.c.h; path = mztools.h; sourceTree = "<group>"; };
		CD0CD00A170CBFEE00B70036 /* unzip.c */ = {isa = PBXFileReference; fileEncoding = 4; lastKnownFileType = sourcecode.c.c; path = unzip.c; sourceTree = "<group>"; };
		CD0CD00B170CBFEE00B70036 /* unzip.h */ = {isa = PBXFileReference; fileEncoding = 4; lastKnownFileType = sourcecode.c.h; path = unzip.h; sourceTree = "<group>"; };
		CD0CD00C170CBFEE00B70036 /* zip.c */ = {isa = PBXFileReference; fileEncoding = 4; lastKnownFileType = sourcecode.c.c; path = zip.c; sourceTree = "<group>"; };
		CD0CD00D170CBFEE00B70036 /* zip.h */ = {isa = PBXFileReference; fileEncoding = 4; lastKnownFileType = sourcecode.c.h; path = zip.h; sourceTree = "<group>"; };
		CD639C79170DF52600FA67DA /* SpriteObject.h */ = {isa = PBXFileReference; fileEncoding = 4; lastKnownFileType = sourcecode.c.h; path = SpriteObject.h; sourceTree = "<group>"; };
		CD639C7A170DF52600FA67DA /* SpriteObject.m */ = {isa = PBXFileReference; fileEncoding = 4; lastKnownFileType = sourcecode.c.objc; path = SpriteObject.m; sourceTree = "<group>"; };
		DE0C71001624177000357F6E /* Default.png */ = {isa = PBXFileReference; lastKnownFileType = image.png; path = Default.png; sourceTree = "<group>"; };
		DE0C71021624177500357F6E /* Default@2x.png */ = {isa = PBXFileReference; lastKnownFileType = image.png; path = "Default@2x.png"; sourceTree = "<group>"; };
		DE0C71041624177800357F6E /* Default-568h@2x.png */ = {isa = PBXFileReference; lastKnownFileType = image.png; path = "Default-568h@2x.png"; sourceTree = "<group>"; };
		DE0C71061624178400357F6E /* Default-Portrait~ipad.png */ = {isa = PBXFileReference; lastKnownFileType = image.png; path = "Default-Portrait~ipad.png"; sourceTree = "<group>"; };
		DE0C71081624179300357F6E /* Default-Landscape~ipad.png */ = {isa = PBXFileReference; lastKnownFileType = image.png; path = "Default-Landscape~ipad.png"; sourceTree = "<group>"; };
		DE0C710A162417A600357F6E /* Icon.png */ = {isa = PBXFileReference; lastKnownFileType = image.png; path = Icon.png; sourceTree = "<group>"; };
		DE0C710C162417AC00357F6E /* Icon~ipad.png */ = {isa = PBXFileReference; lastKnownFileType = image.png; path = "Icon~ipad.png"; sourceTree = "<group>"; };
		DE0C710E162417B400357F6E /* Icon@2x.png */ = {isa = PBXFileReference; lastKnownFileType = image.png; path = "Icon@2x.png"; sourceTree = "<group>"; };
		DE0C7110162417B800357F6E /* Icon@2x~ipad.png */ = {isa = PBXFileReference; lastKnownFileType = image.png; path = "Icon@2x~ipad.png"; sourceTree = "<group>"; };
		DE115960162320F100A25086 /* background.jpg */ = {isa = PBXFileReference; lastKnownFileType = image.jpeg; path = background.jpg; sourceTree = "<group>"; };
		DE115962162320F800A25086 /* background@2x.jpg */ = {isa = PBXFileReference; lastKnownFileType = image.jpeg; path = "background@2x.jpg"; sourceTree = "<group>"; };
		DE3F093711B7B9DC009D4DB0 /* AVFoundation.framework */ = {isa = PBXFileReference; lastKnownFileType = wrapper.framework; name = AVFoundation.framework; path = System/Library/Frameworks/AVFoundation.framework; sourceTree = SDKROOT; };
		DE3F093911B7B9DC009D4DB0 /* AudioToolbox.framework */ = {isa = PBXFileReference; lastKnownFileType = wrapper.framework; name = AudioToolbox.framework; path = System/Library/Frameworks/AudioToolbox.framework; sourceTree = SDKROOT; };
		DE3F097711B7BABD009D4DB0 /* OpenAL.framework */ = {isa = PBXFileReference; lastKnownFileType = wrapper.framework; name = OpenAL.framework; path = System/Library/Frameworks/OpenAL.framework; sourceTree = SDKROOT; };
		DE4A3D7910FFB08200FDA492 /* OpenGLES.framework */ = {isa = PBXFileReference; lastKnownFileType = wrapper.framework; name = OpenGLES.framework; path = System/Library/Frameworks/OpenGLES.framework; sourceTree = SDKROOT; };
		DE4A3D7E10FFB08B00FDA492 /* QuartzCore.framework */ = {isa = PBXFileReference; lastKnownFileType = wrapper.framework; name = QuartzCore.framework; path = System/Library/Frameworks/QuartzCore.framework; sourceTree = SDKROOT; };
		DE4A3DA210FFB0D400FDA492 /* Sparrow.xcodeproj */ = {isa = PBXFileReference; lastKnownFileType = "wrapper.pb-project"; path = Sparrow.xcodeproj; sourceTree = SPARROW_SRC; };
		DE4A3DE310FFB2AF00FDA492 /* Stage.h */ = {isa = PBXFileReference; fileEncoding = 4; lastKnownFileType = sourcecode.c.h; path = Stage.h; sourceTree = "<group>"; };
		DE4A3DE410FFB2AF00FDA492 /* Stage.m */ = {isa = PBXFileReference; fileEncoding = 4; lastKnownFileType = sourcecode.c.objc; path = Stage.m; sourceTree = "<group>"; };
		DE4F80D414E153E600655D44 /* Media.h */ = {isa = PBXFileReference; fileEncoding = 4; lastKnownFileType = sourcecode.c.h; name = Media.h; path = Classes/Media.h; sourceTree = "<group>"; };
		DE4F80D514E153E600655D44 /* Media.m */ = {isa = PBXFileReference; fileEncoding = 4; lastKnownFileType = sourcecode.c.objc; name = Media.m; path = Classes/Media.m; sourceTree = "<group>"; };
		DE4F80DB14E1541400655D44 /* sound.caf */ = {isa = PBXFileReference; lastKnownFileType = file; path = sound.caf; sourceTree = "<group>"; };
		DE4F80DE14E1541400655D44 /* atlas.png */ = {isa = PBXFileReference; lastKnownFileType = image.png; path = atlas.png; sourceTree = "<group>"; };
		DE4F80DF14E1541400655D44 /* atlas.xml */ = {isa = PBXFileReference; fileEncoding = 4; lastKnownFileType = text.xml; path = atlas.xml; sourceTree = "<group>"; };
		DE4F80E314E1541400655D44 /* atlas@2x.png */ = {isa = PBXFileReference; lastKnownFileType = image.png; path = "atlas@2x.png"; sourceTree = "<group>"; };
		DE4F80E414E1541400655D44 /* atlas@2x.xml */ = {isa = PBXFileReference; fileEncoding = 4; lastKnownFileType = text.xml; path = "atlas@2x.xml"; sourceTree = "<group>"; };
		DE5C4E6D138ED109004892CA /* libz.dylib */ = {isa = PBXFileReference; lastKnownFileType = "compiled.mach-o.dylib"; name = libz.dylib; path = usr/lib/libz.dylib; sourceTree = SDKROOT; };
		DEAAF3DE16BC114D004EB9D5 /* GLKit.framework */ = {isa = PBXFileReference; lastKnownFileType = wrapper.framework; name = GLKit.framework; path = System/Library/Frameworks/GLKit.framework; sourceTree = SDKROOT; };
/* End PBXFileReference section */

/* Begin PBXFrameworksBuildPhase section */
		1D60588F0D05DD3D006BFB54 /* Frameworks */ = {
			isa = PBXFrameworksBuildPhase;
			buildActionMask = 2147483647;
			files = (
				DE4A3DB910FFB0FE00FDA492 /* libSparrow.a in Frameworks */,
				DE5C4E6E138ED109004892CA /* libz.dylib in Frameworks */,
				DEAAF3DF16BC114D004EB9D5 /* GLKit.framework in Frameworks */,
				1D60589F0D05DD5A006BFB54 /* Foundation.framework in Frameworks */,
				1DF5F4E00D08C38300B7A737 /* UIKit.framework in Frameworks */,
				288765FD0DF74451002DB57D /* CoreGraphics.framework in Frameworks */,
				DE4A3D7A10FFB08200FDA492 /* OpenGLES.framework in Frameworks */,
				DE4A3D7F10FFB08B00FDA492 /* QuartzCore.framework in Frameworks */,
				DE3F093811B7B9DC009D4DB0 /* AVFoundation.framework in Frameworks */,
				DE3F093A11B7B9DC009D4DB0 /* AudioToolbox.framework in Frameworks */,
				DE3F097811B7BABD009D4DB0 /* OpenAL.framework in Frameworks */,
			);
			runOnlyForDeploymentPostprocessing = 0;
		};
/* End PBXFrameworksBuildPhase section */

/* Begin PBXGroup section */
		19C28FACFE9D520D11CA2CBB /* Products */ = {
			isa = PBXGroup;
			children = (
				1D6058910D05DD3D006BFB54 /* Catty.app */,
			);
			name = Products;
			sourceTree = "<group>";
		};
		29B97314FDCFA39411CA2CEA /* CustomTemplate */ = {
			isa = PBXGroup;
			children = (
				CD0CCE3F170CAFAF00B70036 /* UNUSED */,
				DE4A3DA210FFB0D400FDA492 /* Sparrow.xcodeproj */,
				CD0CCE54170CB39600B70036 /* Catty */,
				29B97315FDCFA39411CA2CEA /* Other Sources */,
				29B97317FDCFA39411CA2CEA /* Resources */,
				29B97323FDCFA39411CA2CEA /* Frameworks */,
				19C28FACFE9D520D11CA2CBB /* Products */,
			);
			name = CustomTemplate;
			sourceTree = "<group>";
		};
		29B97315FDCFA39411CA2CEA /* Other Sources */ = {
			isa = PBXGroup;
			children = (
				CD0CD004170CBFEE00B70036 /* minizip */,
				1D3623240D0F684500981E51 /* AppDelegate.h */,
				1D3623250D0F684500981E51 /* AppDelegate.m */,
				32CA4F630368D1EE00C91783 /* App-Prefix.pch */,
				8D1107310486CEB800E47090 /* App-Info.plist */,
				29B97316FDCFA39411CA2CEA /* main.m */,
			);
			name = "Other Sources";
			sourceTree = "<group>";
		};
		29B97317FDCFA39411CA2CEA /* Resources */ = {
			isa = PBXGroup;
			children = (
				DE0C71121624180300357F6E /* system */,
				DE4F80D914E1541400655D44 /* audio */,
				DE4F80DC14E1541400655D44 /* graphics */,
			);
			name = Resources;
			sourceTree = "<group>";
		};
		29B97323FDCFA39411CA2CEA /* Frameworks */ = {
			isa = PBXGroup;
			children = (
				DE5C4E6D138ED109004892CA /* libz.dylib */,
				DEAAF3DE16BC114D004EB9D5 /* GLKit.framework */,
				DE3F093711B7B9DC009D4DB0 /* AVFoundation.framework */,
				DE3F093911B7B9DC009D4DB0 /* AudioToolbox.framework */,
				DE3F097711B7BABD009D4DB0 /* OpenAL.framework */,
				DE4A3D7E10FFB08B00FDA492 /* QuartzCore.framework */,
				DE4A3D7910FFB08200FDA492 /* OpenGLES.framework */,
				1DF5F4DF0D08C38300B7A737 /* UIKit.framework */,
				1D30AB110D05D00D00671497 /* Foundation.framework */,
				288765FC0DF74451002DB57D /* CoreGraphics.framework */,
			);
			name = Frameworks;
			sourceTree = "<group>";
		};
		CD0CCE37170C9F9300B70036 /* Storyboard */ = {
			isa = PBXGroup;
			children = (
				CD0CCE39170C9FD900B70036 /* iPhone.storyboard */,
			);
			name = Storyboard;
			path = ../Classes;
			sourceTree = "<group>";
		};
		CD0CCE3B170CA00F00B70036 /* ViewController */ = {
			isa = PBXGroup;
			children = (
				CD0CCE3C170CA07F00B70036 /* StageViewController.h */,
				CD0CCE3D170CA07F00B70036 /* StageViewController.m */,
			);
			name = ViewController;
			path = ..;
			sourceTree = "<group>";
		};
		CD0CCE3F170CAFAF00B70036 /* UNUSED */ = {
			isa = PBXGroup;
			children = (
				CD0CCE73170CB39600B70036 /* CattyAppDelegateOLD.h */,
				CD0CCE74170CB39600B70036 /* CattyAppDelegateOLD.m */,
				CD0CCF2C170CB39700B70036 /* StageViewControllerOLD.h */,
				CD0CCF2D170CB39700B70036 /* StageViewControllerOLD.m */,
				DE4F80D414E153E600655D44 /* Media.h */,
				DE4F80D514E153E600655D44 /* Media.m */,
			);
			name = UNUSED;
			sourceTree = "<group>";
		};
		CD0CCE54170CB39600B70036 /* Catty */ = {
			isa = PBXGroup;
			children = (
				CD0CD000170CBB8900B70036 /* BroadcastWait */,
				CD0CCE6F170CB39600B70036 /* CatrobatProject.h */,
				CD0CCE70170CB39600B70036 /* CatrobatProject.m */,
				CD0CCFF5170CB88F00B70036 /* DataModel */,
				CD0CCE9A170CB39600B70036 /* enums.h */,
				CD0CCE9D170CB39600B70036 /* FileManager.h */,
				CD0CCE9E170CB39600B70036 /* FileManager.m */,
				CD0CCFF9170CB91A00B70036 /* Parser */,
				CD0CCFFB170CB97000B70036 /* Sound */,
				CD0CCF27170CB39700B70036 /* SpriteManagerDelegate.h */,
				CD0CCF2A170CB39700B70036 /* SSZipArchive.h */,
				CD0CCF2B170CB39700B70036 /* SSZipArchive.m */,
				DE4F80D714E153EA00655D44 /* Stage */,
				CD0CCE37170C9F9300B70036 /* Storyboard */,
				CD0CCF42170CB39700B70036 /* Util.h */,
				CD0CCF43170CB39700B70036 /* Util.m */,
				CD0CCE3B170CA00F00B70036 /* ViewController */,
			);
			path = Catty;
			sourceTree = "<group>";
		};
		CD0CCFDD170CB54100B70036 /* Bricks */ = {
			isa = PBXGroup;
			children = (
				CD0CCFF7170CB8BC00B70036 /* Bricks */,
				CD0CCFDE170CB5E300B70036 /* BroadcastBrick */,
				CD0CCFDF170CB5EC00B70036 /* BroadcastWaitBrick */,
				CD0CCFE0170CB5FA00B70036 /* ChangeGhostEffectByNBrick */,
				CD0CCFE1170CB63200B70036 /* ChangeSizeByNBrick */,
				CD0CCFE2170CB63F00B70036 /* ChangeVolumeByBrick */,
				CD0CCFE3170CB64A00B70036 /* ChangeXYByNBrick */,
				CD0CCFE5170CB68100B70036 /* ComeToFrontBrick */,
				CD0CCFE6170CB69800B70036 /* LoopBricks */,
				CD0CCFE7170CB6AA00B70036 /* GlideToBrick */,
				CD0CCFE8170CB6B400B70036 /* GoNStepsBackBrick */,
				CD0CCFE9170CB6C100B70036 /* HideBrick */,
				CD0CCFEA170CB6C800B70036 /* NextLookBrick */,
				CD0CCFEB170CB6D200B70036 /* PlaceAtBrick */,
				CD0CCFEC170CB6DC00B70036 /* SoundBricks */,
				CD0CCFED170CB71F00B70036 /* SetBrightnessBrick */,
				CD0CCFEE170CB72B00B70036 /* SetGhostEffectBrick */,
				CD0CCFEF170CB73700B70036 /* SetLookBrick */,
				CD0CCFF0170CB74300B70036 /* SetSizeToBrick */,
				CD0CCFF1170CB74D00B70036 /* SetXYBricks */,
				CD0CCFF2170CB77000B70036 /* ShowBrick */,
				CD0CCFF3170CB77800B70036 /* TurnBricks */,
				CD0CCFF4170CB78000B70036 /* WaitBrick */,
			);
			name = Bricks;
			sourceTree = "<group>";
		};
		CD0CCFDE170CB5E300B70036 /* BroadcastBrick */ = {
			isa = PBXGroup;
			children = (
				CD0CCE61170CB39600B70036 /* BroadcastBrick.h */,
				CD0CCE62170CB39600B70036 /* BroadcastBrick.m */,
			);
			name = BroadcastBrick;
			sourceTree = "<group>";
		};
		CD0CCFDF170CB5EC00B70036 /* BroadcastWaitBrick */ = {
			isa = PBXGroup;
			children = (
				CD0CCE65170CB39600B70036 /* BroadcastWaitBrick.h */,
				CD0CCE66170CB39600B70036 /* BroadcastWaitBrick.m */,
			);
			name = BroadcastWaitBrick;
			sourceTree = "<group>";
		};
		CD0CCFE0170CB5FA00B70036 /* ChangeGhostEffectByNBrick */ = {
			isa = PBXGroup;
			children = (
				CD0CCE7A170CB39600B70036 /* ChangeGhostEffectByNBrick.h */,
				CD0CCE7B170CB39600B70036 /* ChangeGhostEffectByNBrick.m */,
			);
			name = ChangeGhostEffectByNBrick;
			sourceTree = "<group>";
		};
		CD0CCFE1170CB63200B70036 /* ChangeSizeByNBrick */ = {
			isa = PBXGroup;
			children = (
				CD0CCE7C170CB39600B70036 /* ChangeSizeByNBrick.h */,
				CD0CCE7D170CB39600B70036 /* ChangeSizeByNBrick.m */,
			);
			name = ChangeSizeByNBrick;
			sourceTree = "<group>";
		};
		CD0CCFE2170CB63F00B70036 /* ChangeVolumeByBrick */ = {
			isa = PBXGroup;
			children = (
				CD0CCE7E170CB39600B70036 /* ChangeVolumeByBrick.h */,
				CD0CCE7F170CB39600B70036 /* ChangeVolumeByBrick.m */,
			);
			name = ChangeVolumeByBrick;
			sourceTree = "<group>";
		};
		CD0CCFE3170CB64A00B70036 /* ChangeXYByNBrick */ = {
			isa = PBXGroup;
			children = (
				CD0CCE82170CB39600B70036 /* ChangeYByNBrick.h */,
				CD0CCE83170CB39600B70036 /* ChangeYByNBrick.m */,
				CD0CCE80170CB39600B70036 /* ChangeXByNBrick.h */,
				CD0CCE81170CB39600B70036 /* ChangeXByNBrick.m */,
			);
			name = ChangeXYByNBrick;
			sourceTree = "<group>";
		};
		CD0CCFE5170CB68100B70036 /* ComeToFrontBrick */ = {
			isa = PBXGroup;
			children = (
				CD0CCE85170CB39600B70036 /* ComeToFrontBrick.h */,
				CD0CCE86170CB39600B70036 /* ComeToFrontBrick.m */,
			);
			name = ComeToFrontBrick;
			sourceTree = "<group>";
		};
		CD0CCFE6170CB69800B70036 /* LoopBricks */ = {
			isa = PBXGroup;
			children = (
				CD0CCE9F170CB39600B70036 /* ForeverBrick.h */,
				CD0CCEA0170CB39600B70036 /* ForeverBrick.m */,
				CD0CCED5170CB39700B70036 /* LoopEndBrick.h */,
				CD0CCED6170CB39700B70036 /* LoopEndBrick.m */,
				CD0CCEFC170CB39700B70036 /* RepeatBrick.h */,
				CD0CCEFD170CB39700B70036 /* RepeatBrick.m */,
			);
			name = LoopBricks;
			sourceTree = "<group>";
		};
		CD0CCFE7170CB6AA00B70036 /* GlideToBrick */ = {
			isa = PBXGroup;
			children = (
				CD0CCEA3170CB39600B70036 /* GlideToBrick.h */,
				CD0CCEA4170CB39600B70036 /* GlideToBrick.m */,
			);
			name = GlideToBrick;
			sourceTree = "<group>";
		};
		CD0CCFE8170CB6B400B70036 /* GoNStepsBackBrick */ = {
			isa = PBXGroup;
			children = (
				CD0CCEA5170CB39600B70036 /* GoNStepsBackBrick.h */,
				CD0CCEA6170CB39600B70036 /* GoNStepsBackBrick.m */,
			);
			name = GoNStepsBackBrick;
			sourceTree = "<group>";
		};
		CD0CCFE9170CB6C100B70036 /* HideBrick */ = {
			isa = PBXGroup;
			children = (
				CD0CCEAA170CB39600B70036 /* HideBrick.h */,
				CD0CCEAB170CB39600B70036 /* HideBrick.m */,
			);
			name = HideBrick;
			sourceTree = "<group>";
		};
		CD0CCFEA170CB6C800B70036 /* NextLookBrick */ = {
			isa = PBXGroup;
			children = (
				CD0CCEE6170CB39700B70036 /* NextLookBrick.h */,
				CD0CCEE7170CB39700B70036 /* NextLookBrick.m */,
			);
			name = NextLookBrick;
			sourceTree = "<group>";
		};
		CD0CCFEB170CB6D200B70036 /* PlaceAtBrick */ = {
			isa = PBXGroup;
			children = (
				CD0CCEEC170CB39700B70036 /* PlaceAtBrick.h */,
				CD0CCEED170CB39700B70036 /* PlaceAtBrick.m */,
			);
			name = PlaceAtBrick;
			sourceTree = "<group>";
		};
		CD0CCFEC170CB6DC00B70036 /* SoundBricks */ = {
			isa = PBXGroup;
			children = (
				CD0CCF19170CB39700B70036 /* SetVolumeToBrick.h */,
				CD0CCF1A170CB39700B70036 /* SetVolumeToBrick.m */,
				CD0CCF25170CB39700B70036 /* SpeakBrick.h */,
				CD0CCF26170CB39700B70036 /* SpeakBrick.m */,
				CD0CCF34170CB39700B70036 /* StopAllSoundsBrick.h */,
				CD0CCF35170CB39700B70036 /* StopAllSoundsBrick.m */,
				CD0CCEF0170CB39700B70036 /* PlaySoundBrick.h */,
				CD0CCEF1170CB39700B70036 /* PlaySoundBrick.m */,
			);
			name = SoundBricks;
			sourceTree = "<group>";
		};
		CD0CCFED170CB71F00B70036 /* SetBrightnessBrick */ = {
			isa = PBXGroup;
			children = (
				CD0CCF0F170CB39700B70036 /* SetBrightnessBrick.h */,
				CD0CCF10170CB39700B70036 /* SetBrightnessBrick.m */,
			);
			name = SetBrightnessBrick;
			sourceTree = "<group>";
		};
		CD0CCFEE170CB72B00B70036 /* SetGhostEffectBrick */ = {
			isa = PBXGroup;
			children = (
				CD0CCF11170CB39700B70036 /* SetGhostEffectBrick.h */,
				CD0CCF12170CB39700B70036 /* SetGhostEffectBrick.m */,
			);
			name = SetGhostEffectBrick;
			sourceTree = "<group>";
		};
		CD0CCFEF170CB73700B70036 /* SetLookBrick */ = {
			isa = PBXGroup;
			children = (
				CD0CCF13170CB39700B70036 /* SetLookBrick.h */,
				CD0CCF14170CB39700B70036 /* SetLookBrick.m */,
			);
			name = SetLookBrick;
			sourceTree = "<group>";
		};
		CD0CCFF0170CB74300B70036 /* SetSizeToBrick */ = {
			isa = PBXGroup;
			children = (
				CD0CCF15170CB39700B70036 /* SetSizeToBrick.h */,
				CD0CCF16170CB39700B70036 /* SetSizeToBrick.m */,
			);
			name = SetSizeToBrick;
			sourceTree = "<group>";
		};
		CD0CCFF1170CB74D00B70036 /* SetXYBricks */ = {
			isa = PBXGroup;
			children = (
				CD0CCF1B170CB39700B70036 /* SetXBrick.h */,
				CD0CCF1C170CB39700B70036 /* SetXBrick.m */,
				CD0CCF1D170CB39700B70036 /* SetYBrick.h */,
				CD0CCF1E170CB39700B70036 /* SetYBrick.m */,
			);
			name = SetXYBricks;
			sourceTree = "<group>";
		};
		CD0CCFF2170CB77000B70036 /* ShowBrick */ = {
			isa = PBXGroup;
			children = (
				CD0CCF1F170CB39700B70036 /* ShowBrick.h */,
				CD0CCF20170CB39700B70036 /* ShowBrick.m */,
			);
			name = ShowBrick;
			sourceTree = "<group>";
		};
		CD0CCFF3170CB77800B70036 /* TurnBricks */ = {
			isa = PBXGroup;
			children = (
				CD0CCF3C170CB39700B70036 /* TurnLeftBrick.h */,
				CD0CCF3D170CB39700B70036 /* TurnLeftBrick.m */,
				CD0CCF3E170CB39700B70036 /* TurnRightBrick.h */,
				CD0CCF3F170CB39700B70036 /* TurnRightBrick.m */,
			);
			name = TurnBricks;
			sourceTree = "<group>";
		};
		CD0CCFF4170CB78000B70036 /* WaitBrick */ = {
			isa = PBXGroup;
			children = (
				CD0CCF44170CB39700B70036 /* WaitBrick.h */,
				CD0CCF45170CB39700B70036 /* WaitBrick.m */,
			);
			name = WaitBrick;
			sourceTree = "<group>";
		};
		CD0CCFF5170CB88F00B70036 /* DataModel */ = {
			isa = PBXGroup;
			children = (
				CD0CCFFF170CBB0700B70036 /* Header */,
				CD0CCFFE170CBAA700B70036 /* Look */,
				CD0CCFDD170CB54100B70036 /* Bricks */,
				CD0CCFFA170CB92D00B70036 /* Scripts */,
				CD0CCFFD170CBA3300B70036 /* ProgramVariableList */,
				CD0CCFFC170CBA2100B70036 /* ObjectVariableList */,
				CD0CCFF8170CB91000B70036 /* Program */,
				CD0CCFF6170CB89E00B70036 /* Sprite */,
			);
			name = DataModel;
			sourceTree = "<group>";
		};
		CD0CCFF6170CB89E00B70036 /* Sprite */ = {
			isa = PBXGroup;
			children = (
				CD0CCF28170CB39700B70036 /* SpriteObjectOLD.h */,
				CD0CCF29170CB39700B70036 /* SpriteObjectOLD.m */,
				CD0CCE5D170CB39600B70036 /* BaseSprite.h */,
				CD0CCE5E170CB39600B70036 /* BaseSprite.m */,
				CD639C79170DF52600FA67DA /* SpriteObject.h */,
				CD639C7A170DF52600FA67DA /* SpriteObject.m */,
			);
			name = Sprite;
			sourceTree = "<group>";
		};
		CD0CCFF7170CB8BC00B70036 /* Bricks */ = {
			isa = PBXGroup;
			children = (
				CD0CCE5F170CB39600B70036 /* Brick.h */,
				CD0CCE60170CB39600B70036 /* Brick.m */,
			);
			name = Bricks;
			sourceTree = "<group>";
		};
		CD0CCFF8170CB91000B70036 /* Program */ = {
			isa = PBXGroup;
			children = (
				CD0CCEF2170CB39700B70036 /* Program.h */,
				CD0CCEF3170CB39700B70036 /* Program.m */,
			);
			name = Program;
			sourceTree = "<group>";
		};
		CD0CCFF9170CB91A00B70036 /* Parser */ = {
			isa = PBXGroup;
			children = (
				CD0CCEA1170CB39600B70036 /* GDataXMLNode.h */,
				CD0CCEA2170CB39600B70036 /* GDataXMLNode.m */,
				CD0CCEF8170CB39700B70036 /* ProjectParser.h */,
				CD0CCEF9170CB39700B70036 /* ProjectParser.m */,
				CD0CCF48170CB39700B70036 /* XMLParserProtocol.h */,
				CD0CCEEA170CB39700B70036 /* Parser.h */,
				CD0CCEEB170CB39700B70036 /* Parser.m */,
			);
			name = Parser;
			sourceTree = "<group>";
		};
		CD0CCFFA170CB92D00B70036 /* Scripts */ = {
			isa = PBXGroup;
			children = (
				CD0CCE63170CB39600B70036 /* BroadcastScript.h */,
				CD0CCE64170CB39600B70036 /* BroadcastScript.m */,
				CD0CCF0D170CB39700B70036 /* Script.h */,
				CD0CCF0E170CB39700B70036 /* Script.m */,
				CD0CCF32170CB39700B70036 /* StartScript.h */,
				CD0CCF33170CB39700B70036 /* StartScript.m */,
				CD0CCF46170CB39700B70036 /* WhenScript.h */,
				CD0CCF47170CB39700B70036 /* WhenScript.m */,
			);
			name = Scripts;
			sourceTree = "<group>";
		};
		CD0CCFFB170CB97000B70036 /* Sound */ = {
			isa = PBXGroup;
			children = (
				CD0CD001170CBD9100B70036 /* CustomExtensions.h */,
				CD0CD002170CBD9100B70036 /* CustomExtensions.m */,
				CD0CCF23170CB39700B70036 /* SoundInfo.h */,
				CD0CCF24170CB39700B70036 /* SoundInfo.m */,
				CD0CCF21170CB39700B70036 /* Sound.h */,
				CD0CCF22170CB39700B70036 /* Sound.m */,
			);
			name = Sound;
			sourceTree = "<group>";
		};
		CD0CCFFC170CBA2100B70036 /* ObjectVariableList */ = {
			isa = PBXGroup;
			children = (
				CD0CCEE8170CB39700B70036 /* Objectvariablelist.h */,
				CD0CCEE9170CB39700B70036 /* Objectvariablelist.m */,
			);
			name = ObjectVariableList;
			sourceTree = "<group>";
		};
		CD0CCFFD170CBA3300B70036 /* ProgramVariableList */ = {
			isa = PBXGroup;
			children = (
				CD0CCEF4170CB39700B70036 /* Programvariablelist.h */,
				CD0CCEF5170CB39700B70036 /* Programvariablelist.m */,
			);
			name = ProgramVariableList;
			sourceTree = "<group>";
		};
		CD0CCFFE170CBAA700B70036 /* Look */ = {
			isa = PBXGroup;
			children = (
				CD0CCED3170CB39700B70036 /* Look.h */,
				CD0CCED4170CB39700B70036 /* Look.m */,
			);
			name = Look;
			sourceTree = "<group>";
		};
		CD0CCFFF170CBB0700B70036 /* Header */ = {
			isa = PBXGroup;
			children = (
				CD0CCEA7170CB39600B70036 /* Header.h */,
				CD0CCEA8170CB39600B70036 /* Header.m */,
			);
			name = Header;
			sourceTree = "<group>";
		};
		CD0CD000170CBB8900B70036 /* BroadcastWait */ = {
			isa = PBXGroup;
			children = (
				CD0CCE67170CB39600B70036 /* BroadcastWaitDelegate.h */,
				CD0CCE68170CB39600B70036 /* BroadcastWaitHandler.h */,
				CD0CCE69170CB39600B70036 /* BroadcastWaitHandler.m */,
			);
			name = BroadcastWait;
			sourceTree = "<group>";
		};
		CD0CD004170CBFEE00B70036 /* minizip */ = {
			isa = PBXGroup;
			children = (
				CD0CD005170CBFEE00B70036 /* crypt.h */,
				CD0CD006170CBFEE00B70036 /* ioapi.c */,
				CD0CD007170CBFEE00B70036 /* ioapi.h */,
				CD0CD008170CBFEE00B70036 /* mztools.c */,
				CD0CD009170CBFEE00B70036 /* mztools.h */,
				CD0CD00A170CBFEE00B70036 /* unzip.c */,
				CD0CD00B170CBFEE00B70036 /* unzip.h */,
				CD0CD00C170CBFEE00B70036 /* zip.c */,
				CD0CD00D170CBFEE00B70036 /* zip.h */,
			);
			path = minizip;
			sourceTree = "<group>";
		};
		DE0C71121624180300357F6E /* system */ = {
			isa = PBXGroup;
			children = (
				DE0C71041624177800357F6E /* Default-568h@2x.png */,
				DE0C71081624179300357F6E /* Default-Landscape~ipad.png */,
				DE0C71061624178400357F6E /* Default-Portrait~ipad.png */,
				DE0C71001624177000357F6E /* Default.png */,
				DE0C71021624177500357F6E /* Default@2x.png */,
				DE0C710A162417A600357F6E /* Icon.png */,
				DE0C710E162417B400357F6E /* Icon@2x.png */,
				DE0C7110162417B800357F6E /* Icon@2x~ipad.png */,
				DE0C710C162417AC00357F6E /* Icon~ipad.png */,
			);
			name = system;
			sourceTree = "<group>";
		};
		DE4A3DAB10FFB0DB00FDA492 /* Products */ = {
			isa = PBXGroup;
			children = (
				DE4A3DB010FFB0DB00FDA492 /* libSparrow.a */,
				DE4A3DB210FFB0DB00FDA492 /* UnitTest.octest */,
			);
			name = Products;
			sourceTree = "<group>";
		};
		DE4F80D714E153EA00655D44 /* Stage */ = {
			isa = PBXGroup;
			children = (
				DE4A3DE310FFB2AF00FDA492 /* Stage.h */,
				DE4A3DE410FFB2AF00FDA492 /* Stage.m */,
			);
			name = Stage;
			path = ../Classes;
			sourceTree = "<group>";
		};
		DE4F80D914E1541400655D44 /* audio */ = {
			isa = PBXGroup;
			children = (
				DE4F80DB14E1541400655D44 /* sound.caf */,
			);
			name = audio;
			path = ../media/audio;
			sourceTree = "<group>";
		};
		DE4F80DC14E1541400655D44 /* graphics */ = {
			isa = PBXGroup;
			children = (
				DE4F80DD14E1541400655D44 /* 1x */,
				DE4F80E214E1541400655D44 /* 2x */,
			);
			name = graphics;
			path = ../media/graphics;
			sourceTree = "<group>";
		};
		DE4F80DD14E1541400655D44 /* 1x */ = {
			isa = PBXGroup;
			children = (
				DE4F80DE14E1541400655D44 /* atlas.png */,
				DE4F80DF14E1541400655D44 /* atlas.xml */,
				DE115960162320F100A25086 /* background.jpg */,
			);
			path = 1x;
			sourceTree = "<group>";
		};
		DE4F80E214E1541400655D44 /* 2x */ = {
			isa = PBXGroup;
			children = (
				DE4F80E314E1541400655D44 /* atlas@2x.png */,
				DE4F80E414E1541400655D44 /* atlas@2x.xml */,
				DE115962162320F800A25086 /* background@2x.jpg */,
			);
			path = 2x;
			sourceTree = "<group>";
		};
/* End PBXGroup section */

/* Begin PBXNativeTarget section */
		1D6058900D05DD3D006BFB54 /* Catty */ = {
			isa = PBXNativeTarget;
			buildConfigurationList = 1D6058960D05DD3E006BFB54 /* Build configuration list for PBXNativeTarget "Catty" */;
			buildPhases = (
				1D60588D0D05DD3D006BFB54 /* Resources */,
				1D60588E0D05DD3D006BFB54 /* Sources */,
				1D60588F0D05DD3D006BFB54 /* Frameworks */,
			);
			buildRules = (
			);
			dependencies = (
				DE4A3DB810FFB0F500FDA492 /* PBXTargetDependency */,
			);
			name = Catty;
			productName = AppScaffold;
			productReference = 1D6058910D05DD3D006BFB54 /* Catty.app */;
			productType = "com.apple.product-type.application";
		};
/* End PBXNativeTarget section */

/* Begin PBXProject section */
		29B97313FDCFA39411CA2CEA /* Project object */ = {
			isa = PBXProject;
			attributes = {
				LastUpgradeCheck = 0450;
			};
			buildConfigurationList = C01FCF4E08A954540054247B /* Build configuration list for PBXProject "Catty" */;
			compatibilityVersion = "Xcode 3.2";
			developmentRegion = English;
			hasScannedForEncodings = 1;
			knownRegions = (
				English,
				Japanese,
				French,
				German,
				en,
			);
			mainGroup = 29B97314FDCFA39411CA2CEA /* CustomTemplate */;
			projectDirPath = "";
			projectReferences = (
				{
					ProductGroup = DE4A3DAB10FFB0DB00FDA492 /* Products */;
					ProjectRef = DE4A3DA210FFB0D400FDA492 /* Sparrow.xcodeproj */;
				},
			);
			projectRoot = "";
			targets = (
				1D6058900D05DD3D006BFB54 /* Catty */,
			);
		};
/* End PBXProject section */

/* Begin PBXReferenceProxy section */
		DE4A3DB010FFB0DB00FDA492 /* libSparrow.a */ = {
			isa = PBXReferenceProxy;
			fileType = archive.ar;
			path = libSparrow.a;
			remoteRef = DE4A3DAF10FFB0DB00FDA492 /* PBXContainerItemProxy */;
			sourceTree = BUILT_PRODUCTS_DIR;
		};
		DE4A3DB210FFB0DB00FDA492 /* UnitTest.octest */ = {
			isa = PBXReferenceProxy;
			fileType = wrapper.cfbundle;
			path = UnitTest.octest;
			remoteRef = DE4A3DB110FFB0DB00FDA492 /* PBXContainerItemProxy */;
			sourceTree = BUILT_PRODUCTS_DIR;
		};
/* End PBXReferenceProxy section */

/* Begin PBXResourcesBuildPhase section */
		1D60588D0D05DD3D006BFB54 /* Resources */ = {
			isa = PBXResourcesBuildPhase;
			buildActionMask = 2147483647;
			files = (
				DE4F80E814E1541400655D44 /* sound.caf in Resources */,
				DE4F80E914E1541400655D44 /* atlas.png in Resources */,
				DE4F80EA14E1541400655D44 /* atlas.xml in Resources */,
				DE4F80ED14E1541400655D44 /* atlas@2x.png in Resources */,
				DE4F80EE14E1541400655D44 /* atlas@2x.xml in Resources */,
				DE115961162320F100A25086 /* background.jpg in Resources */,
				DE115963162320F800A25086 /* background@2x.jpg in Resources */,
				DE0C71011624177000357F6E /* Default.png in Resources */,
				DE0C71031624177500357F6E /* Default@2x.png in Resources */,
				DE0C71051624177800357F6E /* Default-568h@2x.png in Resources */,
				DE0C71071624178400357F6E /* Default-Portrait~ipad.png in Resources */,
				DE0C71091624179300357F6E /* Default-Landscape~ipad.png in Resources */,
				DE0C710B162417A600357F6E /* Icon.png in Resources */,
				DE0C710D162417AC00357F6E /* Icon~ipad.png in Resources */,
				DE0C710F162417B400357F6E /* Icon@2x.png in Resources */,
				DE0C7111162417B800357F6E /* Icon@2x~ipad.png in Resources */,
				CD0CCE3A170C9FD900B70036 /* iPhone.storyboard in Resources */,
			);
			runOnlyForDeploymentPostprocessing = 0;
		};
/* End PBXResourcesBuildPhase section */

/* Begin PBXSourcesBuildPhase section */
		1D60588E0D05DD3D006BFB54 /* Sources */ = {
			isa = PBXSourcesBuildPhase;
			buildActionMask = 2147483647;
			files = (
				1D60589B0D05DD56006BFB54 /* main.m in Sources */,
				1D3623260D0F684500981E51 /* AppDelegate.m in Sources */,
				DE4A3DE510FFB2AF00FDA492 /* Stage.m in Sources */,
				DE4F80D614E153E600655D44 /* Media.m in Sources */,
				CD0CCE3E170CA07F00B70036 /* StageViewController.m in Sources */,
				CD0CCF51170CB39700B70036 /* BaseSprite.m in Sources */,
				CD0CCF52170CB39700B70036 /* Brick.m in Sources */,
				CD0CCF53170CB39700B70036 /* BroadcastBrick.m in Sources */,
				CD0CCF54170CB39700B70036 /* BroadcastScript.m in Sources */,
				CD0CCF55170CB39700B70036 /* BroadcastWaitBrick.m in Sources */,
				CD0CCF56170CB39700B70036 /* BroadcastWaitHandler.m in Sources */,
				CD0CCF59170CB39700B70036 /* CatrobatProject.m in Sources */,
				CD0CCF5B170CB39700B70036 /* CattyAppDelegateOLD.m in Sources */,
				CD0CCF5E170CB39700B70036 /* ChangeGhostEffectByNBrick.m in Sources */,
				CD0CCF5F170CB39700B70036 /* ChangeSizeByNBrick.m in Sources */,
				CD0CCF60170CB39700B70036 /* ChangeVolumeByBrick.m in Sources */,
				CD0CCF61170CB39700B70036 /* ChangeXByNBrick.m in Sources */,
				CD0CCF62170CB39700B70036 /* ChangeYByNBrick.m in Sources */,
				CD0CCF64170CB39700B70036 /* ComeToFrontBrick.m in Sources */,
				CD0CCF71170CB39700B70036 /* FileManager.m in Sources */,
				CD0CCF72170CB39700B70036 /* ForeverBrick.m in Sources */,
				CD0CCF73170CB39700B70036 /* GDataXMLNode.m in Sources */,
				CD0CCF74170CB39700B70036 /* GlideToBrick.m in Sources */,
				CD0CCF75170CB39700B70036 /* GoNStepsBackBrick.m in Sources */,
				CD0CCF76170CB39700B70036 /* Header.m in Sources */,
				CD0CCF78170CB39700B70036 /* HideBrick.m in Sources */,
				CD0CCF9A170CB39700B70036 /* Look.m in Sources */,
				CD0CCF9B170CB39700B70036 /* LoopEndBrick.m in Sources */,
				CD0CCFA4170CB39700B70036 /* NextLookBrick.m in Sources */,
				CD0CCFA5170CB39700B70036 /* Objectvariablelist.m in Sources */,
				CD0CCFA6170CB39700B70036 /* Parser.m in Sources */,
				CD0CCFA7170CB39700B70036 /* PlaceAtBrick.m in Sources */,
				CD0CCFAA170CB39700B70036 /* PlaySoundBrick.m in Sources */,
				CD0CCFAB170CB39700B70036 /* Program.m in Sources */,
				CD0CCFAC170CB39700B70036 /* Programvariablelist.m in Sources */,
				CD0CCFAE170CB39700B70036 /* ProjectParser.m in Sources */,
				CD0CCFB0170CB39700B70036 /* RepeatBrick.m in Sources */,
				CD0CCFBC170CB39700B70036 /* Script.m in Sources */,
				CD0CCFBD170CB39700B70036 /* SetBrightnessBrick.m in Sources */,
				CD0CCFBE170CB39700B70036 /* SetGhostEffectBrick.m in Sources */,
				CD0CCFBF170CB39700B70036 /* SetLookBrick.m in Sources */,
				CD0CCFC0170CB39700B70036 /* SetSizeToBrick.m in Sources */,
				CD0CCFC3170CB39700B70036 /* SetVolumeToBrick.m in Sources */,
				CD0CCFC4170CB39700B70036 /* SetXBrick.m in Sources */,
				CD0CCFC5170CB39700B70036 /* SetYBrick.m in Sources */,
				CD0CCFC6170CB39700B70036 /* ShowBrick.m in Sources */,
				CD0CCFC7170CB39700B70036 /* Sound.m in Sources */,
				CD0CCFC8170CB39700B70036 /* SoundInfo.m in Sources */,
				CD0CCFC9170CB39700B70036 /* SpeakBrick.m in Sources */,
				CD0CCFCA170CB39700B70036 /* SpriteObjectOLD.m in Sources */,
				CD0CCFCB170CB39700B70036 /* SSZipArchive.m in Sources */,
				CD0CCFCC170CB39700B70036 /* StageViewControllerOLD.m in Sources */,
				CD0CCFD0170CB39700B70036 /* StartScript.m in Sources */,
				CD0CCFD1170CB39700B70036 /* StopAllSoundsBrick.m in Sources */,
				CD0CCFD7170CB39700B70036 /* TurnLeftBrick.m in Sources */,
				CD0CCFD8170CB39700B70036 /* TurnRightBrick.m in Sources */,
				CD0CCFDA170CB39700B70036 /* Util.m in Sources */,
				CD0CCFDB170CB39700B70036 /* WaitBrick.m in Sources */,
				CD0CCFDC170CB39700B70036 /* WhenScript.m in Sources */,
				CD0CD003170CBD9100B70036 /* CustomExtensions.m in Sources */,
				CD0CD00E170CBFEE00B70036 /* ioapi.c in Sources */,
				CD0CD00F170CBFEE00B70036 /* mztools.c in Sources */,
				CD0CD010170CBFEE00B70036 /* unzip.c in Sources */,
				CD0CD011170CBFEE00B70036 /* zip.c in Sources */,
				CD639C7B170DF52600FA67DA /* SpriteObject.m in Sources */,
			);
			runOnlyForDeploymentPostprocessing = 0;
		};
/* End PBXSourcesBuildPhase section */

/* Begin PBXTargetDependency section */
		DE4A3DB810FFB0F500FDA492 /* PBXTargetDependency */ = {
			isa = PBXTargetDependency;
			name = Sparrow;
			targetProxy = DE4A3DB710FFB0F500FDA492 /* PBXContainerItemProxy */;
		};
/* End PBXTargetDependency section */

/* Begin XCBuildConfiguration section */
		1D6058940D05DD3E006BFB54 /* Debug */ = {
			isa = XCBuildConfiguration;
			buildSettings = {
				FRAMEWORK_SEARCH_PATHS = "";
				HEADER_SEARCH_PATHS = /usr/include/libxml2;
				INFOPLIST_FILE = "App-Info.plist";
				OTHER_LDFLAGS = (
					"-ObjC",
					"-all_load",
					"-lxml2",
				);
				PRODUCT_NAME = Catty;
			};
			name = Debug;
		};
		1D6058950D05DD3E006BFB54 /* Release */ = {
			isa = XCBuildConfiguration;
			buildSettings = {
				FRAMEWORK_SEARCH_PATHS = "";
				HEADER_SEARCH_PATHS = /usr/include/libxml2;
				INFOPLIST_FILE = "App-Info.plist";
				OTHER_LDFLAGS = (
					"-ObjC",
					"-all_load",
					"-lxml2",
				);
				PRODUCT_NAME = Catty;
			};
			name = Release;
		};
		C01FCF4F08A954540054247B /* Debug */ = {
			isa = XCBuildConfiguration;
			buildSettings = {
				CLANG_ENABLE_OBJC_ARC = YES;
				CLANG_WARN_CONSTANT_CONVERSION = YES;
				CLANG_WARN_EMPTY_BODY = YES;
				CLANG_WARN_ENUM_CONVERSION = YES;
				CLANG_WARN_INT_CONVERSION = YES;
				CLANG_WARN__DUPLICATE_METHOD_MATCH = YES;
				CODE_SIGN_IDENTITY = "iPhone Developer";
				"CODE_SIGN_IDENTITY[sdk=iphoneos*]" = "iPhone Developer";
				COPY_PHASE_STRIP = NO;
				GCC_C_LANGUAGE_STANDARD = gnu99;
				GCC_OPTIMIZATION_LEVEL = 0;
				GCC_PRECOMPILE_PREFIX_HEADER = YES;
				GCC_PREFIX_HEADER = "App-Prefix.pch";
				GCC_THUMB_SUPPORT = NO;
				GCC_WARN_ABOUT_RETURN_TYPE = YES;
				GCC_WARN_UNINITIALIZED_AUTOS = YES;
				GCC_WARN_UNUSED_VARIABLE = YES;
				INFOPLIST_FILE = "";
				IPHONEOS_DEPLOYMENT_TARGET = 5.0;
				ONLY_ACTIVE_ARCH = YES;
				OTHER_LDFLAGS = (
					"-ObjC",
					"-all_load",
				);
				PRODUCT_NAME = "";
				PROVISIONING_PROFILE = "";
				SDKROOT = iphoneos;
				TARGETED_DEVICE_FAMILY = "1,2";
				USER_HEADER_SEARCH_PATHS = "${SPARROW_SRC}/**";
			};
			name = Debug;
		};
		C01FCF5008A954540054247B /* Release */ = {
			isa = XCBuildConfiguration;
			buildSettings = {
				CLANG_ENABLE_OBJC_ARC = YES;
				CLANG_WARN_CONSTANT_CONVERSION = YES;
				CLANG_WARN_EMPTY_BODY = YES;
				CLANG_WARN_ENUM_CONVERSION = YES;
				CLANG_WARN_INT_CONVERSION = YES;
				CLANG_WARN__DUPLICATE_METHOD_MATCH = YES;
				CODE_SIGN_IDENTITY = "iPhone Developer";
				"CODE_SIGN_IDENTITY[sdk=iphoneos*]" = "iPhone Developer";
				GCC_C_LANGUAGE_STANDARD = gnu99;
				GCC_PRECOMPILE_PREFIX_HEADER = YES;
				GCC_PREFIX_HEADER = "App-Prefix.pch";
				GCC_THUMB_SUPPORT = NO;
				GCC_WARN_ABOUT_RETURN_TYPE = YES;
				GCC_WARN_UNINITIALIZED_AUTOS = YES;
				GCC_WARN_UNUSED_VARIABLE = YES;
				INFOPLIST_FILE = "";
				IPHONEOS_DEPLOYMENT_TARGET = 5.0;
				OTHER_LDFLAGS = (
					"-ObjC",
					"-all_load",
				);
				PRODUCT_NAME = "";
				PROVISIONING_PROFILE = "";
				SDKROOT = iphoneos;
				TARGETED_DEVICE_FAMILY = "1,2";
				USER_HEADER_SEARCH_PATHS = "${SPARROW_SRC}/**";
				VALIDATE_PRODUCT = YES;
			};
			name = Release;
		};
/* End XCBuildConfiguration section */

/* Begin XCConfigurationList section */
		1D6058960D05DD3E006BFB54 /* Build configuration list for PBXNativeTarget "Catty" */ = {
			isa = XCConfigurationList;
			buildConfigurations = (
				1D6058940D05DD3E006BFB54 /* Debug */,
				1D6058950D05DD3E006BFB54 /* Release */,
			);
			defaultConfigurationIsVisible = 0;
			defaultConfigurationName = Release;
		};
		C01FCF4E08A954540054247B /* Build configuration list for PBXProject "Catty" */ = {
			isa = XCConfigurationList;
			buildConfigurations = (
				C01FCF4F08A954540054247B /* Debug */,
				C01FCF5008A954540054247B /* Release */,
			);
			defaultConfigurationIsVisible = 0;
			defaultConfigurationName = Release;
		};
/* End XCConfigurationList section */
	};
	rootObject = 29B97313FDCFA39411CA2CEA /* Project object */;
}
